<?xml version="1.0" encoding="utf-8"?>
<Project ToolsVersion="4.0" xmlns="http://schemas.microsoft.com/developer/msbuild/2003">
  <ItemGroup>
    <Filter Include="Source Files">
      <UniqueIdentifier>{4FC737F1-C7A5-4376-A066-2A32D752A2FF}</UniqueIdentifier>
      <Extensions>cpp;c;cc;cxx;def;odl;idl;hpj;bat;asm;asmx</Extensions>
    </Filter>
    <Filter Include="Header Files">
      <UniqueIdentifier>{93995380-89BD-4b04-88EB-625FBE52EBFB}</UniqueIdentifier>
      <Extensions>h;hpp;hxx;hm;inl;inc;xsd</Extensions>
    </Filter>
    <Filter Include="Resource Files">
      <UniqueIdentifier>{67DA6AB6-F800-4c08-8B7A-83BB121AAD01}</UniqueIdentifier>
      <Extensions>rc;ico;cur;bmp;dlg;rc2;rct;bin;rgs;gif;jpg;jpeg;jpe;resx;tiff;tif;png;wav;mfcribbon-ms</Extensions>
    </Filter>
  </ItemGroup>
  <ItemGroup>
    <None Include="parse\compiler.p">
      <Filter>Header Files</Filter>
    </None>
    <None Include="x86\be.p">
      <Filter>Header Files</Filter>
    </None>
  </ItemGroup>
  <ItemGroup>
    <ClCompile Include="parse\beinterf.cpp">
      <Filter>Source Files</Filter>
    </ClCompile>
    <ClCompile Include="parse\BROWSE.cpp">
      <Filter>Source Files</Filter>
    </ClCompile>
    <ClCompile Include="parse\ccmain.cpp">
      <Filter>Source Files</Filter>
    </ClCompile>
    <ClCompile Include="parse\constopt.cpp">
      <Filter>Source Files</Filter>
    </ClCompile>
    <ClCompile Include="parse\cpplookup.cpp">
      <Filter>Source Files</Filter>
    </ClCompile>
    <ClCompile Include="parse\debug.cpp">
      <Filter>Source Files</Filter>
    </ClCompile>
    <ClCompile Include="parse\declare.cpp">
      <Filter>Source Files</Filter>
    </ClCompile>
    <ClCompile Include="parse\declcpp.cpp">
      <Filter>Source Files</Filter>
    </ClCompile>
    <ClCompile Include="parse\expr.cpp">
      <Filter>Source Files</Filter>
    </ClCompile>
    <ClCompile Include="parse\exprcpp.cpp">
      <Filter>Source Files</Filter>
    </ClCompile>
    <ClCompile Include="parse\help.cpp">
      <Filter>Source Files</Filter>
    </ClCompile>
    <ClCompile Include="parse\init.cpp">
      <Filter>Source Files</Filter>
    </ClCompile>
    <ClCompile Include="parse\INLINE.cpp">
      <Filter>Source Files</Filter>
    </ClCompile>
    <ClCompile Include="parse\lex.cpp">
      <Filter>Source Files</Filter>
    </ClCompile>
    <ClCompile Include="parse\LIST.cpp">
      <Filter>Source Files</Filter>
    </ClCompile>
    <ClCompile Include="parse\mangle.cpp">
      <Filter>Source Files</Filter>
    </ClCompile>
    <ClCompile Include="parse\osutil.cpp">
      <Filter>Source Files</Filter>
    </ClCompile>
    <ClCompile Include="parse\output.cpp">
      <Filter>Source Files</Filter>
    </ClCompile>
    <ClCompile Include="parse\stmt.cpp">
      <Filter>Source Files</Filter>
    </ClCompile>
    <ClCompile Include="parse\symtab.cpp">
      <Filter>Source Files</Filter>
    </ClCompile>
    <ClCompile Include="parse\types.cpp">
      <Filter>Source Files</Filter>
    </ClCompile>
    <ClCompile Include="parse\unmangle.cpp">
      <Filter>Source Files</Filter>
    </ClCompile>
    <ClCompile Include="middle\ialias.cpp">
      <Filter>Source Files</Filter>
    </ClCompile>
    <ClCompile Include="middle\IBLOCK.cpp">
      <Filter>Source Files</Filter>
    </ClCompile>
    <ClCompile Include="middle\iconfl.cpp">
      <Filter>Source Files</Filter>
    </ClCompile>
    <ClCompile Include="middle\ICONST.cpp">
      <Filter>Source Files</Filter>
    </ClCompile>
    <ClCompile Include="middle\IEXPR.cpp">
      <Filter>Source Files</Filter>
    </ClCompile>
    <ClCompile Include="middle\IFLOW.cpp">
      <Filter>Source Files</Filter>
    </ClCompile>
    <ClCompile Include="middle\iinvar.cpp">
      <Filter>Source Files</Filter>
    </ClCompile>
    <ClCompile Include="middle\ilazy.cpp">
      <Filter>Source Files</Filter>
    </ClCompile>
    <ClCompile Include="middle\ilive.cpp">
      <Filter>Source Files</Filter>
    </ClCompile>
    <ClCompile Include="middle\ilocal.cpp">
      <Filter>Source Files</Filter>
    </ClCompile>
    <ClCompile Include="middle\iloop.cpp">
      <Filter>Source Files</Filter>
    </ClCompile>
    <ClCompile Include="middle\ioptutil.cpp">
      <Filter>Source Files</Filter>
    </ClCompile>
    <ClCompile Include="middle\iout.cpp">
      <Filter>Source Files</Filter>
    </ClCompile>
    <ClCompile Include="middle\IPEEP.cpp">
      <Filter>Source Files</Filter>
    </ClCompile>
    <ClCompile Include="middle\irc.cpp">
      <Filter>Source Files</Filter>
    </ClCompile>
    <ClCompile Include="middle\ireshape.cpp">
      <Filter>Source Files</Filter>
    </ClCompile>
    <ClCompile Include="middle\irewrite.cpp">
      <Filter>Source Files</Filter>
    </ClCompile>
    <ClCompile Include="middle\issa.cpp">
      <Filter>Source Files</Filter>
    </ClCompile>
    <ClCompile Include="middle\ISTMT.cpp">
      <Filter>Source Files</Filter>
    </ClCompile>
    <ClCompile Include="middle\istren.cpp">
      <Filter>Source Files</Filter>
    </ClCompile>
    <ClCompile Include="preproc\ppexpr.cpp">
      <Filter>Source Files</Filter>
    </ClCompile>
    <ClCompile Include="preproc\PREPROC.cpp">
      <Filter>Source Files</Filter>
    </ClCompile>
    <ClCompile Include="x86\invoke.cpp">
      <Filter>Source Files</Filter>
    </ClCompile>
    <ClCompile Include="x86\config.cpp">
      <Filter>Source Files</Filter>
    </ClCompile>
    <ClCompile Include="x86\rewrite.cpp">
      <Filter>Source Files</Filter>
    </ClCompile>
    <ClCompile Include="parse\cppbltin.cpp">
      <Filter>Source Files</Filter>
    </ClCompile>
    <ClCompile Include="parse\declcons.cpp">
      <Filter>Source Files</Filter>
    </ClCompile>
    <ClCompile Include="parse\lambda.cpp">
      <Filter>Source Files</Filter>
    </ClCompile>
    <ClCompile Include="parse\rtti.cpp">
      <Filter>Source Files</Filter>
    </ClCompile>
    <ClCompile Include="parse\template.cpp">
      <Filter>Source Files</Filter>
    </ClCompile>
    <ClCompile Include="middle\iinline.cpp">
      <Filter>Source Files</Filter>
    </ClCompile>
    <ClCompile Include="parse\libcxx.cpp">
      <Filter>Source Files</Filter>
    </ClCompile>
    <ClCompile Include="parse\ccerr.cpp">
      <Filter>Source Files</Filter>
    </ClCompile>
    <ClCompile Include="parse\property.cpp">
      <Filter>Source Files</Filter>
    </ClCompile>
    <ClCompile Include="parse\wseh.cpp">
      <Filter>Source Files</Filter>
    </ClCompile>
    <ClCompile Include="x86\beIntrins.cpp">
      <Filter>Source Files</Filter>
    </ClCompile>
    <ClCompile Include="x86\gen.cpp">
      <Filter>Source Files</Filter>
    </ClCompile>
    <ClCompile Include="x86\inasm.cpp">
      <Filter>Source Files</Filter>
    </ClCompile>
    <ClCompile Include="x86\outasm.cpp">
      <Filter>Source Files</Filter>
    </ClCompile>
    <ClCompile Include="x86\peep.cpp">
      <Filter>Source Files</Filter>
    </ClCompile>
    <ClCompile Include="x86\outcode.cpp">
      <Filter>Source Files</Filter>
    </ClCompile>
    <ClCompile Include="x86\InstructionParser.cpp">
      <Filter>Source Files</Filter>
    </ClCompile>
    <ClCompile Include="..\oasm\AsmExpr.cpp">
      <Filter>Source Files</Filter>
    </ClCompile>
    <ClCompile Include="..\oasm\Instruction.cpp">
      <Filter>Source Files</Filter>
    </ClCompile>
    <ClCompile Include="..\oasm\x64Instructions.cpp">
      <Filter>Source Files</Filter>
    </ClCompile>
    <ClCompile Include="x86\x64stub.cpp">
      <Filter>Source Files</Filter>
    </ClCompile>
    <ClCompile Include="parse\memory.cpp">
      <Filter>Source Files</Filter>
    </ClCompile>
    <ClCompile Include="..\oasm\Section.cpp">
      <Filter>Source Files</Filter>
    </ClCompile>
    <ClCompile Include="..\oasm\AsmFile.cpp">
      <Filter>Source Files</Filter>
    </ClCompile>
    <ClCompile Include="..\oasm\AsmLexer.cpp">
      <Filter>Source Files</Filter>
    </ClCompile>
    <ClCompile Include="parse\crc32.cpp">
      <Filter>Source Files</Filter>
    </ClCompile>
    <ClCompile Include="x86\x64Parser.cpp">
      <Filter>Source Files</Filter>
    </ClCompile>
    <ClCompile Include="x86\dbgtypes.cpp">
      <Filter>Source Files</Filter>
    </ClCompile>
    <ClCompile Include="..\util\winsystem.c">
      <Filter>Source Files</Filter>
    </ClCompile>
  </ItemGroup>
  <ItemGroup>
    <ClInclude Include="parse\beinterf.h">
      <Filter>Header Files</Filter>
    </ClInclude>
    <ClInclude Include="parse\BROWSE.h">
      <Filter>Header Files</Filter>
    </ClInclude>
    <ClInclude Include="parse\c.h">
      <Filter>Header Files</Filter>
    </ClInclude>
    <ClInclude Include="parse\ccerr.h">
      <Filter>Header Files</Filter>
    </ClInclude>
    <ClInclude Include="parse\compiler.h">
      <Filter>Header Files</Filter>
    </ClInclude>
    <ClInclude Include="parse\osutil.h">
      <Filter>Header Files</Filter>
    </ClInclude>
    <ClInclude Include="middle\IEXPR.h">
      <Filter>Header Files</Filter>
    </ClInclude>
    <ClInclude Include="middle\IOPT.H">
      <Filter>Header Files</Filter>
    </ClInclude>
    <ClInclude Include="x86\be.h">
      <Filter>Header Files</Filter>
    </ClInclude>
    <ClInclude Include="x86\Cvinfo.h">
      <Filter>Header Files</Filter>
    </ClInclude>
    <ClInclude Include="parse\rtti.h">
      <Filter>Header Files</Filter>
    </ClInclude>
    <ClInclude Include="x86\x86regs.h">
      <Filter>Header Files</Filter>
    </ClInclude>
    <ClInclude Include="x86\beIntrinsicProtos.h">
      <Filter>Header Files</Filter>
    </ClInclude>
    <ClInclude Include="..\oasm\AsmExpr.h">
      <Filter>Header Files</Filter>
    </ClInclude>
    <ClInclude Include="..\oasm\Fixup.h">
      <Filter>Header Files</Filter>
    </ClInclude>
    <ClInclude Include="..\oasm\Instruction.h">
      <Filter>Header Files</Filter>
    </ClInclude>
    <ClInclude Include="..\oasm\Label.h">
      <Filter>Header Files</Filter>
    </ClInclude>
    <ClInclude Include="..\oasm\x64Instructions.h">
      <Filter>Header Files</Filter>
    </ClInclude>
    <ClInclude Include="..\oasm\x64Operand.h">
      <Filter>Header Files</Filter>
    </ClInclude>
    <ClInclude Include="..\oasm\x64Parser.h">
      <Filter>Header Files</Filter>
    </ClInclude>
    <ClInclude Include="..\oasm\Section.h">
      <Filter>Header Files</Filter>
    </ClInclude>
    <ClInclude Include="..\oasm\AsmFile.h">
      <Filter>Header Files</Filter>
    </ClInclude>
    <ClInclude Include="..\oasm\AsmLexer.h">
      <Filter>Header Files</Filter>
    </ClInclude>
    <ClInclude Include="x86\dbgtypes.h">
      <Filter>Header Files</Filter>
    </ClInclude>
    <ClInclude Include="..\oasm\InstructionParser.h">
      <Filter>Header Files</Filter>
    </ClInclude>
    <ClInclude Include="parse\winmode.h">
      <Filter>Source Files</Filter>
    </ClInclude>
  </ItemGroup>
</Project>