<?xml version="1.0" encoding="utf-8"?>
<Project ToolsVersion="4.0" xmlns="http://schemas.microsoft.com/developer/msbuild/2003">
  <ItemGroup>
    <Filter Include="Source Files">
      <UniqueIdentifier>{4FC737F1-C7A5-4376-A066-2A32D752A2FF}</UniqueIdentifier>
      <Extensions>cpp;c;cc;cxx;def;odl;idl;hpj;bat;asm;asmx</Extensions>
    </Filter>
    <Filter Include="Header Files">
      <UniqueIdentifier>{93995380-89BD-4b04-88EB-625FBE52EBFB}</UniqueIdentifier>
      <Extensions>h;hpp;hxx;hm;inl;inc;xsd</Extensions>
    </Filter>
    <Filter Include="Resource Files">
      <UniqueIdentifier>{67DA6AB6-F800-4c08-8B7A-83BB121AAD01}</UniqueIdentifier>
      <Extensions>rc;ico;cur;bmp;dlg;rc2;rct;bin;rgs;gif;jpg;jpeg;jpe;resx;tiff;tif;png;wav;mfcribbon-ms</Extensions>
    </Filter>
  </ItemGroup>
  <ItemGroup>
    <ClCompile Include="Accelerators.cpp">
      <Filter>Source Files</Filter>
    </ClCompile>
    <ClCompile Include="Bitmap.cpp">
      <Filter>Source Files</Filter>
    </ClCompile>
    <ClCompile Include="Cursor.cpp">
      <Filter>Source Files</Filter>
    </ClCompile>
    <ClCompile Include="Dialog.cpp">
      <Filter>Source Files</Filter>
    </ClCompile>
    <ClCompile Include="DlgInclude.cpp">
      <Filter>Source Files</Filter>
    </ClCompile>
    <ClCompile Include="Expression.cpp">
      <Filter>Source Files</Filter>
    </ClCompile>
    <ClCompile Include="FileHeader.cpp">
      <Filter>Source Files</Filter>
    </ClCompile>
    <ClCompile Include="Font.cpp">
      <Filter>Source Files</Filter>
    </ClCompile>
    <ClCompile Include="GenericResource.cpp">
      <Filter>Source Files</Filter>
    </ClCompile>
    <ClCompile Include="Icon.cpp">
      <Filter>Source Files</Filter>
    </ClCompile>
    <ClCompile Include="Lexer.cpp">
      <Filter>Source Files</Filter>
    </ClCompile>
    <ClCompile Include="Menu.cpp">
      <Filter>Source Files</Filter>
    </ClCompile>
    <ClCompile Include="MessageTable.cpp">
      <Filter>Source Files</Filter>
    </ClCompile>
    <ClCompile Include="RCData.cpp">
      <Filter>Source Files</Filter>
    </ClCompile>
    <ClCompile Include="RCFile.cpp">
      <Filter>Source Files</Filter>
    </ClCompile>
    <ClCompile Include="rcMain.cpp">
      <Filter>Source Files</Filter>
    </ClCompile>
    <ClCompile Include="ResFile.cpp">
      <Filter>Source Files</Filter>
    </ClCompile>
    <ClCompile Include="Resource.cpp">
      <Filter>Source Files</Filter>
    </ClCompile>
    <ClCompile Include="ResourceData.cpp">
      <Filter>Source Files</Filter>
    </ClCompile>
    <ClCompile Include="ResourceId.cpp">
      <Filter>Source Files</Filter>
    </ClCompile>
    <ClCompile Include="ResourceInfo.cpp">
      <Filter>Source Files</Filter>
    </ClCompile>
    <ClCompile Include="StringTable.cpp">
      <Filter>Source Files</Filter>
    </ClCompile>
    <ClCompile Include="VersionInfo.cpp">
      <Filter>Source Files</Filter>
    </ClCompile>
  </ItemGroup>
  <ItemGroup>
    <ClInclude Include="Accelerators.h">
      <Filter>Header Files</Filter>
    </ClInclude>
    <ClInclude Include="Bitmap.h">
      <Filter>Header Files</Filter>
    </ClInclude>
    <ClInclude Include="Cursor.h">
      <Filter>Header Files</Filter>
    </ClInclude>
    <ClInclude Include="Dialog.h">
      <Filter>Header Files</Filter>
    </ClInclude>
    <ClInclude Include="DlgInclude.h">
      <Filter>Header Files</Filter>
    </ClInclude>
    <ClInclude Include="Expression.h">
      <Filter>Header Files</Filter>
    </ClInclude>
    <ClInclude Include="FileHeader.h">
      <Filter>Header Files</Filter>
    </ClInclude>
    <ClInclude Include="Font.h">
      <Filter>Header Files</Filter>
    </ClInclude>
    <ClInclude Include="GenericResource.h">
      <Filter>Header Files</Filter>
    </ClInclude>
    <ClInclude Include="Icon.h">
      <Filter>Header Files</Filter>
    </ClInclude>
    <ClInclude Include="Lexer.h">
      <Filter>Header Files</Filter>
    </ClInclude>
    <ClInclude Include="Menu.h">
      <Filter>Header Files</Filter>
    </ClInclude>
    <ClInclude Include="MessageTable.h">
      <Filter>Header Files</Filter>
    </ClInclude>
    <ClInclude Include="RCData.h">
      <Filter>Header Files</Filter>
    </ClInclude>
    <ClInclude Include="RCFile.h">
      <Filter>Header Files</Filter>
    </ClInclude>
    <ClInclude Include="rcMain.h">
      <Filter>Header Files</Filter>
    </ClInclude>
    <ClInclude Include="ResFile.h">
      <Filter>Header Files</Filter>
    </ClInclude>
    <ClInclude Include="Resource.h">
      <Filter>Header Files</Filter>
    </ClInclude>
    <ClInclude Include="ResourceData.h">
      <Filter>Header Files</Filter>
    </ClInclude>
    <ClInclude Include="ResourceId.h">
      <Filter>Header Files</Filter>
    </ClInclude>
    <ClInclude Include="ResourceInfo.h">
      <Filter>Header Files</Filter>
    </ClInclude>
    <ClInclude Include="StringTable.h">
      <Filter>Header Files</Filter>
    </ClInclude>
    <ClInclude Include="VersionInfo.h">
      <Filter>Header Files</Filter>
    </ClInclude>
  </ItemGroup>
</Project>