<?xml version="1.0" encoding="utf-8"?>
<Project ToolsVersion="4.0" xmlns="http://schemas.microsoft.com/developer/msbuild/2003">
  <ItemGroup>
    <Filter Include="Source Files">
      <UniqueIdentifier>{4FC737F1-C7A5-4376-A066-2A32D752A2FF}</UniqueIdentifier>
      <Extensions>cpp;c;cc;cxx;def;odl;idl;hpj;bat;asm;asmx</Extensions>
    </Filter>
    <Filter Include="Header Files">
      <UniqueIdentifier>{93995380-89BD-4b04-88EB-625FBE52EBFB}</UniqueIdentifier>
      <Extensions>h;hpp;hxx;hm;inl;inc;xsd</Extensions>
    </Filter>
    <Filter Include="Resource Files">
      <UniqueIdentifier>{67DA6AB6-F800-4c08-8B7A-83BB121AAD01}</UniqueIdentifier>
      <Extensions>rc;ico;cur;bmp;dlg;rc2;rct;bin;rgs;gif;jpg;jpeg;jpe;resx;tiff;tif;png;wav;mfcribbon-ms</Extensions>
    </Filter>
  </ItemGroup>
  <ItemGroup>
    <ClCompile Include="LinkAttribs.cpp">
      <Filter>Source Files</Filter>
    </ClCompile>
    <ClCompile Include="LinkDebugAux.cpp">
      <Filter>Source Files</Filter>
    </ClCompile>
    <ClCompile Include="LinkDebugFile.cpp">
      <Filter>Source Files</Filter>
    </ClCompile>
    <ClCompile Include="LinkExpression.cpp">
      <Filter>Source Files</Filter>
    </ClCompile>
    <ClCompile Include="LinkManager.cpp">
      <Filter>Source Files</Filter>
    </ClCompile>
    <ClCompile Include="LinkMap.cpp">
      <Filter>Source Files</Filter>
    </ClCompile>
    <ClCompile Include="LinkNameLogic.cpp">
      <Filter>Source Files</Filter>
    </ClCompile>
    <ClCompile Include="LinkOverlay.cpp">
      <Filter>Source Files</Filter>
    </ClCompile>
    <ClCompile Include="LinkPartition.cpp">
      <Filter>Source Files</Filter>
    </ClCompile>
    <ClCompile Include="LinkRegion.cpp">
      <Filter>Source Files</Filter>
    </ClCompile>
    <ClCompile Include="LinkRegionFileSpec.cpp">
      <Filter>Source Files</Filter>
    </ClCompile>
    <ClCompile Include="LinkRemapper.cpp">
      <Filter>Source Files</Filter>
    </ClCompile>
    <ClCompile Include="sqlvt.cpp">
      <Filter>Source Files</Filter>
    </ClCompile>
    <ClCompile Include="LinkTokenizer.cpp">
      <Filter>Source Files</Filter>
    </ClCompile>
    <ClCompile Include="SwitchConfig.cpp">
      <Filter>Source Files</Filter>
    </ClCompile>
    <ClCompile Include="LinkDll.cpp">
      <Filter>Source Files</Filter>
    </ClCompile>
  </ItemGroup>
  <ItemGroup>
    <ClInclude Include="LinkAttribs.h">
      <Filter>Header Files</Filter>
    </ClInclude>
    <ClInclude Include="LinkDebugAux.h">
      <Filter>Header Files</Filter>
    </ClInclude>
    <ClInclude Include="LinkDebugFile.h">
      <Filter>Header Files</Filter>
    </ClInclude>
    <ClInclude Include="LinkExpression.h">
      <Filter>Header Files</Filter>
    </ClInclude>
    <ClInclude Include="LinkLibrary.h">
      <Filter>Header Files</Filter>
    </ClInclude>
    <ClInclude Include="LinkManager.h">
      <Filter>Header Files</Filter>
    </ClInclude>
    <ClInclude Include="LinkMap.h">
      <Filter>Header Files</Filter>
    </ClInclude>
    <ClInclude Include="LinkNameLogic.h">
      <Filter>Header Files</Filter>
    </ClInclude>
    <ClInclude Include="LinkOverlay.h">
      <Filter>Header Files</Filter>
    </ClInclude>
    <ClInclude Include="LinkPartition.h">
      <Filter>Header Files</Filter>
    </ClInclude>
    <ClInclude Include="LinkRegion.h">
      <Filter>Header Files</Filter>
    </ClInclude>
    <ClInclude Include="LinkRegionFileSpec.h">
      <Filter>Header Files</Filter>
    </ClInclude>
    <ClInclude Include="LinkRemapper.h">
      <Filter>Header Files</Filter>
    </ClInclude>
    <ClInclude Include="LinkTokenizer.h">
      <Filter>Header Files</Filter>
    </ClInclude>
    <ClInclude Include="sqlvt.h">
      <Filter>Header Files</Filter>
    </ClInclude>
    <ClInclude Include="SwitchConfig.h">
      <Filter>Header Files</Filter>
    </ClInclude>
    <ClInclude Include="LinkDll.h">
      <Filter>Header Files</Filter>
    </ClInclude>
  </ItemGroup>
</Project>