
Microsoft Visual Studio Solution File, Format Version 12.00
# Visual Studio 14
VisualStudioVersion = 14.0.25420.1
MinimumVisualStudioVersion = 10.0.40219.1
Project("{8BC9CEB8-8B4A-11D0-8D11-00A0C91BC942}") = "DotNetPELib", "DotNetPELib.vcxproj", "{9E09E239-7370-4CBC-A82E-40DBCC0947F3}"
EndProject
Project("{8BC9CEB8-8B4A-11D0-8D11-00A0C91BC942}") = "test", "test\test.vcxproj", "{BBFCD994-01E6-4F10-8B3C-8D4A190434A4}"
	ProjectSection(ProjectDependencies) = postProject
		{5BE35F88-E1CB-4AAF-ACC9-5227B5143B17} = {5BE35F88-E1CB-4AAF-ACC9-5227B5143B17}
	EndProjectSection
EndProject
Project("{FAE04EC0-301F-11D3-BF4B-00C04F79EFBC}") = "testcsc", "test\testcsc.csproj", "{5BE35F88-E1CB-4AAF-ACC9-5227B5143B17}"
EndProject
Project("{8BC9CEB8-8B4A-11D0-8D11-00A0C91BC942}") = "DumpMSCorLib", "test\DumpMSCorLib.vcxproj", "{3DA57BC3-FB98-4A17-A160-689C75ADF2C3}"
EndProject
Project("{8BC9CEB8-8B4A-11D0-8D11-00A0C91BC942}") = "ObjTest", "ObjTest\ObjTest.vcxproj", "{10423A13-9AAA-4CCD-8F9F-880AE5BAACA4}"
EndProject
Project("{8BC9CEB8-8B4A-11D0-8D11-00A0C91BC942}") = "NetLink", "netlink\NetLink.vcxproj", "{7B52B07B-8F39-4099-8355-F2F88D31F1FD}"
EndProject
Global
	GlobalSection(SolutionConfigurationPlatforms) = preSolution
		Debug|Any CPU = Debug|Any CPU
		Debug|x64 = Debug|x64
		Debug|x86 = Debug|x86
		Release|Any CPU = Release|Any CPU
		Release|x64 = Release|x64
		Release|x86 = Release|x86
	EndGlobalSection
	GlobalSection(ProjectConfigurationPlatforms) = postSolution
		{9E09E239-7370-4CBC-A82E-40DBCC0947F3}.Debug|Any CPU.ActiveCfg = Debug|Win32
		{9E09E239-7370-4CBC-A82E-40DBCC0947F3}.Debug|x64.ActiveCfg = Debug|x64
		{9E09E239-7370-4CBC-A82E-40DBCC0947F3}.Debug|x64.Build.0 = Debug|x64
		{9E09E239-7370-4CBC-A82E-40DBCC0947F3}.Debug|x86.ActiveCfg = Debug|Win32
		{9E09E239-7370-4CBC-A82E-40DBCC0947F3}.Debug|x86.Build.0 = Debug|Win32
		{9E09E239-7370-4CBC-A82E-40DBCC0947F3}.Release|Any CPU.ActiveCfg = Release|Win32
		{9E09E239-7370-4CBC-A82E-40DBCC0947F3}.Release|x64.ActiveCfg = Release|x64
		{9E09E239-7370-4CBC-A82E-40DBCC0947F3}.Release|x64.Build.0 = Release|x64
		{9E09E239-7370-4CBC-A82E-40DBCC0947F3}.Release|x86.ActiveCfg = Release|Win32
		{9E09E239-7370-4CBC-A82E-40DBCC0947F3}.Release|x86.Build.0 = Release|Win32
		{BBFCD994-01E6-4F10-8B3C-8D4A190434A4}.Debug|Any CPU.ActiveCfg = Debug|Win32
		{BBFCD994-01E6-4F10-8B3C-8D4A190434A4}.Debug|x64.ActiveCfg = Debug|x64
		{BBFCD994-01E6-4F10-8B3C-8D4A190434A4}.Debug|x64.Build.0 = Debug|x64
		{BBFCD994-01E6-4F10-8B3C-8D4A190434A4}.Debug|x86.ActiveCfg = Debug|Win32
		{BBFCD994-01E6-4F10-8B3C-8D4A190434A4}.Debug|x86.Build.0 = Debug|Win32
		{BBFCD994-01E6-4F10-8B3C-8D4A190434A4}.Release|Any CPU.ActiveCfg = Release|Win32
		{BBFCD994-01E6-4F10-8B3C-8D4A190434A4}.Release|x64.ActiveCfg = Release|x64
		{BBFCD994-01E6-4F10-8B3C-8D4A190434A4}.Release|x64.Build.0 = Release|x64
		{BBFCD994-01E6-4F10-8B3C-8D4A190434A4}.Release|x86.ActiveCfg = Release|Win32
		{BBFCD994-01E6-4F10-8B3C-8D4A190434A4}.Release|x86.Build.0 = Release|Win32
		{5BE35F88-E1CB-4AAF-ACC9-5227B5143B17}.Debug|Any CPU.ActiveCfg = Debug|Any CPU
		{5BE35F88-E1CB-4AAF-ACC9-5227B5143B17}.Debug|Any CPU.Build.0 = Debug|Any CPU
		{5BE35F88-E1CB-4AAF-ACC9-5227B5143B17}.Debug|x64.ActiveCfg = Debug|Any CPU
		{5BE35F88-E1CB-4AAF-ACC9-5227B5143B17}.Debug|x64.Build.0 = Debug|Any CPU
		{5BE35F88-E1CB-4AAF-ACC9-5227B5143B17}.Debug|x86.ActiveCfg = Debug|Any CPU
		{5BE35F88-E1CB-4AAF-ACC9-5227B5143B17}.Debug|x86.Build.0 = Debug|Any CPU
		{5BE35F88-E1CB-4AAF-ACC9-5227B5143B17}.Release|Any CPU.ActiveCfg = Release|Any CPU
		{5BE35F88-E1CB-4AAF-ACC9-5227B5143B17}.Release|Any CPU.Build.0 = Release|Any CPU
		{5BE35F88-E1CB-4AAF-ACC9-5227B5143B17}.Release|x64.ActiveCfg = Release|Any CPU
		{5BE35F88-E1CB-4AAF-ACC9-5227B5143B17}.Release|x64.Build.0 = Release|Any CPU
		{5BE35F88-E1CB-4AAF-ACC9-5227B5143B17}.Release|x86.ActiveCfg = Release|Any CPU
		{5BE35F88-E1CB-4AAF-ACC9-5227B5143B17}.Release|x86.Build.0 = Release|Any CPU
		{3DA57BC3-FB98-4A17-A160-689C75ADF2C3}.Debug|Any CPU.ActiveCfg = Debug|Win32
		{3DA57BC3-FB98-4A17-A160-689C75ADF2C3}.Debug|x64.ActiveCfg = Debug|x64
		{3DA57BC3-FB98-4A17-A160-689C75ADF2C3}.Debug|x64.Build.0 = Debug|x64
		{3DA57BC3-FB98-4A17-A160-689C75ADF2C3}.Debug|x86.ActiveCfg = Debug|Win32
		{3DA57BC3-FB98-4A17-A160-689C75ADF2C3}.Debug|x86.Build.0 = Debug|Win32
		{3DA57BC3-FB98-4A17-A160-689C75ADF2C3}.Release|Any CPU.ActiveCfg = Release|Win32
		{3DA57BC3-FB98-4A17-A160-689C75ADF2C3}.Release|x64.ActiveCfg = Release|x64
		{3DA57BC3-FB98-4A17-A160-689C75ADF2C3}.Release|x64.Build.0 = Release|x64
		{3DA57BC3-FB98-4A17-A160-689C75ADF2C3}.Release|x86.ActiveCfg = Release|Win32
		{3DA57BC3-FB98-4A17-A160-689C75ADF2C3}.Release|x86.Build.0 = Release|Win32
		{10423A13-9AAA-4CCD-8F9F-880AE5BAACA4}.Debug|Any CPU.ActiveCfg = Debug|Win32
		{10423A13-9AAA-4CCD-8F9F-880AE5BAACA4}.Debug|x64.ActiveCfg = Debug|x64
		{10423A13-9AAA-4CCD-8F9F-880AE5BAACA4}.Debug|x64.Build.0 = Debug|x64
		{10423A13-9AAA-4CCD-8F9F-880AE5BAACA4}.Debug|x86.ActiveCfg = Debug|Win32
		{10423A13-9AAA-4CCD-8F9F-880AE5BAACA4}.Debug|x86.Build.0 = Debug|Win32
		{10423A13-9AAA-4CCD-8F9F-880AE5BAACA4}.Release|Any CPU.ActiveCfg = Release|Win32
		{10423A13-9AAA-4CCD-8F9F-880AE5BAACA4}.Release|x64.ActiveCfg = Release|x64
		{10423A13-9AAA-4CCD-8F9F-880AE5BAACA4}.Release|x64.Build.0 = Release|x64
		{10423A13-9AAA-4CCD-8F9F-880AE5BAACA4}.Release|x86.ActiveCfg = Release|Win32
		{10423A13-9AAA-4CCD-8F9F-880AE5BAACA4}.Release|x86.Build.0 = Release|Win32
		{7B52B07B-8F39-4099-8355-F2F88D31F1FD}.Debug|Any CPU.ActiveCfg = Debug|Win32
		{7B52B07B-8F39-4099-8355-F2F88D31F1FD}.Debug|x64.ActiveCfg = Debug|x64
		{7B52B07B-8F39-4099-8355-F2F88D31F1FD}.Debug|x64.Build.0 = Debug|x64
		{7B52B07B-8F39-4099-8355-F2F88D31F1FD}.Debug|x86.ActiveCfg = Debug|Win32
		{7B52B07B-8F39-4099-8355-F2F88D31F1FD}.Debug|x86.Build.0 = Debug|Win32
		{7B52B07B-8F39-4099-8355-F2F88D31F1FD}.Release|Any CPU.ActiveCfg = Release|Win32
		{7B52B07B-8F39-4099-8355-F2F88D31F1FD}.Release|x64.ActiveCfg = Release|x64
		{7B52B07B-8F39-4099-8355-F2F88D31F1FD}.Release|x64.Build.0 = Release|x64
		{7B52B07B-8F39-4099-8355-F2F88D31F1FD}.Release|x86.ActiveCfg = Release|Win32
		{7B52B07B-8F39-4099-8355-F2F88D31F1FD}.Release|x86.Build.0 = Release|Win32
	EndGlobalSection
	GlobalSection(SolutionProperties) = preSolution
		HideSolutionNode = FALSE
	EndGlobalSection
EndGlobal
