<?xml version="1.0" encoding="utf-8"?>
<Project ToolsVersion="4.0" xmlns="http://schemas.microsoft.com/developer/msbuild/2003">
  <ItemGroup>
    <Filter Include="Source Files">
      <UniqueIdentifier>{4FC737F1-C7A5-4376-A066-2A32D752A2FF}</UniqueIdentifier>
      <Extensions>cpp;c;cc;cxx;def;odl;idl;hpj;bat;asm;asmx</Extensions>
    </Filter>
    <Filter Include="Header Files">
      <UniqueIdentifier>{93995380-89BD-4b04-88EB-625FBE52EBFB}</UniqueIdentifier>
      <Extensions>h;hh;hpp;hxx;hm;inl;inc;ipp;xsd</Extensions>
    </Filter>
    <Filter Include="Header Files\Resource Files">
      <UniqueIdentifier>{67DA6AB6-F800-4c08-8B7A-83BB121AAD01}</UniqueIdentifier>
      <Extensions>rc;ico;cur;bmp;dlg;rc2;rct;bin;rgs;gif;jpg;jpeg;jpe;resx;tiff;tif;png;wav;mfcribbon-ms</Extensions>
    </Filter>
  </ItemGroup>
  <ItemGroup>
    <ClCompile Include="ialias.cpp">
      <Filter>Source Files</Filter>
    </ClCompile>
    <ClCompile Include="iblock.cpp">
      <Filter>Source Files</Filter>
    </ClCompile>
    <ClCompile Include="iconfl.cpp">
      <Filter>Source Files</Filter>
    </ClCompile>
    <ClCompile Include="iconst.cpp">
      <Filter>Source Files</Filter>
    </ClCompile>
    <ClCompile Include="iflow.cpp">
      <Filter>Source Files</Filter>
    </ClCompile>
    <ClCompile Include="iinvar.cpp">
      <Filter>Source Files</Filter>
    </ClCompile>
    <ClCompile Include="ilazy.cpp">
      <Filter>Source Files</Filter>
    </ClCompile>
    <ClCompile Include="ilive.cpp">
      <Filter>Source Files</Filter>
    </ClCompile>
    <ClCompile Include="ilocal.cpp">
      <Filter>Source Files</Filter>
    </ClCompile>
    <ClCompile Include="iloop.cpp">
      <Filter>Source Files</Filter>
    </ClCompile>
    <ClCompile Include="ioptutil.cpp">
      <Filter>Source Files</Filter>
    </ClCompile>
    <ClCompile Include="ipeep.cpp">
      <Filter>Source Files</Filter>
    </ClCompile>
    <ClCompile Include="irc.cpp">
      <Filter>Source Files</Filter>
    </ClCompile>
    <ClCompile Include="ireshape.cpp">
      <Filter>Source Files</Filter>
    </ClCompile>
    <ClCompile Include="irewrite.cpp">
      <Filter>Source Files</Filter>
    </ClCompile>
    <ClCompile Include="issa.cpp">
      <Filter>Source Files</Filter>
    </ClCompile>
    <ClCompile Include="istren.cpp">
      <Filter>Source Files</Filter>
    </ClCompile>
    <ClCompile Include="ifloatconv.cpp">
      <Filter>Source Files</Filter>
    </ClCompile>
    <ClCompile Include="Utils.cpp">
      <Filter>Source Files</Filter>
    </ClCompile>
    <ClCompile Include="symfuncs.cpp">
      <Filter>Source Files</Filter>
    </ClCompile>
    <ClCompile Include="optmain.cpp">
      <Filter>Source Files</Filter>
    </ClCompile>
    <ClCompile Include="memory.cpp">
      <Filter>Source Files</Filter>
    </ClCompile>
    <ClCompile Include="..\ocpp\Floating.cpp">
      <Filter>Source Files</Filter>
    </ClCompile>
    <ClCompile Include="output.cpp">
      <Filter>Source Files</Filter>
    </ClCompile>
    <ClCompile Include="..\ocpp\Errors.cpp">
      <Filter>Source Files</Filter>
    </ClCompile>
    <ClCompile Include="..\ocpp\Token.cpp">
      <Filter>Source Files</Filter>
    </ClCompile>
    <ClCompile Include="rewritemsil.cpp">
      <Filter>Source Files</Filter>
    </ClCompile>
    <ClCompile Include="rewritex86.cpp">
      <Filter>Source Files</Filter>
    </ClCompile>
    <ClCompile Include="configmsil.cpp">
      <Filter>Source Files</Filter>
    </ClCompile>
    <ClCompile Include="configx86.cpp">
      <Filter>Source Files</Filter>
    </ClCompile>
    <ClCompile Include="config.cpp">
      <Filter>Source Files</Filter>
    </ClCompile>
    <ClCompile Include="ilstream.cpp">
      <Filter>Source Files</Filter>
    </ClCompile>
    <ClCompile Include="ildata.cpp">
      <Filter>Source Files</Filter>
    </ClCompile>
    <ClCompile Include="iout.cpp">
      <Filter>Source Files</Filter>
    </ClCompile>
    <ClCompile Include="ilunstream.cpp">
      <Filter>Source Files</Filter>
    </ClCompile>
  </ItemGroup>
  <ItemGroup>
    <None Include="iexpr.p">
      <Filter>Header Files</Filter>
    </None>
  </ItemGroup>
  <ItemGroup>
    <ClInclude Include="iexpr.h">
      <Filter>Header Files</Filter>
    </ClInclude>
    <ClInclude Include="iopt.h">
      <Filter>Header Files</Filter>
    </ClInclude>
    <ClInclude Include="ctypes.h">
      <Filter>Header Files</Filter>
    </ClInclude>
    <ClInclude Include="beinterf.h">
      <Filter>Header Files</Filter>
    </ClInclude>
    <ClInclude Include="ildata.h">
      <Filter>Header Files</Filter>
    </ClInclude>
  </ItemGroup>
</Project>