
Microsoft Visual Studio Solution File, Format Version 12.00
# Visual Studio 15
VisualStudioVersion = 15.0.26730.15
MinimumVisualStudioVersion = 10.0.40219.1
Project("{8BC9CEB8-8B4A-11D0-8D11-00A0C91BC942}") = "occil", "occil.vcxproj", "{BF942009-5F08-4ACB-9002-C34FE7CFDD4C}"
EndProject
Project("{8BC9CEB8-8B4A-11D0-8D11-00A0C91BC942}") = "occmsil", "occmsil\occmsil.vcxproj", "{CF79F311-496A-42F1-BAEE-56A29F387BD2}"
EndProject
Project("{FAE04EC0-301F-11D3-BF4B-00C04F79EFBC}") = "lsmsilcrtl", "lsmsilcrtl\lsmsilcrtl.csproj", "{9455280F-3C6B-4D43-B89C-08EE096A8392}"
EndProject
Project("{8BC9CEB8-8B4A-11D0-8D11-00A0C91BC942}") = "DotNetPELib", "..\netil\netlib\DotNetPELib.vcxproj", "{9E09E239-7370-4CBC-A82E-40DBCC0947F3}"
EndProject
Project("{8BC9CEB8-8B4A-11D0-8D11-00A0C91BC942}") = "NetLink", "..\netil\netlib\netlink\NetLink.vcxproj", "{7B52B07B-8F39-4099-8355-F2F88D31F1FD}"
EndProject
Global
	GlobalSection(SolutionConfigurationPlatforms) = preSolution
		Debug|Any CPU = Debug|Any CPU
		Debug|x64 = Debug|x64
		Debug|x86 = Debug|x86
		Release|Any CPU = Release|Any CPU
		Release|x64 = Release|x64
		Release|x86 = Release|x86
	EndGlobalSection
	GlobalSection(ProjectConfigurationPlatforms) = postSolution
		{BF942009-5F08-4ACB-9002-C34FE7CFDD4C}.Debug|Any CPU.ActiveCfg = Debug|Win32
		{BF942009-5F08-4ACB-9002-C34FE7CFDD4C}.Debug|Any CPU.Build.0 = Debug|Win32
		{BF942009-5F08-4ACB-9002-C34FE7CFDD4C}.Debug|x64.ActiveCfg = Debug|x64
		{BF942009-5F08-4ACB-9002-C34FE7CFDD4C}.Debug|x64.Build.0 = Debug|x64
		{BF942009-5F08-4ACB-9002-C34FE7CFDD4C}.Debug|x86.ActiveCfg = Debug|Win32
		{BF942009-5F08-4ACB-9002-C34FE7CFDD4C}.Debug|x86.Build.0 = Debug|Win32
		{BF942009-5F08-4ACB-9002-C34FE7CFDD4C}.Release|Any CPU.ActiveCfg = Release|Win32
		{BF942009-5F08-4ACB-9002-C34FE7CFDD4C}.Release|Any CPU.Build.0 = Release|Win32
		{BF942009-5F08-4ACB-9002-C34FE7CFDD4C}.Release|x64.ActiveCfg = Release|x64
		{BF942009-5F08-4ACB-9002-C34FE7CFDD4C}.Release|x64.Build.0 = Release|x64
		{BF942009-5F08-4ACB-9002-C34FE7CFDD4C}.Release|x86.ActiveCfg = Release|Win32
		{BF942009-5F08-4ACB-9002-C34FE7CFDD4C}.Release|x86.Build.0 = Release|Win32
		{CF79F311-496A-42F1-BAEE-56A29F387BD2}.Debug|Any CPU.ActiveCfg = Debug|Win32
		{CF79F311-496A-42F1-BAEE-56A29F387BD2}.Debug|Any CPU.Build.0 = Debug|Win32
		{CF79F311-496A-42F1-BAEE-56A29F387BD2}.Debug|x64.ActiveCfg = Debug|x64
		{CF79F311-496A-42F1-BAEE-56A29F387BD2}.Debug|x64.Build.0 = Debug|x64
		{CF79F311-496A-42F1-BAEE-56A29F387BD2}.Debug|x86.ActiveCfg = Debug|Win32
		{CF79F311-496A-42F1-BAEE-56A29F387BD2}.Debug|x86.Build.0 = Debug|Win32
		{CF79F311-496A-42F1-BAEE-56A29F387BD2}.Release|Any CPU.ActiveCfg = Release|Win32
		{CF79F311-496A-42F1-BAEE-56A29F387BD2}.Release|Any CPU.Build.0 = Release|Win32
		{CF79F311-496A-42F1-BAEE-56A29F387BD2}.Release|x64.ActiveCfg = Release|x64
		{CF79F311-496A-42F1-BAEE-56A29F387BD2}.Release|x64.Build.0 = Release|x64
		{CF79F311-496A-42F1-BAEE-56A29F387BD2}.Release|x86.ActiveCfg = Release|Win32
		{CF79F311-496A-42F1-BAEE-56A29F387BD2}.Release|x86.Build.0 = Release|Win32
		{9455280F-3C6B-4D43-B89C-08EE096A8392}.Debug|Any CPU.ActiveCfg = Debug|Any CPU
		{9455280F-3C6B-4D43-B89C-08EE096A8392}.Debug|Any CPU.Build.0 = Debug|Any CPU
		{9455280F-3C6B-4D43-B89C-08EE096A8392}.Debug|x64.ActiveCfg = Debug|Any CPU
		{9455280F-3C6B-4D43-B89C-08EE096A8392}.Debug|x64.Build.0 = Debug|Any CPU
		{9455280F-3C6B-4D43-B89C-08EE096A8392}.Debug|x86.ActiveCfg = Debug|Any CPU
		{9455280F-3C6B-4D43-B89C-08EE096A8392}.Debug|x86.Build.0 = Debug|Any CPU
		{9455280F-3C6B-4D43-B89C-08EE096A8392}.Release|Any CPU.ActiveCfg = Release|Any CPU
		{9455280F-3C6B-4D43-B89C-08EE096A8392}.Release|Any CPU.Build.0 = Release|Any CPU
		{9455280F-3C6B-4D43-B89C-08EE096A8392}.Release|x64.ActiveCfg = Release|Any CPU
		{9455280F-3C6B-4D43-B89C-08EE096A8392}.Release|x64.Build.0 = Release|Any CPU
		{9455280F-3C6B-4D43-B89C-08EE096A8392}.Release|x86.ActiveCfg = Release|Any CPU
		{9455280F-3C6B-4D43-B89C-08EE096A8392}.Release|x86.Build.0 = Release|Any CPU
		{9E09E239-7370-4CBC-A82E-40DBCC0947F3}.Debug|Any CPU.ActiveCfg = Debug|Win32
		{9E09E239-7370-4CBC-A82E-40DBCC0947F3}.Debug|Any CPU.Build.0 = Debug|Win32
		{9E09E239-7370-4CBC-A82E-40DBCC0947F3}.Debug|x64.ActiveCfg = Debug|x64
		{9E09E239-7370-4CBC-A82E-40DBCC0947F3}.Debug|x64.Build.0 = Debug|x64
		{9E09E239-7370-4CBC-A82E-40DBCC0947F3}.Debug|x86.ActiveCfg = Debug|Win32
		{9E09E239-7370-4CBC-A82E-40DBCC0947F3}.Debug|x86.Build.0 = Debug|Win32
		{9E09E239-7370-4CBC-A82E-40DBCC0947F3}.Release|Any CPU.ActiveCfg = Release|Win32
		{9E09E239-7370-4CBC-A82E-40DBCC0947F3}.Release|Any CPU.Build.0 = Release|Win32
		{9E09E239-7370-4CBC-A82E-40DBCC0947F3}.Release|x64.ActiveCfg = Release|x64
		{9E09E239-7370-4CBC-A82E-40DBCC0947F3}.Release|x64.Build.0 = Release|x64
		{9E09E239-7370-4CBC-A82E-40DBCC0947F3}.Release|x86.ActiveCfg = Release|Win32
		{9E09E239-7370-4CBC-A82E-40DBCC0947F3}.Release|x86.Build.0 = Release|Win32
		{7B52B07B-8F39-4099-8355-F2F88D31F1FD}.Debug|Any CPU.ActiveCfg = Debug|Win32
		{7B52B07B-8F39-4099-8355-F2F88D31F1FD}.Debug|Any CPU.Build.0 = Debug|Win32
		{7B52B07B-8F39-4099-8355-F2F88D31F1FD}.Debug|x64.ActiveCfg = Debug|x64
		{7B52B07B-8F39-4099-8355-F2F88D31F1FD}.Debug|x64.Build.0 = Debug|x64
		{7B52B07B-8F39-4099-8355-F2F88D31F1FD}.Debug|x86.ActiveCfg = Debug|Win32
		{7B52B07B-8F39-4099-8355-F2F88D31F1FD}.Debug|x86.Build.0 = Debug|Win32
		{7B52B07B-8F39-4099-8355-F2F88D31F1FD}.Release|Any CPU.ActiveCfg = Release|Win32
		{7B52B07B-8F39-4099-8355-F2F88D31F1FD}.Release|Any CPU.Build.0 = Release|Win32
		{7B52B07B-8F39-4099-8355-F2F88D31F1FD}.Release|x64.ActiveCfg = Release|x64
		{7B52B07B-8F39-4099-8355-F2F88D31F1FD}.Release|x64.Build.0 = Release|x64
		{7B52B07B-8F39-4099-8355-F2F88D31F1FD}.Release|x86.ActiveCfg = Release|Win32
		{7B52B07B-8F39-4099-8355-F2F88D31F1FD}.Release|x86.Build.0 = Release|Win32
	EndGlobalSection
	GlobalSection(SolutionProperties) = preSolution
		HideSolutionNode = FALSE
	EndGlobalSection
	GlobalSection(ExtensibilityGlobals) = postSolution
		SolutionGuid = {C849F474-3D65-4CD8-811B-7D1ADDBAA80D}
	EndGlobalSection
EndGlobal
