<?xml version="1.0" encoding="utf-8"?>
<Project ToolsVersion="4.0" xmlns="http://schemas.microsoft.com/developer/msbuild/2003">
  <ItemGroup>
    <Filter Include="Source Files">
      <UniqueIdentifier>{4FC737F1-C7A5-4376-A066-2A32D752A2FF}</UniqueIdentifier>
      <Extensions>cpp;c;cc;cxx;def;odl;idl;hpj;bat;asm;asmx</Extensions>
    </Filter>
    <Filter Include="Header Files">
      <UniqueIdentifier>{93995380-89BD-4b04-88EB-625FBE52EBFB}</UniqueIdentifier>
      <Extensions>h;hh;hpp;hxx;hm;inl;inc;ipp;xsd</Extensions>
    </Filter>
    <Filter Include="Resource Files">
      <UniqueIdentifier>{67DA6AB6-F800-4c08-8B7A-83BB121AAD01}</UniqueIdentifier>
      <Extensions>rc;ico;cur;bmp;dlg;rc2;rct;bin;rgs;gif;jpg;jpeg;jpe;resx;tiff;tif;png;wav;mfcribbon-ms</Extensions>
    </Filter>
  </ItemGroup>
  <ItemGroup>
    <ClCompile Include="ccif.cpp">
      <Filter>Source Files</Filter>
    </ClCompile>
    <ClCompile Include="db.cpp">
      <Filter>Source Files</Filter>
    </ClCompile>
    <ClCompile Include="..\occopt\memory.cpp">
      <Filter>Source Files</Filter>
    </ClCompile>
    <ClCompile Include="..\occparse\beinterf.cpp">
      <Filter>Source Files</Filter>
    </ClCompile>
    <ClCompile Include="..\occparse\browse.cpp">
      <Filter>Source Files</Filter>
    </ClCompile>
    <ClCompile Include="..\occparse\ccerr.cpp">
      <Filter>Source Files</Filter>
    </ClCompile>
    <ClCompile Include="..\occparse\constopt.cpp">
      <Filter>Source Files</Filter>
    </ClCompile>
    <ClCompile Include="..\occparse\cppbltin.cpp">
      <Filter>Source Files</Filter>
    </ClCompile>
    <ClCompile Include="..\occparse\cpplookup.cpp">
      <Filter>Source Files</Filter>
    </ClCompile>
    <ClCompile Include="..\occparse\crc32.cpp">
      <Filter>Source Files</Filter>
    </ClCompile>
    <ClCompile Include="..\occparse\debug.cpp">
      <Filter>Source Files</Filter>
    </ClCompile>
    <ClCompile Include="..\occparse\declare.cpp">
      <Filter>Source Files</Filter>
    </ClCompile>
    <ClCompile Include="..\occparse\declcons.cpp">
      <Filter>Source Files</Filter>
    </ClCompile>
    <ClCompile Include="..\occparse\declcpp.cpp">
      <Filter>Source Files</Filter>
    </ClCompile>
    <ClCompile Include="..\occparse\expr.cpp">
      <Filter>Source Files</Filter>
    </ClCompile>
    <ClCompile Include="..\occparse\exprcpp.cpp">
      <Filter>Source Files</Filter>
    </ClCompile>
    <ClCompile Include="..\occparse\floatconv.cpp">
      <Filter>Source Files</Filter>
    </ClCompile>
    <ClCompile Include="..\occparse\help.cpp">
      <Filter>Source Files</Filter>
    </ClCompile>
    <ClCompile Include="..\occparse\import.cpp">
      <Filter>Source Files</Filter>
    </ClCompile>
    <ClCompile Include="..\occparse\inasm.cpp">
      <Filter>Source Files</Filter>
    </ClCompile>
    <ClCompile Include="..\occparse\init.cpp">
      <Filter>Source Files</Filter>
    </ClCompile>
    <ClCompile Include="..\occparse\initbackend.cpp">
      <Filter>Source Files</Filter>
    </ClCompile>
    <ClCompile Include="..\occparse\inline.cpp">
      <Filter>Source Files</Filter>
    </ClCompile>
    <ClCompile Include="..\occparse\lambda.cpp">
      <Filter>Source Files</Filter>
    </ClCompile>
    <ClCompile Include="..\occparse\lex.cpp">
      <Filter>Source Files</Filter>
    </ClCompile>
    <ClCompile Include="..\occparse\libcxx.cpp">
      <Filter>Source Files</Filter>
    </ClCompile>
    <ClCompile Include="..\occparse\mangle.cpp">
      <Filter>Source Files</Filter>
    </ClCompile>
    <ClCompile Include="..\occparse\osutil.cpp">
      <Filter>Source Files</Filter>
    </ClCompile>
    <ClCompile Include="..\occparse\property.cpp">
      <Filter>Source Files</Filter>
    </ClCompile>
    <ClCompile Include="..\occparse\rtti.cpp">
      <Filter>Source Files</Filter>
    </ClCompile>
    <ClCompile Include="..\occparse\stmt.cpp">
      <Filter>Source Files</Filter>
    </ClCompile>
    <ClCompile Include="..\occparse\SymbolManager.cpp">
      <Filter>Source Files</Filter>
    </ClCompile>
    <ClCompile Include="..\occparse\symtab.cpp">
      <Filter>Source Files</Filter>
    </ClCompile>
    <ClCompile Include="..\occparse\template.cpp">
      <Filter>Source Files</Filter>
    </ClCompile>
    <ClCompile Include="..\occparse\types.cpp">
      <Filter>Source Files</Filter>
    </ClCompile>
    <ClCompile Include="..\occparse\unmangle.cpp">
      <Filter>Source Files</Filter>
    </ClCompile>
    <ClCompile Include="..\occparse\wseh.cpp">
      <Filter>Source Files</Filter>
    </ClCompile>
    <ClCompile Include="..\ocpp\Errors.cpp">
      <Filter>Source Files</Filter>
    </ClCompile>
    <ClCompile Include="..\ocpp\Floating.cpp">
      <Filter>Source Files</Filter>
    </ClCompile>
    <ClCompile Include="..\ocpp\InputFile.cpp">
      <Filter>Source Files</Filter>
    </ClCompile>
    <ClCompile Include="..\ocpp\PipeArbitrator.cpp">
      <Filter>Source Files</Filter>
    </ClCompile>
    <ClCompile Include="..\ocpp\ppCond.cpp">
      <Filter>Source Files</Filter>
    </ClCompile>
    <ClCompile Include="..\ocpp\ppCtx.cpp">
      <Filter>Source Files</Filter>
    </ClCompile>
    <ClCompile Include="..\ocpp\ppDefine.cpp">
      <Filter>Source Files</Filter>
    </ClCompile>
    <ClCompile Include="..\ocpp\ppError.cpp">
      <Filter>Source Files</Filter>
    </ClCompile>
    <ClCompile Include="..\ocpp\ppExpr.cpp">
      <Filter>Source Files</Filter>
    </ClCompile>
    <ClCompile Include="..\ocpp\ppFile.cpp">
      <Filter>Source Files</Filter>
    </ClCompile>
    <ClCompile Include="..\ocpp\ppInclude.cpp">
      <Filter>Source Files</Filter>
    </ClCompile>
    <ClCompile Include="..\ocpp\ppMacro.cpp">
      <Filter>Source Files</Filter>
    </ClCompile>
    <ClCompile Include="..\ocpp\ppPragma.cpp">
      <Filter>Source Files</Filter>
    </ClCompile>
    <ClCompile Include="..\ocpp\PreProcessor.cpp">
      <Filter>Source Files</Filter>
    </ClCompile>
    <ClCompile Include="..\ocpp\SymbolTable.cpp">
      <Filter>Source Files</Filter>
    </ClCompile>
    <ClCompile Include="..\ocpp\Token.cpp">
      <Filter>Source Files</Filter>
    </ClCompile>
    <ClCompile Include="..\occopt\ifloatconv.cpp">
      <Filter>Source Files</Filter>
    </ClCompile>
    <ClCompile Include="..\occopt\symfuncs.cpp">
      <Filter>Source Files</Filter>
    </ClCompile>
    <ClCompile Include="..\occopt\config.cpp">
      <Filter>Source Files</Filter>
    </ClCompile>
    <ClCompile Include="..\occopt\configmsil.cpp">
      <Filter>Source Files</Filter>
    </ClCompile>
    <ClCompile Include="..\occopt\configx86.cpp">
      <Filter>Source Files</Filter>
    </ClCompile>
    <ClCompile Include="..\occopt\ildata.cpp">
      <Filter>Source Files</Filter>
    </ClCompile>
    <ClCompile Include="..\occparse\occparse.cpp">
      <Filter>Source Files</Filter>
    </ClCompile>
    <ClCompile Include="..\occopt\OptUtils.cpp">
      <Filter>Source Files</Filter>
    </ClCompile>
    <ClCompile Include="..\occopt\output.cpp">
      <Filter>Source Files</Filter>
    </ClCompile>
    <ClCompile Include="..\occopt\optmodules.cpp">
      <Filter>Source Files</Filter>
    </ClCompile>
    <ClCompile Include="..\occopt\iblock.cpp">
      <Filter>Source Files</Filter>
    </ClCompile>
    <ClCompile Include="..\occparse\iexpr.cpp">
      <Filter>Source Files</Filter>
    </ClCompile>
    <ClCompile Include="..\occparse\iinline.cpp">
      <Filter>Source Files</Filter>
    </ClCompile>
    <ClCompile Include="..\occparse\istmt.cpp">
      <Filter>Source Files</Filter>
    </ClCompile>
    <ClCompile Include="..\oasm\AdlFunctions.cpp">
      <Filter>Source Files</Filter>
    </ClCompile>
    <ClCompile Include="..\oasm\AsmExpr.cpp">
      <Filter>Source Files</Filter>
    </ClCompile>
    <ClCompile Include="..\oasm\AsmFile.cpp">
      <Filter>Source Files</Filter>
    </ClCompile>
    <ClCompile Include="..\oasm\AsmLexer.cpp">
      <Filter>Source Files</Filter>
    </ClCompile>
    <ClCompile Include="..\oasm\Instruction.cpp">
      <Filter>Source Files</Filter>
    </ClCompile>
    <ClCompile Include="..\oasm\Section.cpp">
      <Filter>Source Files</Filter>
    </ClCompile>
    <ClCompile Include="..\oasm\x64Instructions.cpp">
      <Filter>Source Files</Filter>
    </ClCompile>
    <ClCompile Include="..\occil\msilInit.cpp">
      <Filter>Source Files</Filter>
    </ClCompile>
    <ClCompile Include="..\occil\using.cpp">
      <Filter>Source Files</Filter>
    </ClCompile>
    <ClCompile Include="..\occopt\ilstream.cpp">
      <Filter>Source Files</Filter>
    </ClCompile>
    <ClCompile Include="..\occopt\iout.cpp">
      <Filter>Source Files</Filter>
    </ClCompile>
    <ClCompile Include="..\occ\InstructionParser.cpp">
      <Filter>Source Files</Filter>
    </ClCompile>
    <ClCompile Include="..\occ\x64Parser.cpp">
      <Filter>Source Files</Filter>
    </ClCompile>
    <ClCompile Include="..\occ\x64stub.cpp">
      <Filter>Source Files</Filter>
    </ClCompile>
    <ClCompile Include="..\sqlite3\sqlite3.c">
      <Filter>Source Files</Filter>
    </ClCompile>
    <ClCompile Include="..\occparse\constexpr.cpp">
      <Filter>Source Files</Filter>
    </ClCompile>
    <ClCompile Include="..\ocpp\MakeStubs.cpp">
      <Filter>Source Files</Filter>
    </ClCompile>
  </ItemGroup>
  <ItemGroup>
    <ClInclude Include="db.h">
      <Filter>Header Files</Filter>
    </ClInclude>
    <ClInclude Include="parser.h">
      <Filter>Header Files</Filter>
    </ClInclude>
    <ClInclude Include="symtypes.h">
      <Filter>Header Files</Filter>
    </ClInclude>
    <ClInclude Include="..\occparse\c.h">
      <Filter>Header Files</Filter>
    </ClInclude>
    <ClInclude Include="..\occparse\compiler.h">
      <Filter>Header Files</Filter>
    </ClInclude>
    <ClInclude Include="..\occparse\osutil.h">
      <Filter>Header Files</Filter>
    </ClInclude>
    <ClInclude Include="..\occparse\peheader.h">
      <Filter>Header Files</Filter>
    </ClInclude>
    <ClInclude Include="..\occparse\rtti.h">
      <Filter>Header Files</Filter>
    </ClInclude>
    <ClInclude Include="..\occparse\SymbolManager.h">
      <Filter>Header Files</Filter>
    </ClInclude>
    <ClInclude Include="..\occparse\winmode.h">
      <Filter>Header Files</Filter>
    </ClInclude>
    <ClInclude Include="..\occopt\ildata.h">
      <Filter>Header Files</Filter>
    </ClInclude>
    <ClInclude Include="..\occopt\optmodules.h">
      <Filter>Header Files</Filter>
    </ClInclude>
    <ClInclude Include="..\occparse\iexpr.h">
      <Filter>Header Files</Filter>
    </ClInclude>
    <ClInclude Include="..\occparse\iinline.h">
      <Filter>Header Files</Filter>
    </ClInclude>
    <ClInclude Include="..\occparse\istmt.h">
      <Filter>Header Files</Filter>
    </ClInclude>
    <ClInclude Include="..\netlib\DotNetPELib.h">
      <Filter>Header Files</Filter>
    </ClInclude>
    <ClInclude Include="..\oasm\AdlStructures.h">
      <Filter>Header Files</Filter>
    </ClInclude>
    <ClInclude Include="..\oasm\AsmLexer.h">
      <Filter>Header Files</Filter>
    </ClInclude>
    <ClInclude Include="..\occopt\beinterf.h">
      <Filter>Header Files</Filter>
    </ClInclude>
    <ClInclude Include="..\occopt\ioptimizer.h">
      <Filter>Header Files</Filter>
    </ClInclude>
    <ClInclude Include="..\ocpp\Errors.h">
      <Filter>Header Files</Filter>
    </ClInclude>
    <ClInclude Include="..\ocpp\Floating.h">
      <Filter>Header Files</Filter>
    </ClInclude>
    <ClInclude Include="..\ocpp\InputFile.h">
      <Filter>Header Files</Filter>
    </ClInclude>
    <ClInclude Include="..\ocpp\PipeArbitrator.h">
      <Filter>Header Files</Filter>
    </ClInclude>
    <ClInclude Include="..\ocpp\ppCond.h">
      <Filter>Header Files</Filter>
    </ClInclude>
    <ClInclude Include="..\ocpp\ppCtx.h">
      <Filter>Header Files</Filter>
    </ClInclude>
    <ClInclude Include="..\ocpp\ppDefine.h">
      <Filter>Header Files</Filter>
    </ClInclude>
    <ClInclude Include="..\ocpp\ppError.h">
      <Filter>Header Files</Filter>
    </ClInclude>
    <ClInclude Include="..\ocpp\ppExpr.h">
      <Filter>Header Files</Filter>
    </ClInclude>
    <ClInclude Include="..\ocpp\ppFile.h">
      <Filter>Header Files</Filter>
    </ClInclude>
    <ClInclude Include="..\ocpp\ppInclude.h">
      <Filter>Header Files</Filter>
    </ClInclude>
    <ClInclude Include="..\ocpp\ppkw.h">
      <Filter>Header Files</Filter>
    </ClInclude>
    <ClInclude Include="..\ocpp\ppMacro.h">
      <Filter>Header Files</Filter>
    </ClInclude>
    <ClInclude Include="..\ocpp\ppPragma.h">
      <Filter>Header Files</Filter>
    </ClInclude>
    <ClInclude Include="..\ocpp\pragma.h">
      <Filter>Header Files</Filter>
    </ClInclude>
    <ClInclude Include="..\ocpp\PreProcessor.h">
      <Filter>Header Files</Filter>
    </ClInclude>
    <ClInclude Include="..\ocpp\SymbolTable.h">
      <Filter>Header Files</Filter>
    </ClInclude>
    <ClInclude Include="..\ocpp\Token.h">
      <Filter>Header Files</Filter>
    </ClInclude>
    <ClInclude Include="..\occopt\iopt.h">
      <Filter>Header Files</Filter>
    </ClInclude>
    <ClInclude Include="..\occparse\AsmExpr.h">
      <Filter>Header Files</Filter>
    </ClInclude>
    <ClInclude Include="..\occparse\browse.h">
      <Filter>Header Files</Filter>
    </ClInclude>
    <ClInclude Include="..\occparse\ccerr.h">
      <Filter>Header Files</Filter>
    </ClInclude>
    <ClInclude Include="..\occparse\config.h">
      <Filter>Header Files</Filter>
    </ClInclude>
    <ClInclude Include="..\occparse\configmsil.h">
      <Filter>Header Files</Filter>
    </ClInclude>
    <ClInclude Include="..\occparse\configx86.h">
      <Filter>Header Files</Filter>
    </ClInclude>
    <ClInclude Include="..\occparse\constopt.h">
      <Filter>Header Files</Filter>
    </ClInclude>
    <ClInclude Include="..\occparse\cppbltin.h">
      <Filter>Header Files</Filter>
    </ClInclude>
    <ClInclude Include="..\occparse\cpplookup.h">
      <Filter>Header Files</Filter>
    </ClInclude>
    <ClInclude Include="..\occparse\crc32.h">
      <Filter>Header Files</Filter>
    </ClInclude>
    <ClInclude Include="..\occparse\debug.h">
      <Filter>Header Files</Filter>
    </ClInclude>
    <ClInclude Include="..\occparse\declare.h">
      <Filter>Header Files</Filter>
    </ClInclude>
    <ClInclude Include="..\occparse\declcons.h">
      <Filter>Header Files</Filter>
    </ClInclude>
    <ClInclude Include="..\occparse\declcpp.h">
      <Filter>Header Files</Filter>
    </ClInclude>
    <ClInclude Include="..\occparse\dsw.h">
      <Filter>Header Files</Filter>
    </ClInclude>
    <ClInclude Include="..\occparse\expr.h">
      <Filter>Header Files</Filter>
    </ClInclude>
    <ClInclude Include="..\occparse\exprcpp.h">
      <Filter>Header Files</Filter>
    </ClInclude>
    <ClInclude Include="..\occparse\floatconv.h">
      <Filter>Header Files</Filter>
    </ClInclude>
    <ClInclude Include="..\occparse\help.h">
      <Filter>Header Files</Filter>
    </ClInclude>
    <ClInclude Include="..\occparse\import.h">
      <Filter>Header Files</Filter>
    </ClInclude>
    <ClInclude Include="..\occparse\inasm.h">
      <Filter>Header Files</Filter>
    </ClInclude>
    <ClInclude Include="..\occparse\init.h">
      <Filter>Header Files</Filter>
    </ClInclude>
    <ClInclude Include="..\occparse\initbackend.h">
      <Filter>Header Files</Filter>
    </ClInclude>
    <ClInclude Include="..\occparse\inline.h">
      <Filter>Header Files</Filter>
    </ClInclude>
    <ClInclude Include="..\occparse\lambda.h">
      <Filter>Header Files</Filter>
    </ClInclude>
    <ClInclude Include="..\occparse\lex.h">
      <Filter>Header Files</Filter>
    </ClInclude>
    <ClInclude Include="..\occparse\libcxx.h">
      <Filter>Header Files</Filter>
    </ClInclude>
    <ClInclude Include="..\occparse\mangle.h">
      <Filter>Header Files</Filter>
    </ClInclude>
    <ClInclude Include="..\occparse\memory.h">
      <Filter>Header Files</Filter>
    </ClInclude>
    <ClInclude Include="..\occparse\occparse.h">
      <Filter>Header Files</Filter>
    </ClInclude>
    <ClInclude Include="..\occparse\Property.h">
      <Filter>Header Files</Filter>
    </ClInclude>
    <ClInclude Include="..\occparse\stmt.h">
      <Filter>Header Files</Filter>
    </ClInclude>
    <ClInclude Include="..\occparse\symtab.h">
      <Filter>Header Files</Filter>
    </ClInclude>
    <ClInclude Include="..\occparse\template.h">
      <Filter>Header Files</Filter>
    </ClInclude>
    <ClInclude Include="..\occparse\types.h">
      <Filter>Header Files</Filter>
    </ClInclude>
    <ClInclude Include="..\occparse\unmangle.h">
      <Filter>Header Files</Filter>
    </ClInclude>
    <ClInclude Include="..\occparse\wseh.h">
      <Filter>Header Files</Filter>
    </ClInclude>
    <ClInclude Include="..\sqlite3\sqlite3.h">
      <Filter>Header Files</Filter>
    </ClInclude>
    <ClInclude Include="..\occparse\constexpr.h">
      <Filter>Header Files</Filter>
    </ClInclude>
    <ClInclude Include="..\ocpp\MakeStubs.h">
      <Filter>Header Files</Filter>
    </ClInclude>
  </ItemGroup>
</Project>