<?xml version="1.0" encoding="utf-8"?>
<Project ToolsVersion="4.0" xmlns="http://schemas.microsoft.com/developer/msbuild/2003">
  <ItemGroup>
    <Filter Include="Source Files">
      <UniqueIdentifier>{4FC737F1-C7A5-4376-A066-2A32D752A2FF}</UniqueIdentifier>
      <Extensions>cpp;c;cc;cxx;def;odl;idl;hpj;bat;asm;asmx</Extensions>
    </Filter>
    <Filter Include="Header Files">
      <UniqueIdentifier>{93995380-89BD-4b04-88EB-625FBE52EBFB}</UniqueIdentifier>
      <Extensions>h;hpp;hxx;hm;inl;inc;xsd</Extensions>
    </Filter>
    <Filter Include="Resource Files">
      <UniqueIdentifier>{67DA6AB6-F800-4c08-8B7A-83BB121AAD01}</UniqueIdentifier>
      <Extensions>rc;ico;cur;bmp;dlg;rc2;rct;bin;rgs;gif;jpg;jpeg;jpe;resx;tiff;tif;png;wav;mfcribbon-ms</Extensions>
    </Filter>
  </ItemGroup>
  <ItemGroup>
    <None Include="ReadMe.txt" />
    <None Include="CC386.CFG" />
  </ItemGroup>
  <ItemGroup>
    <ClCompile Include="altcomb.c">
      <Filter>Source Files</Filter>
    </ClCompile>
    <ClCompile Include="autodepend.c">
      <Filter>Source Files</Filter>
    </ClCompile>
    <ClCompile Include="brfold.c">
      <Filter>Source Files</Filter>
    </ClCompile>
    <ClCompile Include="brkcode.c">
      <Filter>Source Files</Filter>
    </ClCompile>
    <ClCompile Include="brkdata.c">
      <Filter>Source Files</Filter>
    </ClCompile>
    <ClCompile Include="brkhdwe.c">
      <Filter>Source Files</Filter>
    </ClCompile>
    <ClCompile Include="brkstep.c">
      <Filter>Source Files</Filter>
    </ClCompile>
    <ClCompile Include="buildrul.c">
      <Filter>Source Files</Filter>
    </ClCompile>
    <ClCompile Include="codecomp.c">
      <Filter>Source Files</Filter>
    </ClCompile>
    <ClCompile Include="dbgasm.c">
      <Filter>Source Files</Filter>
    </ClCompile>
    <ClCompile Include="dbgdb.c">
      <Filter>Source Files</Filter>
    </ClCompile>
    <ClCompile Include="dbghints.c">
      <Filter>Source Files</Filter>
    </ClCompile>
    <ClCompile Include="dbgmain.c">
      <Filter>Source Files</Filter>
    </ClCompile>
    <ClCompile Include="dbgmem.c">
      <Filter>Source Files</Filter>
    </ClCompile>
    <ClCompile Include="dbgreg.c">
      <Filter>Source Files</Filter>
    </ClCompile>
    <ClCompile Include="dbgstack.c">
      <Filter>Source Files</Filter>
    </ClCompile>
    <ClCompile Include="dbgsyms.c">
      <Filter>Source Files</Filter>
    </ClCompile>
    <ClCompile Include="dbgthread.c">
      <Filter>Source Files</Filter>
    </ClCompile>
    <ClCompile Include="dbgwatch.c">
      <Filter>Source Files</Filter>
    </ClCompile>
    <ClCompile Include="dlgctlwnd.c">
      <Filter>Source Files</Filter>
    </ClCompile>
    <ClCompile Include="doswind.c">
      <Filter>Source Files</Filter>
    </ClCompile>
    <ClCompile Include="drawacc.c">
      <Filter>Source Files</Filter>
    </ClCompile>
    <ClCompile Include="drawdlg.c">
      <Filter>Source Files</Filter>
    </ClCompile>
    <ClCompile Include="drawedit.c">
      <Filter>Source Files</Filter>
    </ClCompile>
    <ClCompile Include="drawimage.c">
      <Filter>Source Files</Filter>
    </ClCompile>
    <ClCompile Include="drawmenu.c">
      <Filter>Source Files</Filter>
    </ClCompile>
    <ClCompile Include="drawrcdata.c">
      <Filter>Source Files</Filter>
    </ClCompile>
    <ClCompile Include="drawstrings.c">
      <Filter>Source Files</Filter>
    </ClCompile>
    <ClCompile Include="drawutil.c">
      <Filter>Source Files</Filter>
    </ClCompile>
    <ClCompile Include="drawversion.c">
      <Filter>Source Files</Filter>
    </ClCompile>
    <ClCompile Include="effect.c">
      <Filter>Source Files</Filter>
    </ClCompile>
    <ClCompile Include="extools.c">
      <Filter>Source Files</Filter>
    </ClCompile>
    <ClCompile Include="FileBrowse.c">
      <Filter>Source Files</Filter>
    </ClCompile>
    <ClCompile Include="filedlg.c">
      <Filter>Source Files</Filter>
    </ClCompile>
    <ClCompile Include="find.c">
      <Filter>Source Files</Filter>
    </ClCompile>
    <ClCompile Include="idedialog.c">
      <Filter>Source Files</Filter>
    </ClCompile>
    <ClCompile Include="ideeval.c">
      <Filter>Source Files</Filter>
    </ClCompile>
    <ClCompile Include="idehelp.c">
      <Filter>Source Files</Filter>
    </ClCompile>
    <ClCompile Include="idemenu.c">
      <Filter>Source Files</Filter>
    </ClCompile>
    <ClCompile Include="ideregexp.c">
      <Filter>Source Files</Filter>
    </ClCompile>
    <ClCompile Include="idexml.c">
      <Filter>Source Files</Filter>
    </ClCompile>
    <ClCompile Include="imgdraw.c">
      <Filter>Source Files</Filter>
    </ClCompile>
    <ClCompile Include="imgui.c">
      <Filter>Source Files</Filter>
    </ClCompile>
    <ClCompile Include="infownd.c">
      <Filter>Source Files</Filter>
    </ClCompile>
    <ClCompile Include="instance.c">
      <Filter>Source Files</Filter>
    </ClCompile>
    <ClCompile Include="make.c">
      <Filter>Source Files</Filter>
    </ClCompile>
    <ClCompile Include="makecommon.c">
      <Filter>Source Files</Filter>
    </ClCompile>
    <ClCompile Include="MAKEGEN.c">
      <Filter>Source Files</Filter>
    </ClCompile>
    <ClCompile Include="MRU.c">
      <Filter>Source Files</Filter>
    </ClCompile>
    <ClCompile Include="ocide.c">
      <Filter>Source Files</Filter>
    </ClCompile>
    <ClCompile Include="OPCODES.c">
      <Filter>Source Files</Filter>
    </ClCompile>
    <ClCompile Include="OPERANDS.c">
      <Filter>Source Files</Filter>
    </ClCompile>
    <ClCompile Include="PEFILE.c">
      <Filter>Source Files</Filter>
    </ClCompile>
    <ClCompile Include="POPUP.c">
      <Filter>Source Files</Filter>
    </ClCompile>
    <ClCompile Include="print.c">
      <Filter>Source Files</Filter>
    </ClCompile>
    <ClCompile Include="PRINTWM.c">
      <Filter>Source Files</Filter>
    </ClCompile>
    <ClCompile Include="prjfile.c">
      <Filter>Source Files</Filter>
    </ClCompile>
    <ClCompile Include="prjfolder.c">
      <Filter>Source Files</Filter>
    </ClCompile>
    <ClCompile Include="prjprj.c">
      <Filter>Source Files</Filter>
    </ClCompile>
    <ClCompile Include="prjutil.c">
      <Filter>Source Files</Filter>
    </ClCompile>
    <ClCompile Include="prjwa.c">
      <Filter>Source Files</Filter>
    </ClCompile>
    <ClCompile Include="prjwnd.c">
      <Filter>Source Files</Filter>
    </ClCompile>
    <ClCompile Include="PROFILE.c">
      <Filter>Source Files</Filter>
    </ClCompile>
    <ClCompile Include="progress.c">
      <Filter>Source Files</Filter>
    </ClCompile>
    <ClCompile Include="props.c">
      <Filter>Source Files</Filter>
    </ClCompile>
    <ClCompile Include="rcgs.c">
      <Filter>Source Files</Filter>
    </ClCompile>
    <ClCompile Include="rcie.c">
      <Filter>Source Files</Filter>
    </ClCompile>
    <ClCompile Include="rcinterf.c">
      <Filter>Source Files</Filter>
    </ClCompile>
    <ClCompile Include="rckw.c">
      <Filter>Source Files</Filter>
    </ClCompile>
    <ClCompile Include="rcpp.c">
      <Filter>Source Files</Filter>
    </ClCompile>
    <ClCompile Include="rcread.c">
      <Filter>Source Files</Filter>
    </ClCompile>
    <ClCompile Include="rcsym.c">
      <Filter>Source Files</Filter>
    </ClCompile>
    <ClCompile Include="rcutil.c">
      <Filter>Source Files</Filter>
    </ClCompile>
    <ClCompile Include="rcwrite.c">
      <Filter>Source Files</Filter>
    </ClCompile>
    <ClCompile Include="SIMOPS.c">
      <Filter>Source Files</Filter>
    </ClCompile>
    <ClCompile Include="slprefs.c">
      <Filter>Source Files</Filter>
    </ClCompile>
    <ClCompile Include="slproj.c">
      <Filter>Source Files</Filter>
    </ClCompile>
    <ClCompile Include="slrule.c">
      <Filter>Source Files</Filter>
    </ClCompile>
    <ClCompile Include="slwa.c">
      <Filter>Source Files</Filter>
    </ClCompile>
    <ClCompile Include="Splash.c">
      <Filter>Source Files</Filter>
    </ClCompile>
    <ClCompile Include="SRCHPATH.c">
      <Filter>Source Files</Filter>
    </ClCompile>
    <ClCompile Include="TAGS.c">
      <Filter>Source Files</Filter>
    </ClCompile>
    <ClCompile Include="toolbar.c">
      <Filter>Source Files</Filter>
    </ClCompile>
    <ClCompile Include="UZ.c">
      <Filter>Source Files</Filter>
    </ClCompile>
    <ClCompile Include="wargs.c">
      <Filter>Source Files</Filter>
    </ClCompile>
    <ClCompile Include="window.c">
      <Filter>Source Files</Filter>
    </ClCompile>
    <ClCompile Include="XEDIT.c">
      <Filter>Source Files</Filter>
    </ClCompile>
    <ClCompile Include="rcerr.c">
      <Filter>Source Files</Filter>
    </ClCompile>
    <ClCompile Include="..\sqlite3\sqlite3.c">
      <Filter>Source Files</Filter>
    </ClCompile>
    <ClCompile Include="bookmarks.c">
      <Filter>Source Files</Filter>
    </ClCompile>
    <ClCompile Include="brkwnd.c">
      <Filter>Source Files</Filter>
    </ClCompile>
    <ClCompile Include="brsJump.c">
      <Filter>Source Files</Filter>
    </ClCompile>
    <ClCompile Include="brsLookup.c">
      <Filter>Source Files</Filter>
    </ClCompile>
    <ClCompile Include="brswnd.c">
      <Filter>Source Files</Filter>
    </ClCompile>
    <ClCompile Include="ctlbound.c">
      <Filter>Source Files</Filter>
    </ClCompile>
    <ClCompile Include="ctlcont.c">
      <Filter>Source Files</Filter>
    </ClCompile>
    <ClCompile Include="ctlframe.c">
      <Filter>Source Files</Filter>
    </ClCompile>
    <ClCompile Include="ctltab.c">
      <Filter>Source Files</Filter>
    </ClCompile>
    <ClCompile Include="ctltb.c">
      <Filter>Source Files</Filter>
    </ClCompile>
    <ClCompile Include="ctltree.c">
      <Filter>Source Files</Filter>
    </ClCompile>
    <ClCompile Include="ctltt.c">
      <Filter>Source Files</Filter>
    </ClCompile>
    <ClCompile Include="dlgpropwnd.c">
      <Filter>Source Files</Filter>
    </ClCompile>
    <ClCompile Include="errorwnd.c">
      <Filter>Source Files</Filter>
    </ClCompile>
    <ClCompile Include="findwnd.c">
      <Filter>Source Files</Filter>
    </ClCompile>
    <ClCompile Include="prjdepends.c">
      <Filter>Source Files</Filter>
    </ClCompile>
    <ClCompile Include="unmangle.c">
      <Filter>Source Files</Filter>
    </ClCompile>
    <ClCompile Include="xclipbrd.c">
      <Filter>Source Files</Filter>
    </ClCompile>
    <ClCompile Include="xcodefunc.c">
      <Filter>Source Files</Filter>
    </ClCompile>
    <ClCompile Include="xcodestruc.c">
      <Filter>Source Files</Filter>
    </ClCompile>
    <ClCompile Include="xcodeutil.c">
      <Filter>Source Files</Filter>
    </ClCompile>
    <ClCompile Include="xcolorize.c">
      <Filter>Source Files</Filter>
    </ClCompile>
    <ClCompile Include="xformat.c">
      <Filter>Source Files</Filter>
    </ClCompile>
    <ClCompile Include="xmatch.c">
      <Filter>Source Files</Filter>
    </ClCompile>
    <ClCompile Include="xpaint.c">
      <Filter>Source Files</Filter>
    </ClCompile>
    <ClCompile Include="xundo.c">
      <Filter>Source Files</Filter>
    </ClCompile>
    <ClCompile Include="xutil.c">
      <Filter>Source Files</Filter>
    </ClCompile>
  </ItemGroup>
  <ItemGroup>
    <ClInclude Include="ASM_KW.H">
      <Filter>Header Files</Filter>
    </ClInclude>
    <ClInclude Include="C_KW.H">
      <Filter>Header Files</Filter>
    </ClInclude>
    <ClInclude Include="c_types.h">
      <Filter>Header Files</Filter>
    </ClInclude>
    <ClInclude Include="codecomp.h">
      <Filter>Header Files</Filter>
    </ClInclude>
    <ClInclude Include="Cvexefmt.h">
      <Filter>Header Files</Filter>
    </ClInclude>
    <ClInclude Include="dbgtype.h">
      <Filter>Header Files</Filter>
    </ClInclude>
    <ClInclude Include="HEADER.H">
      <Filter>Header Files</Filter>
    </ClInclude>
    <ClInclude Include="helpid.h">
      <Filter>Header Files</Filter>
    </ClInclude>
    <ClInclude Include="HtmlHelp.h">
      <Filter>Header Files</Filter>
    </ClInclude>
    <ClInclude Include="img.h">
      <Filter>Header Files</Filter>
    </ClInclude>
    <ClInclude Include="OPCODES.H">
      <Filter>Header Files</Filter>
    </ClInclude>
    <ClInclude Include="OPERANDS.H">
      <Filter>Header Files</Filter>
    </ClInclude>
    <ClInclude Include="parser.h">
      <Filter>Header Files</Filter>
    </ClInclude>
    <ClInclude Include="PEFILE.H">
      <Filter>Header Files</Filter>
    </ClInclude>
    <ClInclude Include="PROGRESS.H">
      <Filter>Header Files</Filter>
    </ClInclude>
    <ClInclude Include="props.h">
      <Filter>Header Files</Filter>
    </ClInclude>
    <ClInclude Include="rc.h">
      <Filter>Header Files</Filter>
    </ClInclude>
    <ClInclude Include="rc_kw.h">
      <Filter>Header Files</Filter>
    </ClInclude>
    <ClInclude Include="rcgui.h">
      <Filter>Header Files</Filter>
    </ClInclude>
    <ClInclude Include="regexp.h">
      <Filter>Header Files</Filter>
    </ClInclude>
    <ClInclude Include="resedit.h">
      <Filter>Header Files</Filter>
    </ClInclude>
    <ClInclude Include="Splash.h">
      <Filter>Header Files</Filter>
    </ClInclude>
    <ClInclude Include="TreeListView.h">
      <Filter>Header Files</Filter>
    </ClInclude>
    <ClInclude Include="UTYPE.H">
      <Filter>Header Files</Filter>
    </ClInclude>
    <ClInclude Include="wargs.h">
      <Filter>Header Files</Filter>
    </ClInclude>
    <ClInclude Include="XML.H">
      <Filter>Header Files</Filter>
    </ClInclude>
    <ClInclude Include="ctl.h">
      <Filter>Header Files</Filter>
    </ClInclude>
    <ClInclude Include="idewinconst.h">
      <Filter>Header Files</Filter>
    </ClInclude>
    <ClInclude Include="symtypes.h">
      <Filter>Header Files</Filter>
    </ClInclude>
  </ItemGroup>
  <ItemGroup>
    <ResourceCompile Include="ociderc.rc">
      <Filter>Resource Files</Filter>
    </ResourceCompile>
  </ItemGroup>
  <ItemGroup>
    <Manifest Include="res\ocide.exe.manifest">
      <Filter>Resource Files</Filter>
    </Manifest>
  </ItemGroup>
</Project>