
Microsoft Visual Studio Solution File, Format Version 11.00
# Visual C++ Express 2010
Project("{8BC9CEB8-8B4A-11D0-8D11-00A0C91BC942}") = "oasm", "oasm\oasm.vcxproj", "{3314A225-370E-4A64-B25C-9BE9E7CE1DB1}"
	ProjectSection(ProjectDependencies) = postProject
		{72430015-06C0-42A2-B9EC-D0E5E2EAE83D} = {72430015-06C0-42A2-B9EC-D0E5E2EAE83D}
		{15B031AC-A404-4064-BE4E-CD5705B6293C} = {15B031AC-A404-4064-BE4E-CD5705B6293C}
		{22E147D5-E684-4B10-9CB4-D6CD8EF02118} = {22E147D5-E684-4B10-9CB4-D6CD8EF02118}
	EndProjectSection
EndProject
Project("{8BC9CEB8-8B4A-11D0-8D11-00A0C91BC942}") = "ocpplib", "ocpp\ocpp.vcxproj", "{15B031AC-A404-4064-BE4E-CD5705B6293C}"
EndProject
Project("{8BC9CEB8-8B4A-11D0-8D11-00A0C91BC942}") = "util", "util\util.vcxproj", "{72430015-06C0-42A2-B9EC-D0E5E2EAE83D}"
EndProject
Project("{8BC9CEB8-8B4A-11D0-8D11-00A0C91BC942}") = "orc", "orc\orc.vcxproj", "{96F30DDE-3FB2-4FBB-9FEA-5A2B43967F1D}"
EndProject
Project("{8BC9CEB8-8B4A-11D0-8D11-00A0C91BC942}") = "olink", "olink\olink.vcxproj", "{5E7EB317-3A07-4564-B18F-A279174828E4}"
	ProjectSection(ProjectDependencies) = postProject
		{72430015-06C0-42A2-B9EC-D0E5E2EAE83D} = {72430015-06C0-42A2-B9EC-D0E5E2EAE83D}
		{22E147D5-E684-4B10-9CB4-D6CD8EF02118} = {22E147D5-E684-4B10-9CB4-D6CD8EF02118}
	EndProjectSection
EndProject
Project("{8BC9CEB8-8B4A-11D0-8D11-00A0C91BC942}") = "olib", "olib\olib.vcxproj", "{3092C538-0C18-46A6-BEE9-F92F571F86D3}"
	ProjectSection(ProjectDependencies) = postProject
		{72430015-06C0-42A2-B9EC-D0E5E2EAE83D} = {72430015-06C0-42A2-B9EC-D0E5E2EAE83D}
		{22E147D5-E684-4B10-9CB4-D6CD8EF02118} = {22E147D5-E684-4B10-9CB4-D6CD8EF02118}
	EndProjectSection
EndProject
Project("{8BC9CEB8-8B4A-11D0-8D11-00A0C91BC942}") = "dlhex", "dlhex\dlhex.vcxproj", "{19225F50-EAC0-48B0-B595-E5C50D4EB06A}"
	ProjectSection(ProjectDependencies) = postProject
		{72430015-06C0-42A2-B9EC-D0E5E2EAE83D} = {72430015-06C0-42A2-B9EC-D0E5E2EAE83D}
		{22E147D5-E684-4B10-9CB4-D6CD8EF02118} = {22E147D5-E684-4B10-9CB4-D6CD8EF02118}
	EndProjectSection
EndProject
Project("{8BC9CEB8-8B4A-11D0-8D11-00A0C91BC942}") = "dlle", "dlle\dlle.vcxproj", "{237677E7-BA6F-48FD-9C2F-09585FA2166A}"
	ProjectSection(ProjectDependencies) = postProject
		{72430015-06C0-42A2-B9EC-D0E5E2EAE83D} = {72430015-06C0-42A2-B9EC-D0E5E2EAE83D}
		{22E147D5-E684-4B10-9CB4-D6CD8EF02118} = {22E147D5-E684-4B10-9CB4-D6CD8EF02118}
	EndProjectSection
EndProject
Project("{8BC9CEB8-8B4A-11D0-8D11-00A0C91BC942}") = "dlmz", "dlmz\dlmz.vcxproj", "{9ADD9F5C-1C96-4630-8844-931EDFD855C8}"
	ProjectSection(ProjectDependencies) = postProject
		{72430015-06C0-42A2-B9EC-D0E5E2EAE83D} = {72430015-06C0-42A2-B9EC-D0E5E2EAE83D}
		{22E147D5-E684-4B10-9CB4-D6CD8EF02118} = {22E147D5-E684-4B10-9CB4-D6CD8EF02118}
	EndProjectSection
EndProject
Project("{8BC9CEB8-8B4A-11D0-8D11-00A0C91BC942}") = "dlpe", "dlpe\dlpe.vcxproj", "{7F0C2480-F731-44FA-879E-C9A6ADCC66AB}"
	ProjectSection(ProjectDependencies) = postProject
		{72430015-06C0-42A2-B9EC-D0E5E2EAE83D} = {72430015-06C0-42A2-B9EC-D0E5E2EAE83D}
		{22E147D5-E684-4B10-9CB4-D6CD8EF02118} = {22E147D5-E684-4B10-9CB4-D6CD8EF02118}
	EndProjectSection
EndProject
Project("{8BC9CEB8-8B4A-11D0-8D11-00A0C91BC942}") = "dlpm", "dlpm\dlpm.vcxproj", "{337F7147-A290-4E88-BF66-1D2DF6073463}"
	ProjectSection(ProjectDependencies) = postProject
		{72430015-06C0-42A2-B9EC-D0E5E2EAE83D} = {72430015-06C0-42A2-B9EC-D0E5E2EAE83D}
		{22E147D5-E684-4B10-9CB4-D6CD8EF02118} = {22E147D5-E684-4B10-9CB4-D6CD8EF02118}
	EndProjectSection
EndProject
Project("{8BC9CEB8-8B4A-11D0-8D11-00A0C91BC942}") = "obrc", "obrc\obrc.vcxproj", "{711882B1-0B5E-4A49-A793-A8FB054C96BD}"
	ProjectSection(ProjectDependencies) = postProject
		{72430015-06C0-42A2-B9EC-D0E5E2EAE83D} = {72430015-06C0-42A2-B9EC-D0E5E2EAE83D}
		{22E147D5-E684-4B10-9CB4-D6CD8EF02118} = {22E147D5-E684-4B10-9CB4-D6CD8EF02118}
	EndProjectSection
EndProject
Project("{8BC9CEB8-8B4A-11D0-8D11-00A0C91BC942}") = "occ", "occ\occ.vcxproj", "{468E1A14-1264-4553-B5E1-068CF018FAB1}"
EndProject
Project("{8BC9CEB8-8B4A-11D0-8D11-00A0C91BC942}") = "ocl", "ocl\ocl.vcxproj", "{AABE945D-622E-49AD-8A6A-BDFF0B998869}"
EndProject
Project("{8BC9CEB8-8B4A-11D0-8D11-00A0C91BC942}") = "ogrep", "ogrep\ogrep.vcxproj", "{B5814B2A-4265-4BDA-8431-DA134FE85592}"
	ProjectSection(ProjectDependencies) = postProject
		{72430015-06C0-42A2-B9EC-D0E5E2EAE83D} = {72430015-06C0-42A2-B9EC-D0E5E2EAE83D}
	EndProjectSection
EndProject
Project("{8BC9CEB8-8B4A-11D0-8D11-00A0C91BC942}") = "oimplib", "oimplib\oimplib.vcxproj", "{D790D315-E03E-4400-BAB1-C22BAFBC9A60}"
	ProjectSection(ProjectDependencies) = postProject
		{72430015-06C0-42A2-B9EC-D0E5E2EAE83D} = {72430015-06C0-42A2-B9EC-D0E5E2EAE83D}
		{22E147D5-E684-4B10-9CB4-D6CD8EF02118} = {22E147D5-E684-4B10-9CB4-D6CD8EF02118}
	EndProjectSection
EndProject
Project("{8BC9CEB8-8B4A-11D0-8D11-00A0C91BC942}") = "omake", "omake\omake.vcxproj", "{4F215715-01C8-4629-AD34-6861BE2AA5E5}"
	ProjectSection(ProjectDependencies) = postProject
		{72430015-06C0-42A2-B9EC-D0E5E2EAE83D} = {72430015-06C0-42A2-B9EC-D0E5E2EAE83D}
	EndProjectSection
EndProject
Project("{8BC9CEB8-8B4A-11D0-8D11-00A0C91BC942}") = "occpr", "occ\parse86\occpr.vcxproj", "{6C7CE549-540E-440A-A321-7AB5B5DFF2D6}"
EndProject
Project("{8BC9CEB8-8B4A-11D0-8D11-00A0C91BC942}") = "ocide", "ocide\ocide.vcxproj", "{2CFEA85D-DB01-44AC-99AB-63EFE46A3990}"
EndProject
Project("{8BC9CEB8-8B4A-11D0-8D11-00A0C91BC942}") = "ocpp", "occ\preproc\occp.vcxproj", "{1C54F254-041D-4A6F-B379-5A6F08B96775}"
EndProject
Project("{8BC9CEB8-8B4A-11D0-8D11-00A0C91BC942}") = "obj", "objlib\obj.vcxproj", "{22E147D5-E684-4B10-9CB4-D6CD8EF02118}"
	ProjectSection(ProjectDependencies) = postProject
		{72430015-06C0-42A2-B9EC-D0E5E2EAE83D} = {72430015-06C0-42A2-B9EC-D0E5E2EAE83D}
	EndProjectSection
EndProject
Project("{8BC9CEB8-8B4A-11D0-8D11-00A0C91BC942}") = "coff2ieee", "coff2ieee\coff2ieee.vcxproj", "{A65080A0-FDE6-4169-A35A-8D123FE4680E}"
	ProjectSection(ProjectDependencies) = postProject
		{72430015-06C0-42A2-B9EC-D0E5E2EAE83D} = {72430015-06C0-42A2-B9EC-D0E5E2EAE83D}
		{15B031AC-A404-4064-BE4E-CD5705B6293C} = {15B031AC-A404-4064-BE4E-CD5705B6293C}
		{22E147D5-E684-4B10-9CB4-D6CD8EF02118} = {22E147D5-E684-4B10-9CB4-D6CD8EF02118}
	EndProjectSection
EndProject
Global
	GlobalSection(SolutionConfigurationPlatforms) = preSolution
		Debug|Win32 = Debug|Win32
		Release|Win32 = Release|Win32
	EndGlobalSection
	GlobalSection(ProjectConfigurationPlatforms) = postSolution
		{3314A225-370E-4A64-B25C-9BE9E7CE1DB1}.Debug|Win32.ActiveCfg = Debug|Win32
		{3314A225-370E-4A64-B25C-9BE9E7CE1DB1}.Debug|Win32.Build.0 = Debug|Win32
		{3314A225-370E-4A64-B25C-9BE9E7CE1DB1}.Release|Win32.ActiveCfg = Release|Win32
		{3314A225-370E-4A64-B25C-9BE9E7CE1DB1}.Release|Win32.Build.0 = Release|Win32
		{15B031AC-A404-4064-BE4E-CD5705B6293C}.Debug|Win32.ActiveCfg = Debug|Win32
		{15B031AC-A404-4064-BE4E-CD5705B6293C}.Debug|Win32.Build.0 = Debug|Win32
		{15B031AC-A404-4064-BE4E-CD5705B6293C}.Release|Win32.ActiveCfg = Release|Win32
		{15B031AC-A404-4064-BE4E-CD5705B6293C}.Release|Win32.Build.0 = Release|Win32
		{72430015-06C0-42A2-B9EC-D0E5E2EAE83D}.Debug|Win32.ActiveCfg = Debug|Win32
		{72430015-06C0-42A2-B9EC-D0E5E2EAE83D}.Debug|Win32.Build.0 = Debug|Win32
		{72430015-06C0-42A2-B9EC-D0E5E2EAE83D}.Release|Win32.ActiveCfg = Release|Win32
		{72430015-06C0-42A2-B9EC-D0E5E2EAE83D}.Release|Win32.Build.0 = Release|Win32
		{96F30DDE-3FB2-4FBB-9FEA-5A2B43967F1D}.Debug|Win32.ActiveCfg = Debug|Win32
		{96F30DDE-3FB2-4FBB-9FEA-5A2B43967F1D}.Debug|Win32.Build.0 = Debug|Win32
		{96F30DDE-3FB2-4FBB-9FEA-5A2B43967F1D}.Release|Win32.ActiveCfg = Release|Win32
		{96F30DDE-3FB2-4FBB-9FEA-5A2B43967F1D}.Release|Win32.Build.0 = Release|Win32
		{5E7EB317-3A07-4564-B18F-A279174828E4}.Debug|Win32.ActiveCfg = Debug|Win32
		{5E7EB317-3A07-4564-B18F-A279174828E4}.Debug|Win32.Build.0 = Debug|Win32
		{5E7EB317-3A07-4564-B18F-A279174828E4}.Release|Win32.ActiveCfg = Release|Win32
		{5E7EB317-3A07-4564-B18F-A279174828E4}.Release|Win32.Build.0 = Release|Win32
		{3092C538-0C18-46A6-BEE9-F92F571F86D3}.Debug|Win32.ActiveCfg = Debug|Win32
		{3092C538-0C18-46A6-BEE9-F92F571F86D3}.Debug|Win32.Build.0 = Debug|Win32
		{3092C538-0C18-46A6-BEE9-F92F571F86D3}.Release|Win32.ActiveCfg = Release|Win32
		{3092C538-0C18-46A6-BEE9-F92F571F86D3}.Release|Win32.Build.0 = Release|Win32
		{19225F50-EAC0-48B0-B595-E5C50D4EB06A}.Debug|Win32.ActiveCfg = Debug|Win32
		{19225F50-EAC0-48B0-B595-E5C50D4EB06A}.Debug|Win32.Build.0 = Debug|Win32
		{19225F50-EAC0-48B0-B595-E5C50D4EB06A}.Release|Win32.ActiveCfg = Release|Win32
		{19225F50-EAC0-48B0-B595-E5C50D4EB06A}.Release|Win32.Build.0 = Release|Win32
		{237677E7-BA6F-48FD-9C2F-09585FA2166A}.Debug|Win32.ActiveCfg = Debug|Win32
		{237677E7-BA6F-48FD-9C2F-09585FA2166A}.Debug|Win32.Build.0 = Debug|Win32
		{237677E7-BA6F-48FD-9C2F-09585FA2166A}.Release|Win32.ActiveCfg = Release|Win32
		{237677E7-BA6F-48FD-9C2F-09585FA2166A}.Release|Win32.Build.0 = Release|Win32
		{9ADD9F5C-1C96-4630-8844-931EDFD855C8}.Debug|Win32.ActiveCfg = Debug|Win32
		{9ADD9F5C-1C96-4630-8844-931EDFD855C8}.Debug|Win32.Build.0 = Debug|Win32
		{9ADD9F5C-1C96-4630-8844-931EDFD855C8}.Release|Win32.ActiveCfg = Release|Win32
		{9ADD9F5C-1C96-4630-8844-931EDFD855C8}.Release|Win32.Build.0 = Release|Win32
		{7F0C2480-F731-44FA-879E-C9A6ADCC66AB}.Debug|Win32.ActiveCfg = Debug|Win32
		{7F0C2480-F731-44FA-879E-C9A6ADCC66AB}.Debug|Win32.Build.0 = Debug|Win32
		{7F0C2480-F731-44FA-879E-C9A6ADCC66AB}.Release|Win32.ActiveCfg = Release|Win32
		{7F0C2480-F731-44FA-879E-C9A6ADCC66AB}.Release|Win32.Build.0 = Release|Win32
		{337F7147-A290-4E88-BF66-1D2DF6073463}.Debug|Win32.ActiveCfg = Debug|Win32
		{337F7147-A290-4E88-BF66-1D2DF6073463}.Debug|Win32.Build.0 = Debug|Win32
		{337F7147-A290-4E88-BF66-1D2DF6073463}.Release|Win32.ActiveCfg = Release|Win32
		{337F7147-A290-4E88-BF66-1D2DF6073463}.Release|Win32.Build.0 = Release|Win32
		{711882B1-0B5E-4A49-A793-A8FB054C96BD}.Debug|Win32.ActiveCfg = Debug|Win32
		{711882B1-0B5E-4A49-A793-A8FB054C96BD}.Debug|Win32.Build.0 = Debug|Win32
		{711882B1-0B5E-4A49-A793-A8FB054C96BD}.Release|Win32.ActiveCfg = Release|Win32
		{711882B1-0B5E-4A49-A793-A8FB054C96BD}.Release|Win32.Build.0 = Release|Win32
		{468E1A14-1264-4553-B5E1-068CF018FAB1}.Debug|Win32.ActiveCfg = Debug|Win32
		{468E1A14-1264-4553-B5E1-068CF018FAB1}.Debug|Win32.Build.0 = Debug|Win32
		{468E1A14-1264-4553-B5E1-068CF018FAB1}.Release|Win32.ActiveCfg = Release|Win32
		{468E1A14-1264-4553-B5E1-068CF018FAB1}.Release|Win32.Build.0 = Release|Win32
		{AABE945D-622E-49AD-8A6A-BDFF0B998869}.Debug|Win32.ActiveCfg = Debug|Win32
		{AABE945D-622E-49AD-8A6A-BDFF0B998869}.Debug|Win32.Build.0 = Debug|Win32
		{AABE945D-622E-49AD-8A6A-BDFF0B998869}.Release|Win32.ActiveCfg = Release|Win32
		{AABE945D-622E-49AD-8A6A-BDFF0B998869}.Release|Win32.Build.0 = Release|Win32
		{B5814B2A-4265-4BDA-8431-DA134FE85592}.Debug|Win32.ActiveCfg = Debug|Win32
		{B5814B2A-4265-4BDA-8431-DA134FE85592}.Debug|Win32.Build.0 = Debug|Win32
		{B5814B2A-4265-4BDA-8431-DA134FE85592}.Release|Win32.ActiveCfg = Release|Win32
		{B5814B2A-4265-4BDA-8431-DA134FE85592}.Release|Win32.Build.0 = Release|Win32
		{D790D315-E03E-4400-BAB1-C22BAFBC9A60}.Debug|Win32.ActiveCfg = Debug|Win32
		{D790D315-E03E-4400-BAB1-C22BAFBC9A60}.Debug|Win32.Build.0 = Debug|Win32
		{D790D315-E03E-4400-BAB1-C22BAFBC9A60}.Release|Win32.ActiveCfg = Release|Win32
		{D790D315-E03E-4400-BAB1-C22BAFBC9A60}.Release|Win32.Build.0 = Release|Win32
		{4F215715-01C8-4629-AD34-6861BE2AA5E5}.Debug|Win32.ActiveCfg = Debug|Win32
		{4F215715-01C8-4629-AD34-6861BE2AA5E5}.Debug|Win32.Build.0 = Debug|Win32
		{4F215715-01C8-4629-AD34-6861BE2AA5E5}.Release|Win32.ActiveCfg = Release|Win32
		{4F215715-01C8-4629-AD34-6861BE2AA5E5}.Release|Win32.Build.0 = Release|Win32
		{6C7CE549-540E-440A-A321-7AB5B5DFF2D6}.Debug|Win32.ActiveCfg = Debug|Win32
		{6C7CE549-540E-440A-A321-7AB5B5DFF2D6}.Debug|Win32.Build.0 = Debug|Win32
		{6C7CE549-540E-440A-A321-7AB5B5DFF2D6}.Release|Win32.ActiveCfg = Release|Win32
		{6C7CE549-540E-440A-A321-7AB5B5DFF2D6}.Release|Win32.Build.0 = Release|Win32
		{2CFEA85D-DB01-44AC-99AB-63EFE46A3990}.Debug|Win32.ActiveCfg = Debug|Win32
		{2CFEA85D-DB01-44AC-99AB-63EFE46A3990}.Debug|Win32.Build.0 = Debug|Win32
		{2CFEA85D-DB01-44AC-99AB-63EFE46A3990}.Release|Win32.ActiveCfg = Release|Win32
		{2CFEA85D-DB01-44AC-99AB-63EFE46A3990}.Release|Win32.Build.0 = Release|Win32
		{1C54F254-041D-4A6F-B379-5A6F08B96775}.Debug|Win32.ActiveCfg = Debug|Win32
		{1C54F254-041D-4A6F-B379-5A6F08B96775}.Debug|Win32.Build.0 = Debug|Win32
		{1C54F254-041D-4A6F-B379-5A6F08B96775}.Release|Win32.ActiveCfg = Release|Win32
		{1C54F254-041D-4A6F-B379-5A6F08B96775}.Release|Win32.Build.0 = Release|Win32
		{22E147D5-E684-4B10-9CB4-D6CD8EF02118}.Debug|Win32.ActiveCfg = Debug|Win32
		{22E147D5-E684-4B10-9CB4-D6CD8EF02118}.Debug|Win32.Build.0 = Debug|Win32
		{22E147D5-E684-4B10-9CB4-D6CD8EF02118}.Release|Win32.ActiveCfg = Release|Win32
		{22E147D5-E684-4B10-9CB4-D6CD8EF02118}.Release|Win32.Build.0 = Release|Win32
		{A65080A0-FDE6-4169-A35A-8D123FE4680E}.Debug|Win32.ActiveCfg = Debug|Win32
		{A65080A0-FDE6-4169-A35A-8D123FE4680E}.Debug|Win32.Build.0 = Debug|Win32
		{A65080A0-FDE6-4169-A35A-8D123FE4680E}.Release|Win32.ActiveCfg = Release|Win32
		{A65080A0-FDE6-4169-A35A-8D123FE4680E}.Release|Win32.Build.0 = Release|Win32
	EndGlobalSection
	GlobalSection(SolutionProperties) = preSolution
		HideSolutionNode = FALSE
	EndGlobalSection
EndGlobal
