
Microsoft Visual Studio Solution File, Format Version 12.00
# Visual Studio Version 17
VisualStudioVersion = 17.4.33205.214
MinimumVisualStudioVersion = 10.0.40219.1
Project("{8BC9CEB8-8B4A-11D0-8D11-00A0C91BC942}") = "DotNetPELib", "netlib\DotNetPELib.vcxproj", "{9E09E239-7370-4CBC-A82E-40DBCC0947F3}"
EndProject
Project("{2150E333-8FDC-42A3-9474-1A3956D46DE8}") = "Standalone Libraries", "Standalone Libraries", "{6F1242CC-95D5-4AB9-9B86-E811BAB694D9}"
EndProject
Project("{8BC9CEB8-8B4A-11D0-8D11-00A0C91BC942}") = "objlib.lib", "objlib\objlib.lib.vcxproj", "{22E147D5-E684-4B10-9CB4-D6CD8EF02118}"
EndProject
Project("{8BC9CEB8-8B4A-11D0-8D11-00A0C91BC942}") = "util.lib", "util\util.lib.vcxproj", "{72430015-06C0-42A2-B9EC-D0E5E2EAE83D}"
EndProject
Project("{2150E333-8FDC-42A3-9474-1A3956D46DE8}") = "Preprocessor", "Preprocessor", "{E04DFFDD-B1BA-4005-B0C8-1AE43E936924}"
EndProject
Project("{8BC9CEB8-8B4A-11D0-8D11-00A0C91BC942}") = "sqlite3.lib", "sqlite3\sqlite3.lib.vcxproj", "{14D061F3-1306-4C91-A04D-F46BD01D8504}"
EndProject
Project("{2150E333-8FDC-42A3-9474-1A3956D46DE8}") = "Downloaders", "Downloaders", "{665F5E75-6C97-41FE-8136-3021C9E2C7E7}"
EndProject
Project("{2150E333-8FDC-42A3-9474-1A3956D46DE8}") = "Linkage Utilities", "Linkage Utilities", "{6B4244F5-24DB-4027-8E04-239F2C47715B}"
EndProject
Project("{2150E333-8FDC-42A3-9474-1A3956D46DE8}") = "InformationalUtilities", "InformationalUtilities", "{EBAD3327-43D8-4410-BBDB-96591E9E1E3C}"
EndProject
Project("{2150E333-8FDC-42A3-9474-1A3956D46DE8}") = "Assembler", "Assembler", "{B3F881FA-378A-4C14-BEAE-160346941D51}"
EndProject
Project("{2150E333-8FDC-42A3-9474-1A3956D46DE8}") = "Compiler", "Compiler", "{7BAD9480-1712-4654-A174-31CA980DE1D4}"
EndProject
Project("{2150E333-8FDC-42A3-9474-1A3956D46DE8}") = "Development Utilities", "Development Utilities", "{A3C73475-E4A6-4DA8-9E3E-4794C91F9D1C}"
EndProject
Project("{8BC9CEB8-8B4A-11D0-8D11-00A0C91BC942}") = "adl.exe", "adl\adl.exe.vcxproj", "{4A3AABA9-AB7A-4EA6-A839-D1C2BD461A1A}"
EndProject
Project("{2150E333-8FDC-42A3-9474-1A3956D46DE8}") = "Optimizer", "Optimizer", "{9478B70D-A78C-4B5A-9782-02AF4E350AB7}"
EndProject
Project("{2150E333-8FDC-42A3-9474-1A3956D46DE8}") = "Backends", "Backends", "{0D68E24E-F888-457E-BF80-5646F179A39D}"
EndProject
Project("{2150E333-8FDC-42A3-9474-1A3956D46DE8}") = "Parser", "Parser", "{AE651479-9C78-46C7-90C5-717DBE8465C2}"
EndProject
Project("{2150E333-8FDC-42A3-9474-1A3956D46DE8}") = "Debug support", "Debug support", "{3A180D54-7798-40C4-9D34-C8ABCCE817B1}"
EndProject
Project("{2150E333-8FDC-42A3-9474-1A3956D46DE8}") = "Gcc Wrappers", "Gcc Wrappers", "{23694C0D-5284-47E9-9C23-889749A99CB1}"
EndProject
Project("{2150E333-8FDC-42A3-9474-1A3956D46DE8}") = "MSVC Wrappers", "MSVC Wrappers", "{33F0258A-B4B0-4716-B355-65F1CDC67F86}"
EndProject
Project("{8BC9CEB8-8B4A-11D0-8D11-00A0C91BC942}") = "libhostfxr", "libhostfxr\libhostfxr.vcxproj", "{047AC59D-A120-4B63-BF7D-4C560C68D643}"
EndProject
Project("{8BC9CEB8-8B4A-11D0-8D11-00A0C91BC942}") = "oasm", "oasm\oasm.vcxproj", "{3314A225-370E-4A64-B25C-9BE9E7CE1DB1}"
EndProject
Project("{8BC9CEB8-8B4A-11D0-8D11-00A0C91BC942}") = "occ", "occ\occ.vcxproj", "{FCE76643-5237-4199-A752-D95A85BEBB39}"
EndProject
Project("{8BC9CEB8-8B4A-11D0-8D11-00A0C91BC942}") = "occil", "occil\occil.vcxproj", "{658E5D2A-CF60-4DA7-8CBC-AD91F998822B}"
EndProject
Project("{8BC9CEB8-8B4A-11D0-8D11-00A0C91BC942}") = "occopt", "occopt\occopt.vcxproj", "{3C58E290-51E1-4163-9842-E804E3920BE5}"
EndProject
Project("{8BC9CEB8-8B4A-11D0-8D11-00A0C91BC942}") = "occparse", "occparse\occparse.vcxproj", "{6F4A4182-7ACB-4C9F-934B-394768E49574}"
EndProject
Project("{8BC9CEB8-8B4A-11D0-8D11-00A0C91BC942}") = "obrc", "obrc\obrc.vcxproj", "{711882B1-0B5E-4A49-A793-A8FB054C96BD}"
EndProject
Project("{8BC9CEB8-8B4A-11D0-8D11-00A0C91BC942}") = "occpr", "occpr\occpr.vcxproj", "{1DBC2695-3B1E-4461-9C74-128327A37B7B}"
EndProject
Project("{8BC9CEB8-8B4A-11D0-8D11-00A0C91BC942}") = "arocc", "arocc\arocc.vcxproj", "{E304DE89-BBFE-49AE-A953-57706D5A32E1}"
EndProject
Project("{8BC9CEB8-8B4A-11D0-8D11-00A0C91BC942}") = "gccocc", "gccocc\gccocc.vcxproj", "{9EECE4FB-84AE-44B5-928F-BEA4EAAA4DBB}"
EndProject
Project("{8BC9CEB8-8B4A-11D0-8D11-00A0C91BC942}") = "clocc", "clocc\clocc.vcxproj", "{2A9FA237-3093-4565-87F9-0594E3963FBC}"
EndProject
Project("{8BC9CEB8-8B4A-11D0-8D11-00A0C91BC942}") = "libocc", "libocc\libocc.vcxproj", "{3F50B6A2-D63E-45C0-AAD6-79338202EC99}"
EndProject
Project("{8BC9CEB8-8B4A-11D0-8D11-00A0C91BC942}") = "linkocc", "linkocc\linkocc.vcxproj", "{44A57572-60CC-405F-93FE-F3433C35DD4F}"
EndProject
Project("{8BC9CEB8-8B4A-11D0-8D11-00A0C91BC942}") = "ogrep", "ogrep\ogrep.vcxproj", "{B5814B2A-4265-4BDA-8431-DA134FE85592}"
EndProject
Project("{8BC9CEB8-8B4A-11D0-8D11-00A0C91BC942}") = "omake", "omake\omake.vcxproj", "{F6C325CA-BE29-419A-9357-5B480068C9F8}"
EndProject
Project("{8BC9CEB8-8B4A-11D0-8D11-00A0C91BC942}") = "dlhex", "dlhex\dlhex.vcxproj", "{19225F50-EAC0-48B0-B595-E5C50D4EB06A}"
EndProject
Project("{8BC9CEB8-8B4A-11D0-8D11-00A0C91BC942}") = "dlpe", "dlpe\dlpe.vcxproj", "{7F0C2480-F731-44FA-879E-C9A6ADCC66AB}"
EndProject
Project("{8BC9CEB8-8B4A-11D0-8D11-00A0C91BC942}") = "onm", "onm\onm.vcxproj", "{FABD87B4-85E3-404D-A833-51139FEAC953}"
EndProject
Project("{8BC9CEB8-8B4A-11D0-8D11-00A0C91BC942}") = "oimplib", "oimplib\oimplib.vcxproj", "{D790D315-E03E-4400-BAB1-C22BAFBC9A60}"
EndProject
Project("{8BC9CEB8-8B4A-11D0-8D11-00A0C91BC942}") = "olib", "olib\olib.vcxproj", "{3092C538-0C18-46A6-BEE9-F92F571F86D3}"
EndProject
Project("{8BC9CEB8-8B4A-11D0-8D11-00A0C91BC942}") = "olink", "olink\olink.vcxproj", "{5E7EB317-3A07-4564-B18F-A279174828E4}"
EndProject
Project("{8BC9CEB8-8B4A-11D0-8D11-00A0C91BC942}") = "orc", "orc\orc.vcxproj", "{96F30DDE-3FB2-4FBB-9FEA-5A2B43967F1D}"
EndProject
Project("{8BC9CEB8-8B4A-11D0-8D11-00A0C91BC942}") = "NetLink", "netlib\NetLink.vcxproj", "{7B52B07B-8F39-4099-8355-F2F88D31F1FD}"
EndProject
Project("{8BC9CEB8-8B4A-11D0-8D11-00A0C91BC942}") = "ocpp", "ocpp\ocpp.vcxproj", "{95FD1874-6C55-4876-B12D-4E88F6D506AD}"
EndProject
Project("{8BC9CEB8-8B4A-11D0-8D11-00A0C91BC942}") = "ieeeconvert", "ieeeconvert\ieeeconvert.vcxproj", "{E5C722A9-CA55-4AE6-8813-CB01A3731CAA}"
EndProject
Project("{8BC9CEB8-8B4A-11D0-8D11-00A0C91BC942}") = "dlmz", "dlmz\dlmz.vcxproj", "{EEDBFAEB-217C-439D-AD89-DA874258C60D}"
EndProject
Global
	GlobalSection(SolutionConfigurationPlatforms) = preSolution
		Debug|Win32 = Debug|Win32
		Debug|x64 = Debug|x64
		Release|Win32 = Release|Win32
		Release|x64 = Release|x64
	EndGlobalSection
	GlobalSection(ProjectConfigurationPlatforms) = postSolution
		{9E09E239-7370-4CBC-A82E-40DBCC0947F3}.Debug|Win32.ActiveCfg = Debug|Win32
		{9E09E239-7370-4CBC-A82E-40DBCC0947F3}.Debug|Win32.Build.0 = Debug|Win32
		{9E09E239-7370-4CBC-A82E-40DBCC0947F3}.Debug|x64.ActiveCfg = Debug|x64
		{9E09E239-7370-4CBC-A82E-40DBCC0947F3}.Debug|x64.Build.0 = Debug|x64
		{9E09E239-7370-4CBC-A82E-40DBCC0947F3}.Release|Win32.ActiveCfg = Release|Win32
		{9E09E239-7370-4CBC-A82E-40DBCC0947F3}.Release|Win32.Build.0 = Release|Win32
		{9E09E239-7370-4CBC-A82E-40DBCC0947F3}.Release|x64.ActiveCfg = Release|x64
		{9E09E239-7370-4CBC-A82E-40DBCC0947F3}.Release|x64.Build.0 = Release|x64
		{22E147D5-E684-4B10-9CB4-D6CD8EF02118}.Debug|Win32.ActiveCfg = Debug|Win32
		{22E147D5-E684-4B10-9CB4-D6CD8EF02118}.Debug|Win32.Build.0 = Debug|Win32
		{22E147D5-E684-4B10-9CB4-D6CD8EF02118}.Debug|x64.ActiveCfg = Debug|x64
		{22E147D5-E684-4B10-9CB4-D6CD8EF02118}.Debug|x64.Build.0 = Debug|x64
		{22E147D5-E684-4B10-9CB4-D6CD8EF02118}.Release|Win32.ActiveCfg = Release|Win32
		{22E147D5-E684-4B10-9CB4-D6CD8EF02118}.Release|Win32.Build.0 = Release|Win32
		{22E147D5-E684-4B10-9CB4-D6CD8EF02118}.Release|x64.ActiveCfg = Release|x64
		{22E147D5-E684-4B10-9CB4-D6CD8EF02118}.Release|x64.Build.0 = Release|x64
		{72430015-06C0-42A2-B9EC-D0E5E2EAE83D}.Debug|Win32.ActiveCfg = Debug|Win32
		{72430015-06C0-42A2-B9EC-D0E5E2EAE83D}.Debug|Win32.Build.0 = Debug|Win32
		{72430015-06C0-42A2-B9EC-D0E5E2EAE83D}.Debug|x64.ActiveCfg = Debug|x64
		{72430015-06C0-42A2-B9EC-D0E5E2EAE83D}.Debug|x64.Build.0 = Debug|x64
		{72430015-06C0-42A2-B9EC-D0E5E2EAE83D}.Release|Win32.ActiveCfg = Release|Win32
		{72430015-06C0-42A2-B9EC-D0E5E2EAE83D}.Release|Win32.Build.0 = Release|Win32
		{72430015-06C0-42A2-B9EC-D0E5E2EAE83D}.Release|x64.ActiveCfg = Release|x64
		{72430015-06C0-42A2-B9EC-D0E5E2EAE83D}.Release|x64.Build.0 = Release|x64
		{14D061F3-1306-4C91-A04D-F46BD01D8504}.Debug|Win32.ActiveCfg = Debug|Win32
		{14D061F3-1306-4C91-A04D-F46BD01D8504}.Debug|Win32.Build.0 = Debug|Win32
		{14D061F3-1306-4C91-A04D-F46BD01D8504}.Debug|x64.ActiveCfg = Debug|x64
		{14D061F3-1306-4C91-A04D-F46BD01D8504}.Debug|x64.Build.0 = Debug|x64
		{14D061F3-1306-4C91-A04D-F46BD01D8504}.Release|Win32.ActiveCfg = Release|Win32
		{14D061F3-1306-4C91-A04D-F46BD01D8504}.Release|Win32.Build.0 = Release|Win32
		{14D061F3-1306-4C91-A04D-F46BD01D8504}.Release|x64.ActiveCfg = Release|x64
		{14D061F3-1306-4C91-A04D-F46BD01D8504}.Release|x64.Build.0 = Release|x64
		{4A3AABA9-AB7A-4EA6-A839-D1C2BD461A1A}.Debug|Win32.ActiveCfg = Debug|Win32
		{4A3AABA9-AB7A-4EA6-A839-D1C2BD461A1A}.Debug|Win32.Build.0 = Debug|Win32
		{4A3AABA9-AB7A-4EA6-A839-D1C2BD461A1A}.Debug|x64.ActiveCfg = Debug|x64
		{4A3AABA9-AB7A-4EA6-A839-D1C2BD461A1A}.Debug|x64.Build.0 = Debug|x64
		{4A3AABA9-AB7A-4EA6-A839-D1C2BD461A1A}.Release|Win32.ActiveCfg = Release|Win32
		{4A3AABA9-AB7A-4EA6-A839-D1C2BD461A1A}.Release|Win32.Build.0 = Release|Win32
		{4A3AABA9-AB7A-4EA6-A839-D1C2BD461A1A}.Release|x64.ActiveCfg = Release|x64
		{4A3AABA9-AB7A-4EA6-A839-D1C2BD461A1A}.Release|x64.Build.0 = Release|x64
		{047AC59D-A120-4B63-BF7D-4C560C68D643}.Debug|Win32.ActiveCfg = Debug|Win32
		{047AC59D-A120-4B63-BF7D-4C560C68D643}.Debug|Win32.Build.0 = Debug|Win32
		{047AC59D-A120-4B63-BF7D-4C560C68D643}.Debug|x64.ActiveCfg = Debug|x64
		{047AC59D-A120-4B63-BF7D-4C560C68D643}.Debug|x64.Build.0 = Debug|x64
		{047AC59D-A120-4B63-BF7D-4C560C68D643}.Release|Win32.ActiveCfg = Release|Win32
		{047AC59D-A120-4B63-BF7D-4C560C68D643}.Release|Win32.Build.0 = Release|Win32
		{047AC59D-A120-4B63-BF7D-4C560C68D643}.Release|x64.ActiveCfg = Release|x64
		{047AC59D-A120-4B63-BF7D-4C560C68D643}.Release|x64.Build.0 = Release|x64
		{3314A225-370E-4A64-B25C-9BE9E7CE1DB1}.Debug|Win32.ActiveCfg = Debug|Win32
		{3314A225-370E-4A64-B25C-9BE9E7CE1DB1}.Debug|Win32.Build.0 = Debug|Win32
		{3314A225-370E-4A64-B25C-9BE9E7CE1DB1}.Debug|x64.ActiveCfg = Debug|x64
		{3314A225-370E-4A64-B25C-9BE9E7CE1DB1}.Debug|x64.Build.0 = Debug|x64
		{3314A225-370E-4A64-B25C-9BE9E7CE1DB1}.Release|Win32.ActiveCfg = Release|Win32
		{3314A225-370E-4A64-B25C-9BE9E7CE1DB1}.Release|Win32.Build.0 = Release|Win32
		{3314A225-370E-4A64-B25C-9BE9E7CE1DB1}.Release|x64.ActiveCfg = Release|x64
		{3314A225-370E-4A64-B25C-9BE9E7CE1DB1}.Release|x64.Build.0 = Release|x64
		{FCE76643-5237-4199-A752-D95A85BEBB39}.Debug|Win32.ActiveCfg = Debug|Win32
		{FCE76643-5237-4199-A752-D95A85BEBB39}.Debug|Win32.Build.0 = Debug|Win32
		{FCE76643-5237-4199-A752-D95A85BEBB39}.Debug|x64.ActiveCfg = Debug|x64
		{FCE76643-5237-4199-A752-D95A85BEBB39}.Debug|x64.Build.0 = Debug|x64
		{FCE76643-5237-4199-A752-D95A85BEBB39}.Release|Win32.ActiveCfg = Release|Win32
		{FCE76643-5237-4199-A752-D95A85BEBB39}.Release|Win32.Build.0 = Release|Win32
		{FCE76643-5237-4199-A752-D95A85BEBB39}.Release|x64.ActiveCfg = Release|x64
		{FCE76643-5237-4199-A752-D95A85BEBB39}.Release|x64.Build.0 = Release|x64
		{658E5D2A-CF60-4DA7-8CBC-AD91F998822B}.Debug|Win32.ActiveCfg = Debug|Win32
		{658E5D2A-CF60-4DA7-8CBC-AD91F998822B}.Debug|Win32.Build.0 = Debug|Win32
		{658E5D2A-CF60-4DA7-8CBC-AD91F998822B}.Debug|x64.ActiveCfg = Debug|x64
		{658E5D2A-CF60-4DA7-8CBC-AD91F998822B}.Debug|x64.Build.0 = Debug|x64
		{658E5D2A-CF60-4DA7-8CBC-AD91F998822B}.Release|Win32.ActiveCfg = Release|Win32
		{658E5D2A-CF60-4DA7-8CBC-AD91F998822B}.Release|Win32.Build.0 = Release|Win32
		{658E5D2A-CF60-4DA7-8CBC-AD91F998822B}.Release|x64.ActiveCfg = Release|x64
		{658E5D2A-CF60-4DA7-8CBC-AD91F998822B}.Release|x64.Build.0 = Release|x64
		{3C58E290-51E1-4163-9842-E804E3920BE5}.Debug|Win32.ActiveCfg = Debug|Win32
		{3C58E290-51E1-4163-9842-E804E3920BE5}.Debug|Win32.Build.0 = Debug|Win32
		{3C58E290-51E1-4163-9842-E804E3920BE5}.Debug|x64.ActiveCfg = Debug|x64
		{3C58E290-51E1-4163-9842-E804E3920BE5}.Debug|x64.Build.0 = Debug|x64
		{3C58E290-51E1-4163-9842-E804E3920BE5}.Release|Win32.ActiveCfg = Release|Win32
		{3C58E290-51E1-4163-9842-E804E3920BE5}.Release|Win32.Build.0 = Release|Win32
		{3C58E290-51E1-4163-9842-E804E3920BE5}.Release|x64.ActiveCfg = Release|x64
		{3C58E290-51E1-4163-9842-E804E3920BE5}.Release|x64.Build.0 = Release|x64
		{6F4A4182-7ACB-4C9F-934B-394768E49574}.Debug|Win32.ActiveCfg = Debug|Win32
		{6F4A4182-7ACB-4C9F-934B-394768E49574}.Debug|Win32.Build.0 = Debug|Win32
		{6F4A4182-7ACB-4C9F-934B-394768E49574}.Debug|x64.ActiveCfg = Debug|x64
		{6F4A4182-7ACB-4C9F-934B-394768E49574}.Debug|x64.Build.0 = Debug|x64
		{6F4A4182-7ACB-4C9F-934B-394768E49574}.Release|Win32.ActiveCfg = Release|Win32
		{6F4A4182-7ACB-4C9F-934B-394768E49574}.Release|Win32.Build.0 = Release|Win32
		{6F4A4182-7ACB-4C9F-934B-394768E49574}.Release|x64.ActiveCfg = Release|x64
		{6F4A4182-7ACB-4C9F-934B-394768E49574}.Release|x64.Build.0 = Release|x64
		{711882B1-0B5E-4A49-A793-A8FB054C96BD}.Debug|Win32.ActiveCfg = Debug|Win32
		{711882B1-0B5E-4A49-A793-A8FB054C96BD}.Debug|Win32.Build.0 = Debug|Win32
		{711882B1-0B5E-4A49-A793-A8FB054C96BD}.Debug|x64.ActiveCfg = Debug|x64
		{711882B1-0B5E-4A49-A793-A8FB054C96BD}.Debug|x64.Build.0 = Debug|x64
		{711882B1-0B5E-4A49-A793-A8FB054C96BD}.Release|Win32.ActiveCfg = Release|Win32
		{711882B1-0B5E-4A49-A793-A8FB054C96BD}.Release|Win32.Build.0 = Release|Win32
		{711882B1-0B5E-4A49-A793-A8FB054C96BD}.Release|x64.ActiveCfg = Release|x64
		{711882B1-0B5E-4A49-A793-A8FB054C96BD}.Release|x64.Build.0 = Release|x64
		{1DBC2695-3B1E-4461-9C74-128327A37B7B}.Debug|Win32.ActiveCfg = Debug|Win32
		{1DBC2695-3B1E-4461-9C74-128327A37B7B}.Debug|Win32.Build.0 = Debug|Win32
		{1DBC2695-3B1E-4461-9C74-128327A37B7B}.Debug|x64.ActiveCfg = Debug|x64
		{1DBC2695-3B1E-4461-9C74-128327A37B7B}.Debug|x64.Build.0 = Debug|x64
		{1DBC2695-3B1E-4461-9C74-128327A37B7B}.Release|Win32.ActiveCfg = Release|Win32
		{1DBC2695-3B1E-4461-9C74-128327A37B7B}.Release|Win32.Build.0 = Release|Win32
		{1DBC2695-3B1E-4461-9C74-128327A37B7B}.Release|x64.ActiveCfg = Release|x64
		{1DBC2695-3B1E-4461-9C74-128327A37B7B}.Release|x64.Build.0 = Release|x64
		{E304DE89-BBFE-49AE-A953-57706D5A32E1}.Debug|Win32.ActiveCfg = Debug|Win32
		{E304DE89-BBFE-49AE-A953-57706D5A32E1}.Debug|Win32.Build.0 = Debug|Win32
		{E304DE89-BBFE-49AE-A953-57706D5A32E1}.Debug|x64.ActiveCfg = Debug|x64
		{E304DE89-BBFE-49AE-A953-57706D5A32E1}.Debug|x64.Build.0 = Debug|x64
		{E304DE89-BBFE-49AE-A953-57706D5A32E1}.Release|Win32.ActiveCfg = Release|Win32
		{E304DE89-BBFE-49AE-A953-57706D5A32E1}.Release|Win32.Build.0 = Release|Win32
		{E304DE89-BBFE-49AE-A953-57706D5A32E1}.Release|x64.ActiveCfg = Release|x64
		{E304DE89-BBFE-49AE-A953-57706D5A32E1}.Release|x64.Build.0 = Release|x64
		{9EECE4FB-84AE-44B5-928F-BEA4EAAA4DBB}.Debug|Win32.ActiveCfg = Debug|Win32
		{9EECE4FB-84AE-44B5-928F-BEA4EAAA4DBB}.Debug|Win32.Build.0 = Debug|Win32
		{9EECE4FB-84AE-44B5-928F-BEA4EAAA4DBB}.Debug|x64.ActiveCfg = Debug|x64
		{9EECE4FB-84AE-44B5-928F-BEA4EAAA4DBB}.Debug|x64.Build.0 = Debug|x64
		{9EECE4FB-84AE-44B5-928F-BEA4EAAA4DBB}.Release|Win32.ActiveCfg = Release|Win32
		{9EECE4FB-84AE-44B5-928F-BEA4EAAA4DBB}.Release|Win32.Build.0 = Release|Win32
		{9EECE4FB-84AE-44B5-928F-BEA4EAAA4DBB}.Release|x64.ActiveCfg = Release|x64
		{9EECE4FB-84AE-44B5-928F-BEA4EAAA4DBB}.Release|x64.Build.0 = Release|x64
		{2A9FA237-3093-4565-87F9-0594E3963FBC}.Debug|Win32.ActiveCfg = Debug|Win32
		{2A9FA237-3093-4565-87F9-0594E3963FBC}.Debug|Win32.Build.0 = Debug|Win32
		{2A9FA237-3093-4565-87F9-0594E3963FBC}.Debug|x64.ActiveCfg = Debug|x64
		{2A9FA237-3093-4565-87F9-0594E3963FBC}.Debug|x64.Build.0 = Debug|x64
		{2A9FA237-3093-4565-87F9-0594E3963FBC}.Release|Win32.ActiveCfg = Release|Win32
		{2A9FA237-3093-4565-87F9-0594E3963FBC}.Release|Win32.Build.0 = Release|Win32
		{2A9FA237-3093-4565-87F9-0594E3963FBC}.Release|x64.ActiveCfg = Release|x64
		{2A9FA237-3093-4565-87F9-0594E3963FBC}.Release|x64.Build.0 = Release|x64
		{3F50B6A2-D63E-45C0-AAD6-79338202EC99}.Debug|Win32.ActiveCfg = Debug|Win32
		{3F50B6A2-D63E-45C0-AAD6-79338202EC99}.Debug|Win32.Build.0 = Debug|Win32
		{3F50B6A2-D63E-45C0-AAD6-79338202EC99}.Debug|x64.ActiveCfg = Debug|x64
		{3F50B6A2-D63E-45C0-AAD6-79338202EC99}.Debug|x64.Build.0 = Debug|x64
		{3F50B6A2-D63E-45C0-AAD6-79338202EC99}.Release|Win32.ActiveCfg = Release|Win32
		{3F50B6A2-D63E-45C0-AAD6-79338202EC99}.Release|Win32.Build.0 = Release|Win32
		{3F50B6A2-D63E-45C0-AAD6-79338202EC99}.Release|x64.ActiveCfg = Release|x64
		{3F50B6A2-D63E-45C0-AAD6-79338202EC99}.Release|x64.Build.0 = Release|x64
		{44A57572-60CC-405F-93FE-F3433C35DD4F}.Debug|Win32.ActiveCfg = Debug|Win32
		{44A57572-60CC-405F-93FE-F3433C35DD4F}.Debug|Win32.Build.0 = Debug|Win32
		{44A57572-60CC-405F-93FE-F3433C35DD4F}.Debug|x64.ActiveCfg = Debug|x64
		{44A57572-60CC-405F-93FE-F3433C35DD4F}.Debug|x64.Build.0 = Debug|x64
		{44A57572-60CC-405F-93FE-F3433C35DD4F}.Release|Win32.ActiveCfg = Release|Win32
		{44A57572-60CC-405F-93FE-F3433C35DD4F}.Release|Win32.Build.0 = Release|Win32
		{44A57572-60CC-405F-93FE-F3433C35DD4F}.Release|x64.ActiveCfg = Release|x64
		{44A57572-60CC-405F-93FE-F3433C35DD4F}.Release|x64.Build.0 = Release|x64
		{B5814B2A-4265-4BDA-8431-DA134FE85592}.Debug|Win32.ActiveCfg = Debug|Win32
		{B5814B2A-4265-4BDA-8431-DA134FE85592}.Debug|Win32.Build.0 = Debug|Win32
		{B5814B2A-4265-4BDA-8431-DA134FE85592}.Debug|x64.ActiveCfg = Debug|x64
		{B5814B2A-4265-4BDA-8431-DA134FE85592}.Debug|x64.Build.0 = Debug|x64
		{B5814B2A-4265-4BDA-8431-DA134FE85592}.Release|Win32.ActiveCfg = Release|Win32
		{B5814B2A-4265-4BDA-8431-DA134FE85592}.Release|Win32.Build.0 = Release|Win32
		{B5814B2A-4265-4BDA-8431-DA134FE85592}.Release|x64.ActiveCfg = Release|x64
		{B5814B2A-4265-4BDA-8431-DA134FE85592}.Release|x64.Build.0 = Release|x64
		{F6C325CA-BE29-419A-9357-5B480068C9F8}.Debug|Win32.ActiveCfg = Debug|Win32
		{F6C325CA-BE29-419A-9357-5B480068C9F8}.Debug|Win32.Build.0 = Debug|Win32
		{F6C325CA-BE29-419A-9357-5B480068C9F8}.Debug|x64.ActiveCfg = Debug|x64
		{F6C325CA-BE29-419A-9357-5B480068C9F8}.Debug|x64.Build.0 = Debug|x64
		{F6C325CA-BE29-419A-9357-5B480068C9F8}.Release|Win32.ActiveCfg = Release|Win32
		{F6C325CA-BE29-419A-9357-5B480068C9F8}.Release|Win32.Build.0 = Release|Win32
		{F6C325CA-BE29-419A-9357-5B480068C9F8}.Release|x64.ActiveCfg = Release|x64
		{F6C325CA-BE29-419A-9357-5B480068C9F8}.Release|x64.Build.0 = Release|x64
		{19225F50-EAC0-48B0-B595-E5C50D4EB06A}.Debug|Win32.ActiveCfg = Debug|Win32
		{19225F50-EAC0-48B0-B595-E5C50D4EB06A}.Debug|Win32.Build.0 = Debug|Win32
		{19225F50-EAC0-48B0-B595-E5C50D4EB06A}.Debug|x64.ActiveCfg = Debug|x64
		{19225F50-EAC0-48B0-B595-E5C50D4EB06A}.Debug|x64.Build.0 = Debug|x64
		{19225F50-EAC0-48B0-B595-E5C50D4EB06A}.Release|Win32.ActiveCfg = Release|Win32
		{19225F50-EAC0-48B0-B595-E5C50D4EB06A}.Release|Win32.Build.0 = Release|Win32
		{19225F50-EAC0-48B0-B595-E5C50D4EB06A}.Release|x64.ActiveCfg = Release|x64
		{19225F50-EAC0-48B0-B595-E5C50D4EB06A}.Release|x64.Build.0 = Release|x64
		{7F0C2480-F731-44FA-879E-C9A6ADCC66AB}.Debug|Win32.ActiveCfg = Debug|Win32
		{7F0C2480-F731-44FA-879E-C9A6ADCC66AB}.Debug|Win32.Build.0 = Debug|Win32
		{7F0C2480-F731-44FA-879E-C9A6ADCC66AB}.Debug|x64.ActiveCfg = Debug|x64
		{7F0C2480-F731-44FA-879E-C9A6ADCC66AB}.Debug|x64.Build.0 = Debug|x64
		{7F0C2480-F731-44FA-879E-C9A6ADCC66AB}.Release|Win32.ActiveCfg = Release|Win32
		{7F0C2480-F731-44FA-879E-C9A6ADCC66AB}.Release|Win32.Build.0 = Release|Win32
		{7F0C2480-F731-44FA-879E-C9A6ADCC66AB}.Release|x64.ActiveCfg = Release|x64
		{7F0C2480-F731-44FA-879E-C9A6ADCC66AB}.Release|x64.Build.0 = Release|x64
		{FABD87B4-85E3-404D-A833-51139FEAC953}.Debug|Win32.ActiveCfg = Debug|Win32
		{FABD87B4-85E3-404D-A833-51139FEAC953}.Debug|Win32.Build.0 = Debug|Win32
		{FABD87B4-85E3-404D-A833-51139FEAC953}.Debug|x64.ActiveCfg = Debug|x64
		{FABD87B4-85E3-404D-A833-51139FEAC953}.Debug|x64.Build.0 = Debug|x64
		{FABD87B4-85E3-404D-A833-51139FEAC953}.Release|Win32.ActiveCfg = Release|Win32
		{FABD87B4-85E3-404D-A833-51139FEAC953}.Release|Win32.Build.0 = Release|Win32
		{FABD87B4-85E3-404D-A833-51139FEAC953}.Release|x64.ActiveCfg = Release|x64
		{FABD87B4-85E3-404D-A833-51139FEAC953}.Release|x64.Build.0 = Release|x64
		{D790D315-E03E-4400-BAB1-C22BAFBC9A60}.Debug|Win32.ActiveCfg = Debug|Win32
		{D790D315-E03E-4400-BAB1-C22BAFBC9A60}.Debug|Win32.Build.0 = Debug|Win32
		{D790D315-E03E-4400-BAB1-C22BAFBC9A60}.Debug|x64.ActiveCfg = Debug|x64
		{D790D315-E03E-4400-BAB1-C22BAFBC9A60}.Debug|x64.Build.0 = Debug|x64
		{D790D315-E03E-4400-BAB1-C22BAFBC9A60}.Release|Win32.ActiveCfg = Release|Win32
		{D790D315-E03E-4400-BAB1-C22BAFBC9A60}.Release|Win32.Build.0 = Release|Win32
		{D790D315-E03E-4400-BAB1-C22BAFBC9A60}.Release|x64.ActiveCfg = Release|x64
		{D790D315-E03E-4400-BAB1-C22BAFBC9A60}.Release|x64.Build.0 = Release|x64
		{3092C538-0C18-46A6-BEE9-F92F571F86D3}.Debug|Win32.ActiveCfg = Debug|Win32
		{3092C538-0C18-46A6-BEE9-F92F571F86D3}.Debug|Win32.Build.0 = Debug|Win32
		{3092C538-0C18-46A6-BEE9-F92F571F86D3}.Debug|x64.ActiveCfg = Debug|x64
		{3092C538-0C18-46A6-BEE9-F92F571F86D3}.Debug|x64.Build.0 = Debug|x64
		{3092C538-0C18-46A6-BEE9-F92F571F86D3}.Release|Win32.ActiveCfg = Release|Win32
		{3092C538-0C18-46A6-BEE9-F92F571F86D3}.Release|Win32.Build.0 = Release|Win32
		{3092C538-0C18-46A6-BEE9-F92F571F86D3}.Release|x64.ActiveCfg = Release|x64
		{3092C538-0C18-46A6-BEE9-F92F571F86D3}.Release|x64.Build.0 = Release|x64
		{5E7EB317-3A07-4564-B18F-A279174828E4}.Debug|Win32.ActiveCfg = Debug|Win32
		{5E7EB317-3A07-4564-B18F-A279174828E4}.Debug|Win32.Build.0 = Debug|Win32
		{5E7EB317-3A07-4564-B18F-A279174828E4}.Debug|x64.ActiveCfg = Debug|x64
		{5E7EB317-3A07-4564-B18F-A279174828E4}.Debug|x64.Build.0 = Debug|x64
		{5E7EB317-3A07-4564-B18F-A279174828E4}.Release|Win32.ActiveCfg = Release|Win32
		{5E7EB317-3A07-4564-B18F-A279174828E4}.Release|Win32.Build.0 = Release|Win32
		{5E7EB317-3A07-4564-B18F-A279174828E4}.Release|x64.ActiveCfg = Release|x64
		{5E7EB317-3A07-4564-B18F-A279174828E4}.Release|x64.Build.0 = Release|x64
		{96F30DDE-3FB2-4FBB-9FEA-5A2B43967F1D}.Debug|Win32.ActiveCfg = Debug|Win32
		{96F30DDE-3FB2-4FBB-9FEA-5A2B43967F1D}.Debug|Win32.Build.0 = Debug|Win32
		{96F30DDE-3FB2-4FBB-9FEA-5A2B43967F1D}.Debug|x64.ActiveCfg = Debug|x64
		{96F30DDE-3FB2-4FBB-9FEA-5A2B43967F1D}.Debug|x64.Build.0 = Debug|x64
		{96F30DDE-3FB2-4FBB-9FEA-5A2B43967F1D}.Release|Win32.ActiveCfg = Release|Win32
		{96F30DDE-3FB2-4FBB-9FEA-5A2B43967F1D}.Release|Win32.Build.0 = Release|Win32
		{96F30DDE-3FB2-4FBB-9FEA-5A2B43967F1D}.Release|x64.ActiveCfg = Release|x64
		{96F30DDE-3FB2-4FBB-9FEA-5A2B43967F1D}.Release|x64.Build.0 = Release|x64
		{7B52B07B-8F39-4099-8355-F2F88D31F1FD}.Debug|Win32.ActiveCfg = Debug|Win32
		{7B52B07B-8F39-4099-8355-F2F88D31F1FD}.Debug|Win32.Build.0 = Debug|Win32
		{7B52B07B-8F39-4099-8355-F2F88D31F1FD}.Debug|x64.ActiveCfg = Debug|x64
		{7B52B07B-8F39-4099-8355-F2F88D31F1FD}.Debug|x64.Build.0 = Debug|x64
		{7B52B07B-8F39-4099-8355-F2F88D31F1FD}.Release|Win32.ActiveCfg = Release|Win32
		{7B52B07B-8F39-4099-8355-F2F88D31F1FD}.Release|Win32.Build.0 = Release|Win32
		{7B52B07B-8F39-4099-8355-F2F88D31F1FD}.Release|x64.ActiveCfg = Release|x64
		{7B52B07B-8F39-4099-8355-F2F88D31F1FD}.Release|x64.Build.0 = Release|x64
		{95FD1874-6C55-4876-B12D-4E88F6D506AD}.Debug|Win32.ActiveCfg = Debug|Win32
		{95FD1874-6C55-4876-B12D-4E88F6D506AD}.Debug|Win32.Build.0 = Debug|Win32
		{95FD1874-6C55-4876-B12D-4E88F6D506AD}.Debug|x64.ActiveCfg = Debug|x64
		{95FD1874-6C55-4876-B12D-4E88F6D506AD}.Debug|x64.Build.0 = Debug|x64
		{95FD1874-6C55-4876-B12D-4E88F6D506AD}.Release|Win32.ActiveCfg = Release|Win32
		{95FD1874-6C55-4876-B12D-4E88F6D506AD}.Release|Win32.Build.0 = Release|Win32
		{95FD1874-6C55-4876-B12D-4E88F6D506AD}.Release|x64.ActiveCfg = Release|x64
		{95FD1874-6C55-4876-B12D-4E88F6D506AD}.Release|x64.Build.0 = Release|x64
		{E5C722A9-CA55-4AE6-8813-CB01A3731CAA}.Debug|Win32.ActiveCfg = Debug|Win32
		{E5C722A9-CA55-4AE6-8813-CB01A3731CAA}.Debug|Win32.Build.0 = Debug|Win32
		{E5C722A9-CA55-4AE6-8813-CB01A3731CAA}.Debug|x64.ActiveCfg = Debug|x64
		{E5C722A9-CA55-4AE6-8813-CB01A3731CAA}.Debug|x64.Build.0 = Debug|x64
		{E5C722A9-CA55-4AE6-8813-CB01A3731CAA}.Release|Win32.ActiveCfg = Release|Win32
		{E5C722A9-CA55-4AE6-8813-CB01A3731CAA}.Release|Win32.Build.0 = Release|Win32
		{E5C722A9-CA55-4AE6-8813-CB01A3731CAA}.Release|x64.ActiveCfg = Release|x64
		{E5C722A9-CA55-4AE6-8813-CB01A3731CAA}.Release|x64.Build.0 = Release|x64
		{EEDBFAEB-217C-439D-AD89-DA874258C60D}.Debug|Win32.ActiveCfg = Debug|Win32
		{EEDBFAEB-217C-439D-AD89-DA874258C60D}.Debug|Win32.Build.0 = Debug|Win32
		{EEDBFAEB-217C-439D-AD89-DA874258C60D}.Debug|x64.ActiveCfg = Debug|x64
		{EEDBFAEB-217C-439D-AD89-DA874258C60D}.Debug|x64.Build.0 = Debug|x64
		{EEDBFAEB-217C-439D-AD89-DA874258C60D}.Release|Win32.ActiveCfg = Release|Win32
		{EEDBFAEB-217C-439D-AD89-DA874258C60D}.Release|Win32.Build.0 = Release|Win32
		{EEDBFAEB-217C-439D-AD89-DA874258C60D}.Release|x64.ActiveCfg = Release|x64
		{EEDBFAEB-217C-439D-AD89-DA874258C60D}.Release|x64.Build.0 = Release|x64
	EndGlobalSection
	GlobalSection(SolutionProperties) = preSolution
		HideSolutionNode = FALSE
	EndGlobalSection
	GlobalSection(NestedProjects) = preSolution
		{9E09E239-7370-4CBC-A82E-40DBCC0947F3} = {6F1242CC-95D5-4AB9-9B86-E811BAB694D9}
		{22E147D5-E684-4B10-9CB4-D6CD8EF02118} = {6F1242CC-95D5-4AB9-9B86-E811BAB694D9}
		{72430015-06C0-42A2-B9EC-D0E5E2EAE83D} = {6F1242CC-95D5-4AB9-9B86-E811BAB694D9}
		{E04DFFDD-B1BA-4005-B0C8-1AE43E936924} = {7BAD9480-1712-4654-A174-31CA980DE1D4}
		{14D061F3-1306-4C91-A04D-F46BD01D8504} = {6F1242CC-95D5-4AB9-9B86-E811BAB694D9}
		{9478B70D-A78C-4B5A-9782-02AF4E350AB7} = {7BAD9480-1712-4654-A174-31CA980DE1D4}
		{0D68E24E-F888-457E-BF80-5646F179A39D} = {7BAD9480-1712-4654-A174-31CA980DE1D4}
		{AE651479-9C78-46C7-90C5-717DBE8465C2} = {7BAD9480-1712-4654-A174-31CA980DE1D4}
		{3A180D54-7798-40C4-9D34-C8ABCCE817B1} = {A3C73475-E4A6-4DA8-9E3E-4794C91F9D1C}
		{23694C0D-5284-47E9-9C23-889749A99CB1} = {A3C73475-E4A6-4DA8-9E3E-4794C91F9D1C}
		{33F0258A-B4B0-4716-B355-65F1CDC67F86} = {A3C73475-E4A6-4DA8-9E3E-4794C91F9D1C}
		{047AC59D-A120-4B63-BF7D-4C560C68D643} = {6F1242CC-95D5-4AB9-9B86-E811BAB694D9}
		{3314A225-370E-4A64-B25C-9BE9E7CE1DB1} = {B3F881FA-378A-4C14-BEAE-160346941D51}
		{FCE76643-5237-4199-A752-D95A85BEBB39} = {0D68E24E-F888-457E-BF80-5646F179A39D}
		{658E5D2A-CF60-4DA7-8CBC-AD91F998822B} = {0D68E24E-F888-457E-BF80-5646F179A39D}
		{3C58E290-51E1-4163-9842-E804E3920BE5} = {9478B70D-A78C-4B5A-9782-02AF4E350AB7}
		{6F4A4182-7ACB-4C9F-934B-394768E49574} = {AE651479-9C78-46C7-90C5-717DBE8465C2}
		{711882B1-0B5E-4A49-A793-A8FB054C96BD} = {3A180D54-7798-40C4-9D34-C8ABCCE817B1}
		{1DBC2695-3B1E-4461-9C74-128327A37B7B} = {3A180D54-7798-40C4-9D34-C8ABCCE817B1}
		{E304DE89-BBFE-49AE-A953-57706D5A32E1} = {23694C0D-5284-47E9-9C23-889749A99CB1}
		{9EECE4FB-84AE-44B5-928F-BEA4EAAA4DBB} = {23694C0D-5284-47E9-9C23-889749A99CB1}
		{2A9FA237-3093-4565-87F9-0594E3963FBC} = {33F0258A-B4B0-4716-B355-65F1CDC67F86}
		{3F50B6A2-D63E-45C0-AAD6-79338202EC99} = {33F0258A-B4B0-4716-B355-65F1CDC67F86}
		{44A57572-60CC-405F-93FE-F3433C35DD4F} = {33F0258A-B4B0-4716-B355-65F1CDC67F86}
		{B5814B2A-4265-4BDA-8431-DA134FE85592} = {A3C73475-E4A6-4DA8-9E3E-4794C91F9D1C}
		{F6C325CA-BE29-419A-9357-5B480068C9F8} = {A3C73475-E4A6-4DA8-9E3E-4794C91F9D1C}
		{19225F50-EAC0-48B0-B595-E5C50D4EB06A} = {665F5E75-6C97-41FE-8136-3021C9E2C7E7}
		{7F0C2480-F731-44FA-879E-C9A6ADCC66AB} = {665F5E75-6C97-41FE-8136-3021C9E2C7E7}
		{FABD87B4-85E3-404D-A833-51139FEAC953} = {EBAD3327-43D8-4410-BBDB-96591E9E1E3C}
		{D790D315-E03E-4400-BAB1-C22BAFBC9A60} = {6B4244F5-24DB-4027-8E04-239F2C47715B}
		{3092C538-0C18-46A6-BEE9-F92F571F86D3} = {6B4244F5-24DB-4027-8E04-239F2C47715B}
		{5E7EB317-3A07-4564-B18F-A279174828E4} = {6B4244F5-24DB-4027-8E04-239F2C47715B}
		{96F30DDE-3FB2-4FBB-9FEA-5A2B43967F1D} = {6B4244F5-24DB-4027-8E04-239F2C47715B}
		{7B52B07B-8F39-4099-8355-F2F88D31F1FD} = {6B4244F5-24DB-4027-8E04-239F2C47715B}
		{95FD1874-6C55-4876-B12D-4E88F6D506AD} = {E04DFFDD-B1BA-4005-B0C8-1AE43E936924}
		{E5C722A9-CA55-4AE6-8813-CB01A3731CAA} = {EBAD3327-43D8-4410-BBDB-96591E9E1E3C}
		{EEDBFAEB-217C-439D-AD89-DA874258C60D} = {665F5E75-6C97-41FE-8136-3021C9E2C7E7}
	EndGlobalSection
	GlobalSection(ExtensibilityGlobals) = postSolution
		SolutionGuid = {B1CBB2B0-63DA-4E55-9678-031F3127E97E}
	EndGlobalSection
EndGlobal
