
Microsoft Visual Studio Solution File, Format Version 12.00
# Visual Studio Version 17
VisualStudioVersion = 17.4.33205.214
MinimumVisualStudioVersion = 10.0.40219.1
Project("{8BC9CEB8-8B4A-11D0-8D11-00A0C91BC942}") = "DotNetPELib", "netlib\DotNetPELib.vcxproj", "{9E09E239-7370-4CBC-A82E-40DBCC0947F3}"
EndProject
Project("{2150E333-8FDC-42A3-9474-1A3956D46DE8}") = "Standalone Libraries", "Standalone Libraries", "{6F1242CC-95D5-4AB9-9B86-E811BAB694D9}"
EndProject
Project("{8BC9CEB8-8B4A-11D0-8D11-00A0C91BC942}") = "objlib.lib", "objlib\objlib.lib.vcxproj", "{22E147D5-E684-4B10-9CB4-D6CD8EF02118}"
EndProject
Project("{8BC9CEB8-8B4A-11D0-8D11-00A0C91BC942}") = "util.lib", "util\util.lib.vcxproj", "{72430015-06C0-42A2-B9EC-D0E5E2EAE83D}"
EndProject
Project("{2150E333-8FDC-42A3-9474-1A3956D46DE8}") = "omake", "omake", "{8718101C-73E6-4C71-BD32-BB2575F0D330}"
EndProject
Project("{8BC9CEB8-8B4A-11D0-8D11-00A0C91BC942}") = "omake.lib", "omake\omake.lib.vcxproj", "{4F215715-01C8-4629-AD34-6861BE2AA5E5}"
EndProject
Project("{8BC9CEB8-8B4A-11D0-8D11-00A0C91BC942}") = "omake.exe", "omake\omake.exe.vcxproj", "{F6C325CA-BE29-419A-9357-5B480068C9F8}"
EndProject
Project("{2150E333-8FDC-42A3-9474-1A3956D46DE8}") = "Preprocessor", "Preprocessor", "{E04DFFDD-B1BA-4005-B0C8-1AE43E936924}"
EndProject
Project("{8BC9CEB8-8B4A-11D0-8D11-00A0C91BC942}") = "ocpp.exe", "ocpp\ocpp.exe.vcxproj", "{95FD1874-6C55-4876-B12D-4E88F6D506AD}"
EndProject
Project("{8BC9CEB8-8B4A-11D0-8D11-00A0C91BC942}") = "ocpp.lib", "ocpp\ocpp.lib.vcxproj", "{15B031AC-A404-4064-BE4E-CD5705B6293C}"
EndProject
Project("{8BC9CEB8-8B4A-11D0-8D11-00A0C91BC942}") = "sqlite3.lib", "sqlite3\sqlite3.lib.vcxproj", "{14D061F3-1306-4C91-A04D-F46BD01D8504}"
EndProject
Project("{8BC9CEB8-8B4A-11D0-8D11-00A0C91BC942}") = "olib.exe", "olib\olib.exe.vcxproj", "{3092C538-0C18-46A6-BEE9-F92F571F86D3}"
EndProject
Project("{2150E333-8FDC-42A3-9474-1A3956D46DE8}") = "olib", "olib", "{FF9D51EF-E0C6-4611-8E5C-37C0A3D0844A}"
EndProject
Project("{8BC9CEB8-8B4A-11D0-8D11-00A0C91BC942}") = "olib.lib", "olib\olib.lib.vcxproj", "{2826889D-6E55-49E0-991E-C7A6834763E6}"
EndProject
Project("{2150E333-8FDC-42A3-9474-1A3956D46DE8}") = "coff2ieee", "coff2ieee", "{4F1C9D1C-669E-42BA-AFD9-48F7CF059A3F}"
EndProject
Project("{8BC9CEB8-8B4A-11D0-8D11-00A0C91BC942}") = "coff2ieee.exe", "coff2ieee\coff2ieee.exe.vcxproj", "{A65080A0-FDE6-4169-A35A-8D123FE4680E}"
EndProject
Project("{8BC9CEB8-8B4A-11D0-8D11-00A0C91BC942}") = "coff2ieee.lib", "coff2ieee\coff2ieee.lib.vcxproj", "{AE49219D-9066-4D9F-984D-85476C95BAD7}"
EndProject
Project("{2150E333-8FDC-42A3-9474-1A3956D46DE8}") = "dlhex", "dlhex", "{B05FC4AA-1DAA-4391-97D2-CD05907045E6}"
EndProject
Project("{8BC9CEB8-8B4A-11D0-8D11-00A0C91BC942}") = "dlhex.exe", "dlhex\dlhex.exe.vcxproj", "{19225F50-EAC0-48B0-B595-E5C50D4EB06A}"
EndProject
Project("{8BC9CEB8-8B4A-11D0-8D11-00A0C91BC942}") = "dlhex.lib", "dlhex\dlhex.lib.vcxproj", "{12C8BD55-DC51-4349-9112-FF4CE7B6371B}"
EndProject
Project("{2150E333-8FDC-42A3-9474-1A3956D46DE8}") = "Downloaders", "Downloaders", "{665F5E75-6C97-41FE-8136-3021C9E2C7E7}"
EndProject
Project("{2150E333-8FDC-42A3-9474-1A3956D46DE8}") = "dlle", "dlle", "{46F2BBAE-0FCD-402C-9606-6E07EF4CE68F}"
EndProject
Project("{8BC9CEB8-8B4A-11D0-8D11-00A0C91BC942}") = "dlle.exe", "dlle\dlle.exe.vcxproj", "{237677E7-BA6F-48FD-9C2F-09585FA2166A}"
EndProject
Project("{8BC9CEB8-8B4A-11D0-8D11-00A0C91BC942}") = "dlle.lib", "dlle\dlle.lib.vcxproj", "{A73CE98C-AC3F-448A-9D0D-01F8C8B07525}"
EndProject
Project("{2150E333-8FDC-42A3-9474-1A3956D46DE8}") = "dlmz", "dlmz", "{0652A97F-CC3B-45A5-86B3-68A103B28DD2}"
EndProject
Project("{8BC9CEB8-8B4A-11D0-8D11-00A0C91BC942}") = "dlmz.exe", "dlmz\dlmz.exe.vcxproj", "{9ADD9F5C-1C96-4630-8844-931EDFD855C8}"
EndProject
Project("{8BC9CEB8-8B4A-11D0-8D11-00A0C91BC942}") = "dlmz.lib", "dlmz\dlmz.lib.vcxproj", "{BA61AF60-9496-44B2-802B-89D6403DF05C}"
EndProject
Project("{2150E333-8FDC-42A3-9474-1A3956D46DE8}") = "dlpe", "dlpe", "{BBD26135-4949-43FE-B5DB-7201AF853494}"
EndProject
Project("{8BC9CEB8-8B4A-11D0-8D11-00A0C91BC942}") = "dlpe.exe", "dlpe\dlpe.exe.vcxproj", "{7F0C2480-F731-44FA-879E-C9A6ADCC66AB}"
EndProject
Project("{8BC9CEB8-8B4A-11D0-8D11-00A0C91BC942}") = "dlpe.lib", "dlpe\dlpe.lib.vcxproj", "{36AEB73F-0A88-4841-97F1-FDB54E6208D4}"
EndProject
Project("{2150E333-8FDC-42A3-9474-1A3956D46DE8}") = "dlpm", "dlpm", "{F85AC203-ED80-431A-840D-544FF9B9A1B0}"
EndProject
Project("{8BC9CEB8-8B4A-11D0-8D11-00A0C91BC942}") = "dlpm.exe", "dlpm\dlpm.exe.vcxproj", "{337F7147-A290-4E88-BF66-1D2DF6073463}"
EndProject
Project("{2150E333-8FDC-42A3-9474-1A3956D46DE8}") = "Linkage Utilities", "Linkage Utilities", "{6B4244F5-24DB-4027-8E04-239F2C47715B}"
EndProject
Project("{2150E333-8FDC-42A3-9474-1A3956D46DE8}") = "InformationalUtilities", "InformationalUtilities", "{EBAD3327-43D8-4410-BBDB-96591E9E1E3C}"
EndProject
Project("{2150E333-8FDC-42A3-9474-1A3956D46DE8}") = "Assembler", "Assembler", "{B3F881FA-378A-4C14-BEAE-160346941D51}"
EndProject
Project("{2150E333-8FDC-42A3-9474-1A3956D46DE8}") = "Compiler", "Compiler", "{7BAD9480-1712-4654-A174-31CA980DE1D4}"
EndProject
Project("{2150E333-8FDC-42A3-9474-1A3956D46DE8}") = "Development Utilities", "Development Utilities", "{A3C73475-E4A6-4DA8-9E3E-4794C91F9D1C}"
EndProject
Project("{8BC9CEB8-8B4A-11D0-8D11-00A0C91BC942}") = "adl.exe", "adl\adl.exe.vcxproj", "{4A3AABA9-AB7A-4EA6-A839-D1C2BD461A1A}"
EndProject
Project("{8BC9CEB8-8B4A-11D0-8D11-00A0C91BC942}") = "ieeeconvert.exe", "ieeeconvert\ieeeconvert.exe.vcxproj", "{E5C722A9-CA55-4AE6-8813-CB01A3731CAA}"
EndProject
Project("{8BC9CEB8-8B4A-11D0-8D11-00A0C91BC942}") = "netlink.exe", "netlib\netlink.exe.vcxproj", "{7B52B07B-8F39-4099-8355-F2F88D31F1FD}"
EndProject
Project("{2150E333-8FDC-42A3-9474-1A3956D46DE8}") = "oasm", "oasm", "{85B4BAE1-7342-4076-98CD-64EA2904E0F5}"
EndProject
Project("{8BC9CEB8-8B4A-11D0-8D11-00A0C91BC942}") = "oasm.exe", "oasm\oasm.exe.vcxproj", "{3314A225-370E-4A64-B25C-9BE9E7CE1DB1}"
EndProject
Project("{8BC9CEB8-8B4A-11D0-8D11-00A0C91BC942}") = "oasm.lib", "oasm\oasm.lib.vcxproj", "{C3F24311-C450-476B-A9FD-4ECCE1E8E242}"
EndProject
Project("{2150E333-8FDC-42A3-9474-1A3956D46DE8}") = "obrc", "obrc", "{332DFFEE-D6F3-4C3A-B652-A2E5E7F752F5}"
EndProject
Project("{8BC9CEB8-8B4A-11D0-8D11-00A0C91BC942}") = "obrc.exe", "obrc\obrc.exe.vcxproj", "{711882B1-0B5E-4A49-A793-A8FB054C96BD}"
EndProject
Project("{8BC9CEB8-8B4A-11D0-8D11-00A0C91BC942}") = "obrc.lib", "obrc\obrc.lib.vcxproj", "{B6855719-F749-43FA-BA87-7C76717DD3E3}"
EndProject
Project("{8BC9CEB8-8B4A-11D0-8D11-00A0C91BC942}") = "ogrep.exe", "ogrep\ogrep.exe.vcxproj", "{B5814B2A-4265-4BDA-8431-DA134FE85592}"
EndProject
Project("{2150E333-8FDC-42A3-9474-1A3956D46DE8}") = "ogrep", "ogrep", "{14700F98-4278-4B31-919F-13417BA49B09}"
EndProject
Project("{8BC9CEB8-8B4A-11D0-8D11-00A0C91BC942}") = "ogrep.lib", "ogrep\ogrep.lib.vcxproj", "{77408386-A00A-4761-AFFD-C9FCDD5C33B3}"
EndProject
Project("{2150E333-8FDC-42A3-9474-1A3956D46DE8}") = "onm", "onm", "{134C544F-AE4B-4E6C-A9F3-146A67B9697A}"
EndProject
Project("{8BC9CEB8-8B4A-11D0-8D11-00A0C91BC942}") = "onm.exe", "onm\onm.exe.vcxproj", "{FABD87B4-85E3-404D-A833-51139FEAC953}"
EndProject
Project("{8BC9CEB8-8B4A-11D0-8D11-00A0C91BC942}") = "onm.lib", "onm\onm.lib.vcxproj", "{0A990346-3C16-4AE0-8C55-5370805CEE55}"
EndProject
Project("{2150E333-8FDC-42A3-9474-1A3956D46DE8}") = "orc", "orc", "{18CA0B21-CA74-41CA-9B45-E1CEA5D4E53B}"
EndProject
Project("{8BC9CEB8-8B4A-11D0-8D11-00A0C91BC942}") = "orc.exe", "orc\orc.exe.vcxproj", "{96F30DDE-3FB2-4FBB-9FEA-5A2B43967F1D}"
EndProject
Project("{8BC9CEB8-8B4A-11D0-8D11-00A0C91BC942}") = "orc.lib", "orc\orc.lib.vcxproj", "{785459A6-8F3F-4DCD-9E82-E0F486A3AA0D}"
EndProject
Project("{2150E333-8FDC-42A3-9474-1A3956D46DE8}") = "olink", "olink", "{D8A1C6EC-3133-4448-B62D-52184F7116E0}"
EndProject
Project("{8BC9CEB8-8B4A-11D0-8D11-00A0C91BC942}") = "olink.exe", "olink\olink.exe.vcxproj", "{5E7EB317-3A07-4564-B18F-A279174828E4}"
EndProject
Project("{8BC9CEB8-8B4A-11D0-8D11-00A0C91BC942}") = "olink.lib", "olink\olink.lib.vcxproj", "{FCB45921-78E0-41EA-9707-A55EE780CB79}"
EndProject
Project("{2150E333-8FDC-42A3-9474-1A3956D46DE8}") = "oimplib", "oimplib", "{A06C982B-B1E0-40BB-AA87-E0775492134B}"
EndProject
Project("{8BC9CEB8-8B4A-11D0-8D11-00A0C91BC942}") = "oimplib.exe", "oimplib\oimplib.exe.vcxproj", "{D790D315-E03E-4400-BAB1-C22BAFBC9A60}"
EndProject
Project("{8BC9CEB8-8B4A-11D0-8D11-00A0C91BC942}") = "oimplib.lib", "oimplib\oimplib.lib.vcxproj", "{555041FE-BFD1-4FE4-A2BC-78806B86235E}"
EndProject
Project("{8BC9CEB8-8B4A-11D0-8D11-00A0C91BC942}") = "ocl.exe", "ocl\ocl.exe.vcxproj", "{AABE945D-622E-49AD-8A6A-BDFF0B998869}"
EndProject
Project("{2150E333-8FDC-42A3-9474-1A3956D46DE8}") = "Optimizer", "Optimizer", "{9478B70D-A78C-4B5A-9782-02AF4E350AB7}"
EndProject
Project("{8BC9CEB8-8B4A-11D0-8D11-00A0C91BC942}") = "occopt.exe", "occopt\occopt.exe.vcxproj", "{3C58E290-51E1-4163-9842-E804E3920BE5}"
EndProject
Project("{8BC9CEB8-8B4A-11D0-8D11-00A0C91BC942}") = "occopt.lib", "occopt\occopt.lib.vcxproj", "{C65E7B6C-45FC-4299-8B41-6A6181169E2B}"
EndProject
Project("{2150E333-8FDC-42A3-9474-1A3956D46DE8}") = "Backends", "Backends", "{0D68E24E-F888-457E-BF80-5646F179A39D}"
EndProject
Project("{2150E333-8FDC-42A3-9474-1A3956D46DE8}") = "occ", "occ", "{275CAF67-F739-477F-A0FC-F3CADFCF1CFD}"
EndProject
Project("{2150E333-8FDC-42A3-9474-1A3956D46DE8}") = "occil", "occil", "{6D7C5C8C-321F-45BF-A15F-038E860FDC4E}"
EndProject
Project("{8BC9CEB8-8B4A-11D0-8D11-00A0C91BC942}") = "occ.exe", "occ\occ.exe.vcxproj", "{FCE76643-5237-4199-A752-D95A85BEBB39}"
EndProject
Project("{8BC9CEB8-8B4A-11D0-8D11-00A0C91BC942}") = "occ.lib", "occ\occ.lib.vcxproj", "{06FE3491-74B9-467E-A748-C4DD844D0966}"
EndProject
Project("{8BC9CEB8-8B4A-11D0-8D11-00A0C91BC942}") = "occil.exe", "occil\occil.exe.vcxproj", "{658E5D2A-CF60-4DA7-8CBC-AD91F998822B}"
EndProject
Project("{8BC9CEB8-8B4A-11D0-8D11-00A0C91BC942}") = "occil.lib", "occil\occil.lib.vcxproj", "{2EA2458C-20CA-494A-8C2F-38C19EB80F77}"
EndProject
Project("{2150E333-8FDC-42A3-9474-1A3956D46DE8}") = "Parser", "Parser", "{AE651479-9C78-46C7-90C5-717DBE8465C2}"
EndProject
Project("{8BC9CEB8-8B4A-11D0-8D11-00A0C91BC942}") = "occparse.exe", "occparse\occparse.exe.vcxproj", "{6F4A4182-7ACB-4C9F-934B-394768E49574}"
EndProject
Project("{8BC9CEB8-8B4A-11D0-8D11-00A0C91BC942}") = "occparse.lib", "occparse\occparse.lib.vcxproj", "{708A7F77-1704-4FAD-941E-E1A8955EB51E}"
EndProject
Project("{2150E333-8FDC-42A3-9474-1A3956D46DE8}") = "Debug support", "Debug support", "{3A180D54-7798-40C4-9D34-C8ABCCE817B1}"
EndProject
Project("{2150E333-8FDC-42A3-9474-1A3956D46DE8}") = "occpr", "occpr", "{2E69EEFF-9E9D-448D-B413-2BCE6849D3FD}"
EndProject
Project("{8BC9CEB8-8B4A-11D0-8D11-00A0C91BC942}") = "occpr.exe", "occpr\occpr.exe.vcxproj", "{1DBC2695-3B1E-4461-9C74-128327A37B7B}"
EndProject
Project("{8BC9CEB8-8B4A-11D0-8D11-00A0C91BC942}") = "occpr.lib", "occpr\occpr.lib.vcxproj", "{34960B71-365C-4C1F-858D-0F3DA887A688}"
EndProject
Project("{2150E333-8FDC-42A3-9474-1A3956D46DE8}") = "Gcc Wrappers", "Gcc Wrappers", "{23694C0D-5284-47E9-9C23-889749A99CB1}"
EndProject
Project("{8BC9CEB8-8B4A-11D0-8D11-00A0C91BC942}") = "gccocc.exe", "gccocc\gccocc.exe.vcxproj", "{9EECE4FB-84AE-44B5-928F-BEA4EAAA4DBB}"
EndProject
Project("{8BC9CEB8-8B4A-11D0-8D11-00A0C91BC942}") = "arocc.exe", "arocc\arocc.exe.vcxproj", "{E304DE89-BBFE-49AE-A953-57706D5A32E1}"
EndProject
Global
	GlobalSection(SolutionConfigurationPlatforms) = preSolution
		Debug|Win32 = Debug|Win32
		Debug|x64 = Debug|x64
		Release|Win32 = Release|Win32
		Release|x64 = Release|x64
	EndGlobalSection
	GlobalSection(ProjectConfigurationPlatforms) = postSolution
		{9E09E239-7370-4CBC-A82E-40DBCC0947F3}.Debug|Win32.ActiveCfg = Debug|Win32
		{9E09E239-7370-4CBC-A82E-40DBCC0947F3}.Debug|Win32.Build.0 = Debug|Win32
		{9E09E239-7370-4CBC-A82E-40DBCC0947F3}.Debug|x64.ActiveCfg = Debug|x64
		{9E09E239-7370-4CBC-A82E-40DBCC0947F3}.Debug|x64.Build.0 = Debug|x64
		{9E09E239-7370-4CBC-A82E-40DBCC0947F3}.Release|Win32.ActiveCfg = Release|Win32
		{9E09E239-7370-4CBC-A82E-40DBCC0947F3}.Release|Win32.Build.0 = Release|Win32
		{9E09E239-7370-4CBC-A82E-40DBCC0947F3}.Release|x64.ActiveCfg = Release|x64
		{9E09E239-7370-4CBC-A82E-40DBCC0947F3}.Release|x64.Build.0 = Release|x64
		{22E147D5-E684-4B10-9CB4-D6CD8EF02118}.Debug|Win32.ActiveCfg = Debug|Win32
		{22E147D5-E684-4B10-9CB4-D6CD8EF02118}.Debug|Win32.Build.0 = Debug|Win32
		{22E147D5-E684-4B10-9CB4-D6CD8EF02118}.Debug|x64.ActiveCfg = Debug|x64
		{22E147D5-E684-4B10-9CB4-D6CD8EF02118}.Debug|x64.Build.0 = Debug|x64
		{22E147D5-E684-4B10-9CB4-D6CD8EF02118}.Release|Win32.ActiveCfg = Release|Win32
		{22E147D5-E684-4B10-9CB4-D6CD8EF02118}.Release|Win32.Build.0 = Release|Win32
		{22E147D5-E684-4B10-9CB4-D6CD8EF02118}.Release|x64.ActiveCfg = Release|x64
		{22E147D5-E684-4B10-9CB4-D6CD8EF02118}.Release|x64.Build.0 = Release|x64
		{72430015-06C0-42A2-B9EC-D0E5E2EAE83D}.Debug|Win32.ActiveCfg = Debug|Win32
		{72430015-06C0-42A2-B9EC-D0E5E2EAE83D}.Debug|Win32.Build.0 = Debug|Win32
		{72430015-06C0-42A2-B9EC-D0E5E2EAE83D}.Debug|x64.ActiveCfg = Debug|x64
		{72430015-06C0-42A2-B9EC-D0E5E2EAE83D}.Debug|x64.Build.0 = Debug|x64
		{72430015-06C0-42A2-B9EC-D0E5E2EAE83D}.Release|Win32.ActiveCfg = Release|Win32
		{72430015-06C0-42A2-B9EC-D0E5E2EAE83D}.Release|Win32.Build.0 = Release|Win32
		{72430015-06C0-42A2-B9EC-D0E5E2EAE83D}.Release|x64.ActiveCfg = Release|x64
		{72430015-06C0-42A2-B9EC-D0E5E2EAE83D}.Release|x64.Build.0 = Release|x64
		{4F215715-01C8-4629-AD34-6861BE2AA5E5}.Debug|Win32.ActiveCfg = Debug|Win32
		{4F215715-01C8-4629-AD34-6861BE2AA5E5}.Debug|Win32.Build.0 = Debug|Win32
		{4F215715-01C8-4629-AD34-6861BE2AA5E5}.Debug|x64.ActiveCfg = Debug|x64
		{4F215715-01C8-4629-AD34-6861BE2AA5E5}.Debug|x64.Build.0 = Debug|x64
		{4F215715-01C8-4629-AD34-6861BE2AA5E5}.Release|Win32.ActiveCfg = Release|Win32
		{4F215715-01C8-4629-AD34-6861BE2AA5E5}.Release|Win32.Build.0 = Release|Win32
		{4F215715-01C8-4629-AD34-6861BE2AA5E5}.Release|x64.ActiveCfg = Release|x64
		{4F215715-01C8-4629-AD34-6861BE2AA5E5}.Release|x64.Build.0 = Release|x64
		{F6C325CA-BE29-419A-9357-5B480068C9F8}.Debug|Win32.ActiveCfg = Debug|Win32
		{F6C325CA-BE29-419A-9357-5B480068C9F8}.Debug|Win32.Build.0 = Debug|Win32
		{F6C325CA-BE29-419A-9357-5B480068C9F8}.Debug|x64.ActiveCfg = Debug|x64
		{F6C325CA-BE29-419A-9357-5B480068C9F8}.Debug|x64.Build.0 = Debug|x64
		{F6C325CA-BE29-419A-9357-5B480068C9F8}.Release|Win32.ActiveCfg = Release|Win32
		{F6C325CA-BE29-419A-9357-5B480068C9F8}.Release|Win32.Build.0 = Release|Win32
		{F6C325CA-BE29-419A-9357-5B480068C9F8}.Release|x64.ActiveCfg = Release|x64
		{F6C325CA-BE29-419A-9357-5B480068C9F8}.Release|x64.Build.0 = Release|x64
		{95FD1874-6C55-4876-B12D-4E88F6D506AD}.Debug|Win32.ActiveCfg = Debug|Win32
		{95FD1874-6C55-4876-B12D-4E88F6D506AD}.Debug|Win32.Build.0 = Debug|Win32
		{95FD1874-6C55-4876-B12D-4E88F6D506AD}.Debug|x64.ActiveCfg = Debug|x64
		{95FD1874-6C55-4876-B12D-4E88F6D506AD}.Debug|x64.Build.0 = Debug|x64
		{95FD1874-6C55-4876-B12D-4E88F6D506AD}.Release|Win32.ActiveCfg = Release|Win32
		{95FD1874-6C55-4876-B12D-4E88F6D506AD}.Release|Win32.Build.0 = Release|Win32
		{95FD1874-6C55-4876-B12D-4E88F6D506AD}.Release|x64.ActiveCfg = Release|x64
		{95FD1874-6C55-4876-B12D-4E88F6D506AD}.Release|x64.Build.0 = Release|x64
		{15B031AC-A404-4064-BE4E-CD5705B6293C}.Debug|Win32.ActiveCfg = Debug|Win32
		{15B031AC-A404-4064-BE4E-CD5705B6293C}.Debug|Win32.Build.0 = Debug|Win32
		{15B031AC-A404-4064-BE4E-CD5705B6293C}.Debug|x64.ActiveCfg = Debug|x64
		{15B031AC-A404-4064-BE4E-CD5705B6293C}.Debug|x64.Build.0 = Debug|x64
		{15B031AC-A404-4064-BE4E-CD5705B6293C}.Release|Win32.ActiveCfg = Release|Win32
		{15B031AC-A404-4064-BE4E-CD5705B6293C}.Release|Win32.Build.0 = Release|Win32
		{15B031AC-A404-4064-BE4E-CD5705B6293C}.Release|x64.ActiveCfg = Release|x64
		{15B031AC-A404-4064-BE4E-CD5705B6293C}.Release|x64.Build.0 = Release|x64
		{14D061F3-1306-4C91-A04D-F46BD01D8504}.Debug|Win32.ActiveCfg = Debug|Win32
		{14D061F3-1306-4C91-A04D-F46BD01D8504}.Debug|Win32.Build.0 = Debug|Win32
		{14D061F3-1306-4C91-A04D-F46BD01D8504}.Debug|x64.ActiveCfg = Debug|x64
		{14D061F3-1306-4C91-A04D-F46BD01D8504}.Debug|x64.Build.0 = Debug|x64
		{14D061F3-1306-4C91-A04D-F46BD01D8504}.Release|Win32.ActiveCfg = Release|Win32
		{14D061F3-1306-4C91-A04D-F46BD01D8504}.Release|Win32.Build.0 = Release|Win32
		{14D061F3-1306-4C91-A04D-F46BD01D8504}.Release|x64.ActiveCfg = Release|x64
		{14D061F3-1306-4C91-A04D-F46BD01D8504}.Release|x64.Build.0 = Release|x64
		{3092C538-0C18-46A6-BEE9-F92F571F86D3}.Debug|Win32.ActiveCfg = Debug|Win32
		{3092C538-0C18-46A6-BEE9-F92F571F86D3}.Debug|Win32.Build.0 = Debug|Win32
		{3092C538-0C18-46A6-BEE9-F92F571F86D3}.Debug|x64.ActiveCfg = Debug|x64
		{3092C538-0C18-46A6-BEE9-F92F571F86D3}.Debug|x64.Build.0 = Debug|x64
		{3092C538-0C18-46A6-BEE9-F92F571F86D3}.Release|Win32.ActiveCfg = Release|Win32
		{3092C538-0C18-46A6-BEE9-F92F571F86D3}.Release|Win32.Build.0 = Release|Win32
		{3092C538-0C18-46A6-BEE9-F92F571F86D3}.Release|x64.ActiveCfg = Release|x64
		{3092C538-0C18-46A6-BEE9-F92F571F86D3}.Release|x64.Build.0 = Release|x64
		{2826889D-6E55-49E0-991E-C7A6834763E6}.Debug|Win32.ActiveCfg = Debug|Win32
		{2826889D-6E55-49E0-991E-C7A6834763E6}.Debug|Win32.Build.0 = Debug|Win32
		{2826889D-6E55-49E0-991E-C7A6834763E6}.Debug|x64.ActiveCfg = Debug|x64
		{2826889D-6E55-49E0-991E-C7A6834763E6}.Debug|x64.Build.0 = Debug|x64
		{2826889D-6E55-49E0-991E-C7A6834763E6}.Release|Win32.ActiveCfg = Release|Win32
		{2826889D-6E55-49E0-991E-C7A6834763E6}.Release|Win32.Build.0 = Release|Win32
		{2826889D-6E55-49E0-991E-C7A6834763E6}.Release|x64.ActiveCfg = Release|x64
		{2826889D-6E55-49E0-991E-C7A6834763E6}.Release|x64.Build.0 = Release|x64
		{A65080A0-FDE6-4169-A35A-8D123FE4680E}.Debug|Win32.ActiveCfg = Debug|Win32
		{A65080A0-FDE6-4169-A35A-8D123FE4680E}.Debug|Win32.Build.0 = Debug|Win32
		{A65080A0-FDE6-4169-A35A-8D123FE4680E}.Debug|x64.ActiveCfg = Debug|x64
		{A65080A0-FDE6-4169-A35A-8D123FE4680E}.Debug|x64.Build.0 = Debug|x64
		{A65080A0-FDE6-4169-A35A-8D123FE4680E}.Release|Win32.ActiveCfg = Release|Win32
		{A65080A0-FDE6-4169-A35A-8D123FE4680E}.Release|Win32.Build.0 = Release|Win32
		{A65080A0-FDE6-4169-A35A-8D123FE4680E}.Release|x64.ActiveCfg = Release|x64
		{A65080A0-FDE6-4169-A35A-8D123FE4680E}.Release|x64.Build.0 = Release|x64
		{AE49219D-9066-4D9F-984D-85476C95BAD7}.Debug|Win32.ActiveCfg = Debug|Win32
		{AE49219D-9066-4D9F-984D-85476C95BAD7}.Debug|Win32.Build.0 = Debug|Win32
		{AE49219D-9066-4D9F-984D-85476C95BAD7}.Debug|x64.ActiveCfg = Debug|x64
		{AE49219D-9066-4D9F-984D-85476C95BAD7}.Debug|x64.Build.0 = Debug|x64
		{AE49219D-9066-4D9F-984D-85476C95BAD7}.Release|Win32.ActiveCfg = Release|Win32
		{AE49219D-9066-4D9F-984D-85476C95BAD7}.Release|Win32.Build.0 = Release|Win32
		{AE49219D-9066-4D9F-984D-85476C95BAD7}.Release|x64.ActiveCfg = Release|x64
		{AE49219D-9066-4D9F-984D-85476C95BAD7}.Release|x64.Build.0 = Release|x64
		{19225F50-EAC0-48B0-B595-E5C50D4EB06A}.Debug|Win32.ActiveCfg = Debug|Win32
		{19225F50-EAC0-48B0-B595-E5C50D4EB06A}.Debug|Win32.Build.0 = Debug|Win32
		{19225F50-EAC0-48B0-B595-E5C50D4EB06A}.Debug|x64.ActiveCfg = Debug|x64
		{19225F50-EAC0-48B0-B595-E5C50D4EB06A}.Debug|x64.Build.0 = Debug|x64
		{19225F50-EAC0-48B0-B595-E5C50D4EB06A}.Release|Win32.ActiveCfg = Release|Win32
		{19225F50-EAC0-48B0-B595-E5C50D4EB06A}.Release|Win32.Build.0 = Release|Win32
		{19225F50-EAC0-48B0-B595-E5C50D4EB06A}.Release|x64.ActiveCfg = Release|x64
		{19225F50-EAC0-48B0-B595-E5C50D4EB06A}.Release|x64.Build.0 = Release|x64
		{12C8BD55-DC51-4349-9112-FF4CE7B6371B}.Debug|Win32.ActiveCfg = Debug|Win32
		{12C8BD55-DC51-4349-9112-FF4CE7B6371B}.Debug|Win32.Build.0 = Debug|Win32
		{12C8BD55-DC51-4349-9112-FF4CE7B6371B}.Debug|x64.ActiveCfg = Debug|x64
		{12C8BD55-DC51-4349-9112-FF4CE7B6371B}.Debug|x64.Build.0 = Debug|x64
		{12C8BD55-DC51-4349-9112-FF4CE7B6371B}.Release|Win32.ActiveCfg = Release|Win32
		{12C8BD55-DC51-4349-9112-FF4CE7B6371B}.Release|Win32.Build.0 = Release|Win32
		{12C8BD55-DC51-4349-9112-FF4CE7B6371B}.Release|x64.ActiveCfg = Release|x64
		{12C8BD55-DC51-4349-9112-FF4CE7B6371B}.Release|x64.Build.0 = Release|x64
		{237677E7-BA6F-48FD-9C2F-09585FA2166A}.Debug|Win32.ActiveCfg = Debug|Win32
		{237677E7-BA6F-48FD-9C2F-09585FA2166A}.Debug|Win32.Build.0 = Debug|Win32
		{237677E7-BA6F-48FD-9C2F-09585FA2166A}.Debug|x64.ActiveCfg = Debug|x64
		{237677E7-BA6F-48FD-9C2F-09585FA2166A}.Debug|x64.Build.0 = Debug|x64
		{237677E7-BA6F-48FD-9C2F-09585FA2166A}.Release|Win32.ActiveCfg = Release|Win32
		{237677E7-BA6F-48FD-9C2F-09585FA2166A}.Release|Win32.Build.0 = Release|Win32
		{237677E7-BA6F-48FD-9C2F-09585FA2166A}.Release|x64.ActiveCfg = Release|x64
		{237677E7-BA6F-48FD-9C2F-09585FA2166A}.Release|x64.Build.0 = Release|x64
		{A73CE98C-AC3F-448A-9D0D-01F8C8B07525}.Debug|Win32.ActiveCfg = Debug|Win32
		{A73CE98C-AC3F-448A-9D0D-01F8C8B07525}.Debug|Win32.Build.0 = Debug|Win32
		{A73CE98C-AC3F-448A-9D0D-01F8C8B07525}.Debug|x64.ActiveCfg = Debug|x64
		{A73CE98C-AC3F-448A-9D0D-01F8C8B07525}.Debug|x64.Build.0 = Debug|x64
		{A73CE98C-AC3F-448A-9D0D-01F8C8B07525}.Release|Win32.ActiveCfg = Release|Win32
		{A73CE98C-AC3F-448A-9D0D-01F8C8B07525}.Release|Win32.Build.0 = Release|Win32
		{A73CE98C-AC3F-448A-9D0D-01F8C8B07525}.Release|x64.ActiveCfg = Release|x64
		{A73CE98C-AC3F-448A-9D0D-01F8C8B07525}.Release|x64.Build.0 = Release|x64
		{9ADD9F5C-1C96-4630-8844-931EDFD855C8}.Debug|Win32.ActiveCfg = Debug|Win32
		{9ADD9F5C-1C96-4630-8844-931EDFD855C8}.Debug|Win32.Build.0 = Debug|Win32
		{9ADD9F5C-1C96-4630-8844-931EDFD855C8}.Debug|x64.ActiveCfg = Debug|x64
		{9ADD9F5C-1C96-4630-8844-931EDFD855C8}.Debug|x64.Build.0 = Debug|x64
		{9ADD9F5C-1C96-4630-8844-931EDFD855C8}.Release|Win32.ActiveCfg = Release|Win32
		{9ADD9F5C-1C96-4630-8844-931EDFD855C8}.Release|Win32.Build.0 = Release|Win32
		{9ADD9F5C-1C96-4630-8844-931EDFD855C8}.Release|x64.ActiveCfg = Release|x64
		{9ADD9F5C-1C96-4630-8844-931EDFD855C8}.Release|x64.Build.0 = Release|x64
		{BA61AF60-9496-44B2-802B-89D6403DF05C}.Debug|Win32.ActiveCfg = Debug|Win32
		{BA61AF60-9496-44B2-802B-89D6403DF05C}.Debug|Win32.Build.0 = Debug|Win32
		{BA61AF60-9496-44B2-802B-89D6403DF05C}.Debug|x64.ActiveCfg = Debug|x64
		{BA61AF60-9496-44B2-802B-89D6403DF05C}.Debug|x64.Build.0 = Debug|x64
		{BA61AF60-9496-44B2-802B-89D6403DF05C}.Release|Win32.ActiveCfg = Release|Win32
		{BA61AF60-9496-44B2-802B-89D6403DF05C}.Release|Win32.Build.0 = Release|Win32
		{BA61AF60-9496-44B2-802B-89D6403DF05C}.Release|x64.ActiveCfg = Release|x64
		{BA61AF60-9496-44B2-802B-89D6403DF05C}.Release|x64.Build.0 = Release|x64
		{7F0C2480-F731-44FA-879E-C9A6ADCC66AB}.Debug|Win32.ActiveCfg = Debug|Win32
		{7F0C2480-F731-44FA-879E-C9A6ADCC66AB}.Debug|Win32.Build.0 = Debug|Win32
		{7F0C2480-F731-44FA-879E-C9A6ADCC66AB}.Debug|x64.ActiveCfg = Debug|x64
		{7F0C2480-F731-44FA-879E-C9A6ADCC66AB}.Debug|x64.Build.0 = Debug|x64
		{7F0C2480-F731-44FA-879E-C9A6ADCC66AB}.Release|Win32.ActiveCfg = Release|Win32
		{7F0C2480-F731-44FA-879E-C9A6ADCC66AB}.Release|Win32.Build.0 = Release|Win32
		{7F0C2480-F731-44FA-879E-C9A6ADCC66AB}.Release|x64.ActiveCfg = Release|x64
		{7F0C2480-F731-44FA-879E-C9A6ADCC66AB}.Release|x64.Build.0 = Release|x64
		{36AEB73F-0A88-4841-97F1-FDB54E6208D4}.Debug|Win32.ActiveCfg = Debug|Win32
		{36AEB73F-0A88-4841-97F1-FDB54E6208D4}.Debug|Win32.Build.0 = Debug|Win32
		{36AEB73F-0A88-4841-97F1-FDB54E6208D4}.Debug|x64.ActiveCfg = Debug|x64
		{36AEB73F-0A88-4841-97F1-FDB54E6208D4}.Debug|x64.Build.0 = Debug|x64
		{36AEB73F-0A88-4841-97F1-FDB54E6208D4}.Release|Win32.ActiveCfg = Release|Win32
		{36AEB73F-0A88-4841-97F1-FDB54E6208D4}.Release|Win32.Build.0 = Release|Win32
		{36AEB73F-0A88-4841-97F1-FDB54E6208D4}.Release|x64.ActiveCfg = Release|x64
		{36AEB73F-0A88-4841-97F1-FDB54E6208D4}.Release|x64.Build.0 = Release|x64
		{337F7147-A290-4E88-BF66-1D2DF6073463}.Debug|Win32.ActiveCfg = Debug|Win32
		{337F7147-A290-4E88-BF66-1D2DF6073463}.Debug|Win32.Build.0 = Debug|Win32
		{337F7147-A290-4E88-BF66-1D2DF6073463}.Debug|x64.ActiveCfg = Debug|x64
		{337F7147-A290-4E88-BF66-1D2DF6073463}.Debug|x64.Build.0 = Debug|x64
		{337F7147-A290-4E88-BF66-1D2DF6073463}.Release|Win32.ActiveCfg = Release|Win32
		{337F7147-A290-4E88-BF66-1D2DF6073463}.Release|Win32.Build.0 = Release|Win32
		{337F7147-A290-4E88-BF66-1D2DF6073463}.Release|x64.ActiveCfg = Release|x64
		{337F7147-A290-4E88-BF66-1D2DF6073463}.Release|x64.Build.0 = Release|x64
		{4A3AABA9-AB7A-4EA6-A839-D1C2BD461A1A}.Debug|Win32.ActiveCfg = Debug|Win32
		{4A3AABA9-AB7A-4EA6-A839-D1C2BD461A1A}.Debug|Win32.Build.0 = Debug|Win32
		{4A3AABA9-AB7A-4EA6-A839-D1C2BD461A1A}.Debug|x64.ActiveCfg = Debug|x64
		{4A3AABA9-AB7A-4EA6-A839-D1C2BD461A1A}.Debug|x64.Build.0 = Debug|x64
		{4A3AABA9-AB7A-4EA6-A839-D1C2BD461A1A}.Release|Win32.ActiveCfg = Release|Win32
		{4A3AABA9-AB7A-4EA6-A839-D1C2BD461A1A}.Release|Win32.Build.0 = Release|Win32
		{4A3AABA9-AB7A-4EA6-A839-D1C2BD461A1A}.Release|x64.ActiveCfg = Release|x64
		{4A3AABA9-AB7A-4EA6-A839-D1C2BD461A1A}.Release|x64.Build.0 = Release|x64
		{E5C722A9-CA55-4AE6-8813-CB01A3731CAA}.Debug|Win32.ActiveCfg = Debug|Win32
		{E5C722A9-CA55-4AE6-8813-CB01A3731CAA}.Debug|Win32.Build.0 = Debug|Win32
		{E5C722A9-CA55-4AE6-8813-CB01A3731CAA}.Debug|x64.ActiveCfg = Debug|x64
		{E5C722A9-CA55-4AE6-8813-CB01A3731CAA}.Debug|x64.Build.0 = Debug|x64
		{E5C722A9-CA55-4AE6-8813-CB01A3731CAA}.Release|Win32.ActiveCfg = Release|Win32
		{E5C722A9-CA55-4AE6-8813-CB01A3731CAA}.Release|Win32.Build.0 = Release|Win32
		{E5C722A9-CA55-4AE6-8813-CB01A3731CAA}.Release|x64.ActiveCfg = Release|x64
		{E5C722A9-CA55-4AE6-8813-CB01A3731CAA}.Release|x64.Build.0 = Release|x64
		{7B52B07B-8F39-4099-8355-F2F88D31F1FD}.Debug|Win32.ActiveCfg = Debug|Win32
		{7B52B07B-8F39-4099-8355-F2F88D31F1FD}.Debug|Win32.Build.0 = Debug|Win32
		{7B52B07B-8F39-4099-8355-F2F88D31F1FD}.Debug|x64.ActiveCfg = Debug|x64
		{7B52B07B-8F39-4099-8355-F2F88D31F1FD}.Debug|x64.Build.0 = Debug|x64
		{7B52B07B-8F39-4099-8355-F2F88D31F1FD}.Release|Win32.ActiveCfg = Release|Win32
		{7B52B07B-8F39-4099-8355-F2F88D31F1FD}.Release|Win32.Build.0 = Release|Win32
		{7B52B07B-8F39-4099-8355-F2F88D31F1FD}.Release|x64.ActiveCfg = Release|x64
		{7B52B07B-8F39-4099-8355-F2F88D31F1FD}.Release|x64.Build.0 = Release|x64
		{3314A225-370E-4A64-B25C-9BE9E7CE1DB1}.Debug|Win32.ActiveCfg = Debug|Win32
		{3314A225-370E-4A64-B25C-9BE9E7CE1DB1}.Debug|Win32.Build.0 = Debug|Win32
		{3314A225-370E-4A64-B25C-9BE9E7CE1DB1}.Debug|x64.ActiveCfg = Debug|x64
		{3314A225-370E-4A64-B25C-9BE9E7CE1DB1}.Debug|x64.Build.0 = Debug|x64
		{3314A225-370E-4A64-B25C-9BE9E7CE1DB1}.Release|Win32.ActiveCfg = Release|Win32
		{3314A225-370E-4A64-B25C-9BE9E7CE1DB1}.Release|Win32.Build.0 = Release|Win32
		{3314A225-370E-4A64-B25C-9BE9E7CE1DB1}.Release|x64.ActiveCfg = Release|x64
		{3314A225-370E-4A64-B25C-9BE9E7CE1DB1}.Release|x64.Build.0 = Release|x64
		{C3F24311-C450-476B-A9FD-4ECCE1E8E242}.Debug|Win32.ActiveCfg = Debug|Win32
		{C3F24311-C450-476B-A9FD-4ECCE1E8E242}.Debug|Win32.Build.0 = Debug|Win32
		{C3F24311-C450-476B-A9FD-4ECCE1E8E242}.Debug|x64.ActiveCfg = Debug|x64
		{C3F24311-C450-476B-A9FD-4ECCE1E8E242}.Debug|x64.Build.0 = Debug|x64
		{C3F24311-C450-476B-A9FD-4ECCE1E8E242}.Release|Win32.ActiveCfg = Release|Win32
		{C3F24311-C450-476B-A9FD-4ECCE1E8E242}.Release|Win32.Build.0 = Release|Win32
		{C3F24311-C450-476B-A9FD-4ECCE1E8E242}.Release|x64.ActiveCfg = Release|x64
		{C3F24311-C450-476B-A9FD-4ECCE1E8E242}.Release|x64.Build.0 = Release|x64
		{711882B1-0B5E-4A49-A793-A8FB054C96BD}.Debug|Win32.ActiveCfg = Debug|Win32
		{711882B1-0B5E-4A49-A793-A8FB054C96BD}.Debug|Win32.Build.0 = Debug|Win32
		{711882B1-0B5E-4A49-A793-A8FB054C96BD}.Debug|x64.ActiveCfg = Debug|x64
		{711882B1-0B5E-4A49-A793-A8FB054C96BD}.Debug|x64.Build.0 = Debug|x64
		{711882B1-0B5E-4A49-A793-A8FB054C96BD}.Release|Win32.ActiveCfg = Release|Win32
		{711882B1-0B5E-4A49-A793-A8FB054C96BD}.Release|Win32.Build.0 = Release|Win32
		{711882B1-0B5E-4A49-A793-A8FB054C96BD}.Release|x64.ActiveCfg = Release|x64
		{711882B1-0B5E-4A49-A793-A8FB054C96BD}.Release|x64.Build.0 = Release|x64
		{B6855719-F749-43FA-BA87-7C76717DD3E3}.Debug|Win32.ActiveCfg = Debug|Win32
		{B6855719-F749-43FA-BA87-7C76717DD3E3}.Debug|Win32.Build.0 = Debug|Win32
		{B6855719-F749-43FA-BA87-7C76717DD3E3}.Debug|x64.ActiveCfg = Debug|x64
		{B6855719-F749-43FA-BA87-7C76717DD3E3}.Debug|x64.Build.0 = Debug|x64
		{B6855719-F749-43FA-BA87-7C76717DD3E3}.Release|Win32.ActiveCfg = Release|Win32
		{B6855719-F749-43FA-BA87-7C76717DD3E3}.Release|Win32.Build.0 = Release|Win32
		{B6855719-F749-43FA-BA87-7C76717DD3E3}.Release|x64.ActiveCfg = Release|x64
		{B6855719-F749-43FA-BA87-7C76717DD3E3}.Release|x64.Build.0 = Release|x64
		{B5814B2A-4265-4BDA-8431-DA134FE85592}.Debug|Win32.ActiveCfg = Debug|Win32
		{B5814B2A-4265-4BDA-8431-DA134FE85592}.Debug|Win32.Build.0 = Debug|Win32
		{B5814B2A-4265-4BDA-8431-DA134FE85592}.Debug|x64.ActiveCfg = Debug|x64
		{B5814B2A-4265-4BDA-8431-DA134FE85592}.Debug|x64.Build.0 = Debug|x64
		{B5814B2A-4265-4BDA-8431-DA134FE85592}.Release|Win32.ActiveCfg = Release|Win32
		{B5814B2A-4265-4BDA-8431-DA134FE85592}.Release|Win32.Build.0 = Release|Win32
		{B5814B2A-4265-4BDA-8431-DA134FE85592}.Release|x64.ActiveCfg = Release|x64
		{B5814B2A-4265-4BDA-8431-DA134FE85592}.Release|x64.Build.0 = Release|x64
		{77408386-A00A-4761-AFFD-C9FCDD5C33B3}.Debug|Win32.ActiveCfg = Debug|Win32
		{77408386-A00A-4761-AFFD-C9FCDD5C33B3}.Debug|Win32.Build.0 = Debug|Win32
		{77408386-A00A-4761-AFFD-C9FCDD5C33B3}.Debug|x64.ActiveCfg = Debug|x64
		{77408386-A00A-4761-AFFD-C9FCDD5C33B3}.Debug|x64.Build.0 = Debug|x64
		{77408386-A00A-4761-AFFD-C9FCDD5C33B3}.Release|Win32.ActiveCfg = Release|Win32
		{77408386-A00A-4761-AFFD-C9FCDD5C33B3}.Release|Win32.Build.0 = Release|Win32
		{77408386-A00A-4761-AFFD-C9FCDD5C33B3}.Release|x64.ActiveCfg = Release|x64
		{77408386-A00A-4761-AFFD-C9FCDD5C33B3}.Release|x64.Build.0 = Release|x64
		{FABD87B4-85E3-404D-A833-51139FEAC953}.Debug|Win32.ActiveCfg = Debug|Win32
		{FABD87B4-85E3-404D-A833-51139FEAC953}.Debug|Win32.Build.0 = Debug|Win32
		{FABD87B4-85E3-404D-A833-51139FEAC953}.Debug|x64.ActiveCfg = Debug|x64
		{FABD87B4-85E3-404D-A833-51139FEAC953}.Debug|x64.Build.0 = Debug|x64
		{FABD87B4-85E3-404D-A833-51139FEAC953}.Release|Win32.ActiveCfg = Release|Win32
		{FABD87B4-85E3-404D-A833-51139FEAC953}.Release|Win32.Build.0 = Release|Win32
		{FABD87B4-85E3-404D-A833-51139FEAC953}.Release|x64.ActiveCfg = Release|x64
		{FABD87B4-85E3-404D-A833-51139FEAC953}.Release|x64.Build.0 = Release|x64
		{0A990346-3C16-4AE0-8C55-5370805CEE55}.Debug|Win32.ActiveCfg = Debug|Win32
		{0A990346-3C16-4AE0-8C55-5370805CEE55}.Debug|Win32.Build.0 = Debug|Win32
		{0A990346-3C16-4AE0-8C55-5370805CEE55}.Debug|x64.ActiveCfg = Debug|x64
		{0A990346-3C16-4AE0-8C55-5370805CEE55}.Debug|x64.Build.0 = Debug|x64
		{0A990346-3C16-4AE0-8C55-5370805CEE55}.Release|Win32.ActiveCfg = Release|Win32
		{0A990346-3C16-4AE0-8C55-5370805CEE55}.Release|Win32.Build.0 = Release|Win32
		{0A990346-3C16-4AE0-8C55-5370805CEE55}.Release|x64.ActiveCfg = Release|x64
		{0A990346-3C16-4AE0-8C55-5370805CEE55}.Release|x64.Build.0 = Release|x64
		{96F30DDE-3FB2-4FBB-9FEA-5A2B43967F1D}.Debug|Win32.ActiveCfg = Debug|Win32
		{96F30DDE-3FB2-4FBB-9FEA-5A2B43967F1D}.Debug|Win32.Build.0 = Debug|Win32
		{96F30DDE-3FB2-4FBB-9FEA-5A2B43967F1D}.Debug|x64.ActiveCfg = Debug|x64
		{96F30DDE-3FB2-4FBB-9FEA-5A2B43967F1D}.Debug|x64.Build.0 = Debug|x64
		{96F30DDE-3FB2-4FBB-9FEA-5A2B43967F1D}.Release|Win32.ActiveCfg = Release|Win32
		{96F30DDE-3FB2-4FBB-9FEA-5A2B43967F1D}.Release|Win32.Build.0 = Release|Win32
		{96F30DDE-3FB2-4FBB-9FEA-5A2B43967F1D}.Release|x64.ActiveCfg = Release|x64
		{96F30DDE-3FB2-4FBB-9FEA-5A2B43967F1D}.Release|x64.Build.0 = Release|x64
		{785459A6-8F3F-4DCD-9E82-E0F486A3AA0D}.Debug|Win32.ActiveCfg = Debug|Win32
		{785459A6-8F3F-4DCD-9E82-E0F486A3AA0D}.Debug|Win32.Build.0 = Debug|Win32
		{785459A6-8F3F-4DCD-9E82-E0F486A3AA0D}.Debug|x64.ActiveCfg = Debug|x64
		{785459A6-8F3F-4DCD-9E82-E0F486A3AA0D}.Debug|x64.Build.0 = Debug|x64
		{785459A6-8F3F-4DCD-9E82-E0F486A3AA0D}.Release|Win32.ActiveCfg = Release|Win32
		{785459A6-8F3F-4DCD-9E82-E0F486A3AA0D}.Release|Win32.Build.0 = Release|Win32
		{785459A6-8F3F-4DCD-9E82-E0F486A3AA0D}.Release|x64.ActiveCfg = Release|x64
		{785459A6-8F3F-4DCD-9E82-E0F486A3AA0D}.Release|x64.Build.0 = Release|x64
		{5E7EB317-3A07-4564-B18F-A279174828E4}.Debug|Win32.ActiveCfg = Debug|Win32
		{5E7EB317-3A07-4564-B18F-A279174828E4}.Debug|Win32.Build.0 = Debug|Win32
		{5E7EB317-3A07-4564-B18F-A279174828E4}.Debug|x64.ActiveCfg = Debug|x64
		{5E7EB317-3A07-4564-B18F-A279174828E4}.Debug|x64.Build.0 = Debug|x64
		{5E7EB317-3A07-4564-B18F-A279174828E4}.Release|Win32.ActiveCfg = Release|Win32
		{5E7EB317-3A07-4564-B18F-A279174828E4}.Release|Win32.Build.0 = Release|Win32
		{5E7EB317-3A07-4564-B18F-A279174828E4}.Release|x64.ActiveCfg = Release|x64
		{5E7EB317-3A07-4564-B18F-A279174828E4}.Release|x64.Build.0 = Release|x64
		{FCB45921-78E0-41EA-9707-A55EE780CB79}.Debug|Win32.ActiveCfg = Debug|Win32
		{FCB45921-78E0-41EA-9707-A55EE780CB79}.Debug|Win32.Build.0 = Debug|Win32
		{FCB45921-78E0-41EA-9707-A55EE780CB79}.Debug|x64.ActiveCfg = Debug|x64
		{FCB45921-78E0-41EA-9707-A55EE780CB79}.Debug|x64.Build.0 = Debug|x64
		{FCB45921-78E0-41EA-9707-A55EE780CB79}.Release|Win32.ActiveCfg = Release|Win32
		{FCB45921-78E0-41EA-9707-A55EE780CB79}.Release|Win32.Build.0 = Release|Win32
		{FCB45921-78E0-41EA-9707-A55EE780CB79}.Release|x64.ActiveCfg = Release|x64
		{FCB45921-78E0-41EA-9707-A55EE780CB79}.Release|x64.Build.0 = Release|x64
		{D790D315-E03E-4400-BAB1-C22BAFBC9A60}.Debug|Win32.ActiveCfg = Debug|Win32
		{D790D315-E03E-4400-BAB1-C22BAFBC9A60}.Debug|Win32.Build.0 = Debug|Win32
		{D790D315-E03E-4400-BAB1-C22BAFBC9A60}.Debug|x64.ActiveCfg = Debug|x64
		{D790D315-E03E-4400-BAB1-C22BAFBC9A60}.Debug|x64.Build.0 = Debug|x64
		{D790D315-E03E-4400-BAB1-C22BAFBC9A60}.Release|Win32.ActiveCfg = Release|Win32
		{D790D315-E03E-4400-BAB1-C22BAFBC9A60}.Release|Win32.Build.0 = Release|Win32
		{D790D315-E03E-4400-BAB1-C22BAFBC9A60}.Release|x64.ActiveCfg = Release|x64
		{D790D315-E03E-4400-BAB1-C22BAFBC9A60}.Release|x64.Build.0 = Release|x64
		{555041FE-BFD1-4FE4-A2BC-78806B86235E}.Debug|Win32.ActiveCfg = Debug|Win32
		{555041FE-BFD1-4FE4-A2BC-78806B86235E}.Debug|Win32.Build.0 = Debug|Win32
		{555041FE-BFD1-4FE4-A2BC-78806B86235E}.Debug|x64.ActiveCfg = Debug|x64
		{555041FE-BFD1-4FE4-A2BC-78806B86235E}.Debug|x64.Build.0 = Debug|x64
		{555041FE-BFD1-4FE4-A2BC-78806B86235E}.Release|Win32.ActiveCfg = Release|Win32
		{555041FE-BFD1-4FE4-A2BC-78806B86235E}.Release|Win32.Build.0 = Release|Win32
		{555041FE-BFD1-4FE4-A2BC-78806B86235E}.Release|x64.ActiveCfg = Release|x64
		{555041FE-BFD1-4FE4-A2BC-78806B86235E}.Release|x64.Build.0 = Release|x64
		{AABE945D-622E-49AD-8A6A-BDFF0B998869}.Debug|Win32.ActiveCfg = Debug|Win32
		{AABE945D-622E-49AD-8A6A-BDFF0B998869}.Debug|Win32.Build.0 = Debug|Win32
		{AABE945D-622E-49AD-8A6A-BDFF0B998869}.Debug|x64.ActiveCfg = Debug|x64
		{AABE945D-622E-49AD-8A6A-BDFF0B998869}.Debug|x64.Build.0 = Debug|x64
		{AABE945D-622E-49AD-8A6A-BDFF0B998869}.Release|Win32.ActiveCfg = Release|Win32
		{AABE945D-622E-49AD-8A6A-BDFF0B998869}.Release|Win32.Build.0 = Release|Win32
		{AABE945D-622E-49AD-8A6A-BDFF0B998869}.Release|x64.ActiveCfg = Release|x64
		{AABE945D-622E-49AD-8A6A-BDFF0B998869}.Release|x64.Build.0 = Release|x64
		{3C58E290-51E1-4163-9842-E804E3920BE5}.Debug|Win32.ActiveCfg = Debug|Win32
		{3C58E290-51E1-4163-9842-E804E3920BE5}.Debug|Win32.Build.0 = Debug|Win32
		{3C58E290-51E1-4163-9842-E804E3920BE5}.Debug|x64.ActiveCfg = Debug|x64
		{3C58E290-51E1-4163-9842-E804E3920BE5}.Debug|x64.Build.0 = Debug|x64
		{3C58E290-51E1-4163-9842-E804E3920BE5}.Release|Win32.ActiveCfg = Release|Win32
		{3C58E290-51E1-4163-9842-E804E3920BE5}.Release|Win32.Build.0 = Release|Win32
		{3C58E290-51E1-4163-9842-E804E3920BE5}.Release|x64.ActiveCfg = Release|x64
		{3C58E290-51E1-4163-9842-E804E3920BE5}.Release|x64.Build.0 = Release|x64
		{C65E7B6C-45FC-4299-8B41-6A6181169E2B}.Debug|Win32.ActiveCfg = Debug|Win32
		{C65E7B6C-45FC-4299-8B41-6A6181169E2B}.Debug|Win32.Build.0 = Debug|Win32
		{C65E7B6C-45FC-4299-8B41-6A6181169E2B}.Debug|x64.ActiveCfg = Debug|x64
		{C65E7B6C-45FC-4299-8B41-6A6181169E2B}.Debug|x64.Build.0 = Debug|x64
		{C65E7B6C-45FC-4299-8B41-6A6181169E2B}.Release|Win32.ActiveCfg = Release|Win32
		{C65E7B6C-45FC-4299-8B41-6A6181169E2B}.Release|Win32.Build.0 = Release|Win32
		{C65E7B6C-45FC-4299-8B41-6A6181169E2B}.Release|x64.ActiveCfg = Release|x64
		{C65E7B6C-45FC-4299-8B41-6A6181169E2B}.Release|x64.Build.0 = Release|x64
		{FCE76643-5237-4199-A752-D95A85BEBB39}.Debug|Win32.ActiveCfg = Debug|Win32
		{FCE76643-5237-4199-A752-D95A85BEBB39}.Debug|Win32.Build.0 = Debug|Win32
		{FCE76643-5237-4199-A752-D95A85BEBB39}.Debug|x64.ActiveCfg = Debug|x64
		{FCE76643-5237-4199-A752-D95A85BEBB39}.Debug|x64.Build.0 = Debug|x64
		{FCE76643-5237-4199-A752-D95A85BEBB39}.Release|Win32.ActiveCfg = Release|Win32
		{FCE76643-5237-4199-A752-D95A85BEBB39}.Release|Win32.Build.0 = Release|Win32
		{FCE76643-5237-4199-A752-D95A85BEBB39}.Release|x64.ActiveCfg = Release|x64
		{FCE76643-5237-4199-A752-D95A85BEBB39}.Release|x64.Build.0 = Release|x64
		{06FE3491-74B9-467E-A748-C4DD844D0966}.Debug|Win32.ActiveCfg = Debug|Win32
		{06FE3491-74B9-467E-A748-C4DD844D0966}.Debug|Win32.Build.0 = Debug|Win32
		{06FE3491-74B9-467E-A748-C4DD844D0966}.Debug|x64.ActiveCfg = Debug|x64
		{06FE3491-74B9-467E-A748-C4DD844D0966}.Debug|x64.Build.0 = Debug|x64
		{06FE3491-74B9-467E-A748-C4DD844D0966}.Release|Win32.ActiveCfg = Release|Win32
		{06FE3491-74B9-467E-A748-C4DD844D0966}.Release|Win32.Build.0 = Release|Win32
		{06FE3491-74B9-467E-A748-C4DD844D0966}.Release|x64.ActiveCfg = Release|x64
		{06FE3491-74B9-467E-A748-C4DD844D0966}.Release|x64.Build.0 = Release|x64
		{658E5D2A-CF60-4DA7-8CBC-AD91F998822B}.Debug|Win32.ActiveCfg = Debug|Win32
		{658E5D2A-CF60-4DA7-8CBC-AD91F998822B}.Debug|Win32.Build.0 = Debug|Win32
		{658E5D2A-CF60-4DA7-8CBC-AD91F998822B}.Debug|x64.ActiveCfg = Debug|x64
		{658E5D2A-CF60-4DA7-8CBC-AD91F998822B}.Debug|x64.Build.0 = Debug|x64
		{658E5D2A-CF60-4DA7-8CBC-AD91F998822B}.Release|Win32.ActiveCfg = Release|Win32
		{658E5D2A-CF60-4DA7-8CBC-AD91F998822B}.Release|Win32.Build.0 = Release|Win32
		{658E5D2A-CF60-4DA7-8CBC-AD91F998822B}.Release|x64.ActiveCfg = Release|x64
		{658E5D2A-CF60-4DA7-8CBC-AD91F998822B}.Release|x64.Build.0 = Release|x64
		{2EA2458C-20CA-494A-8C2F-38C19EB80F77}.Debug|Win32.ActiveCfg = Debug|Win32
		{2EA2458C-20CA-494A-8C2F-38C19EB80F77}.Debug|Win32.Build.0 = Debug|Win32
		{2EA2458C-20CA-494A-8C2F-38C19EB80F77}.Debug|x64.ActiveCfg = Debug|x64
		{2EA2458C-20CA-494A-8C2F-38C19EB80F77}.Debug|x64.Build.0 = Debug|x64
		{2EA2458C-20CA-494A-8C2F-38C19EB80F77}.Release|Win32.ActiveCfg = Release|Win32
		{2EA2458C-20CA-494A-8C2F-38C19EB80F77}.Release|Win32.Build.0 = Release|Win32
		{2EA2458C-20CA-494A-8C2F-38C19EB80F77}.Release|x64.ActiveCfg = Release|x64
		{2EA2458C-20CA-494A-8C2F-38C19EB80F77}.Release|x64.Build.0 = Release|x64
		{6F4A4182-7ACB-4C9F-934B-394768E49574}.Debug|Win32.ActiveCfg = Debug|Win32
		{6F4A4182-7ACB-4C9F-934B-394768E49574}.Debug|Win32.Build.0 = Debug|Win32
		{6F4A4182-7ACB-4C9F-934B-394768E49574}.Debug|x64.ActiveCfg = Debug|x64
		{6F4A4182-7ACB-4C9F-934B-394768E49574}.Debug|x64.Build.0 = Debug|x64
		{6F4A4182-7ACB-4C9F-934B-394768E49574}.Release|Win32.ActiveCfg = Release|Win32
		{6F4A4182-7ACB-4C9F-934B-394768E49574}.Release|Win32.Build.0 = Release|Win32
		{6F4A4182-7ACB-4C9F-934B-394768E49574}.Release|x64.ActiveCfg = Release|x64
		{6F4A4182-7ACB-4C9F-934B-394768E49574}.Release|x64.Build.0 = Release|x64
		{708A7F77-1704-4FAD-941E-E1A8955EB51E}.Debug|Win32.ActiveCfg = Debug|Win32
		{708A7F77-1704-4FAD-941E-E1A8955EB51E}.Debug|Win32.Build.0 = Debug|Win32
		{708A7F77-1704-4FAD-941E-E1A8955EB51E}.Debug|x64.ActiveCfg = Debug|x64
		{708A7F77-1704-4FAD-941E-E1A8955EB51E}.Debug|x64.Build.0 = Debug|x64
		{708A7F77-1704-4FAD-941E-E1A8955EB51E}.Release|Win32.ActiveCfg = Release|Win32
		{708A7F77-1704-4FAD-941E-E1A8955EB51E}.Release|Win32.Build.0 = Release|Win32
		{708A7F77-1704-4FAD-941E-E1A8955EB51E}.Release|x64.ActiveCfg = Release|x64
		{708A7F77-1704-4FAD-941E-E1A8955EB51E}.Release|x64.Build.0 = Release|x64
		{1DBC2695-3B1E-4461-9C74-128327A37B7B}.Debug|Win32.ActiveCfg = Debug|Win32
		{1DBC2695-3B1E-4461-9C74-128327A37B7B}.Debug|Win32.Build.0 = Debug|Win32
		{1DBC2695-3B1E-4461-9C74-128327A37B7B}.Debug|x64.ActiveCfg = Debug|x64
		{1DBC2695-3B1E-4461-9C74-128327A37B7B}.Debug|x64.Build.0 = Debug|x64
		{1DBC2695-3B1E-4461-9C74-128327A37B7B}.Release|Win32.ActiveCfg = Release|Win32
		{1DBC2695-3B1E-4461-9C74-128327A37B7B}.Release|Win32.Build.0 = Release|Win32
		{1DBC2695-3B1E-4461-9C74-128327A37B7B}.Release|x64.ActiveCfg = Release|x64
		{1DBC2695-3B1E-4461-9C74-128327A37B7B}.Release|x64.Build.0 = Release|x64
		{34960B71-365C-4C1F-858D-0F3DA887A688}.Debug|Win32.ActiveCfg = Debug|Win32
		{34960B71-365C-4C1F-858D-0F3DA887A688}.Debug|Win32.Build.0 = Debug|Win32
		{34960B71-365C-4C1F-858D-0F3DA887A688}.Debug|x64.ActiveCfg = Debug|x64
		{34960B71-365C-4C1F-858D-0F3DA887A688}.Debug|x64.Build.0 = Debug|x64
		{34960B71-365C-4C1F-858D-0F3DA887A688}.Release|Win32.ActiveCfg = Release|Win32
		{34960B71-365C-4C1F-858D-0F3DA887A688}.Release|Win32.Build.0 = Release|Win32
		{34960B71-365C-4C1F-858D-0F3DA887A688}.Release|x64.ActiveCfg = Release|x64
		{34960B71-365C-4C1F-858D-0F3DA887A688}.Release|x64.Build.0 = Release|x64
		{9EECE4FB-84AE-44B5-928F-BEA4EAAA4DBB}.Debug|Win32.ActiveCfg = Debug|Win32
		{9EECE4FB-84AE-44B5-928F-BEA4EAAA4DBB}.Debug|Win32.Build.0 = Debug|Win32
		{9EECE4FB-84AE-44B5-928F-BEA4EAAA4DBB}.Debug|x64.ActiveCfg = Debug|x64
		{9EECE4FB-84AE-44B5-928F-BEA4EAAA4DBB}.Debug|x64.Build.0 = Debug|x64
		{9EECE4FB-84AE-44B5-928F-BEA4EAAA4DBB}.Release|Win32.ActiveCfg = Release|Win32
		{9EECE4FB-84AE-44B5-928F-BEA4EAAA4DBB}.Release|Win32.Build.0 = Release|Win32
		{9EECE4FB-84AE-44B5-928F-BEA4EAAA4DBB}.Release|x64.ActiveCfg = Release|x64
		{9EECE4FB-84AE-44B5-928F-BEA4EAAA4DBB}.Release|x64.Build.0 = Release|x64
		{E304DE89-BBFE-49AE-A953-57706D5A32E1}.Debug|Win32.ActiveCfg = Debug|Win32
		{E304DE89-BBFE-49AE-A953-57706D5A32E1}.Debug|Win32.Build.0 = Debug|Win32
		{E304DE89-BBFE-49AE-A953-57706D5A32E1}.Debug|x64.ActiveCfg = Debug|x64
		{E304DE89-BBFE-49AE-A953-57706D5A32E1}.Debug|x64.Build.0 = Debug|x64
		{E304DE89-BBFE-49AE-A953-57706D5A32E1}.Release|Win32.ActiveCfg = Release|Win32
		{E304DE89-BBFE-49AE-A953-57706D5A32E1}.Release|Win32.Build.0 = Release|Win32
		{E304DE89-BBFE-49AE-A953-57706D5A32E1}.Release|x64.ActiveCfg = Release|x64
		{E304DE89-BBFE-49AE-A953-57706D5A32E1}.Release|x64.Build.0 = Release|x64
	EndGlobalSection
	GlobalSection(SolutionProperties) = preSolution
		HideSolutionNode = FALSE
	EndGlobalSection
	GlobalSection(NestedProjects) = preSolution
		{9E09E239-7370-4CBC-A82E-40DBCC0947F3} = {6F1242CC-95D5-4AB9-9B86-E811BAB694D9}
		{22E147D5-E684-4B10-9CB4-D6CD8EF02118} = {6F1242CC-95D5-4AB9-9B86-E811BAB694D9}
		{72430015-06C0-42A2-B9EC-D0E5E2EAE83D} = {6F1242CC-95D5-4AB9-9B86-E811BAB694D9}
		{8718101C-73E6-4C71-BD32-BB2575F0D330} = {A3C73475-E4A6-4DA8-9E3E-4794C91F9D1C}
		{4F215715-01C8-4629-AD34-6861BE2AA5E5} = {8718101C-73E6-4C71-BD32-BB2575F0D330}
		{F6C325CA-BE29-419A-9357-5B480068C9F8} = {8718101C-73E6-4C71-BD32-BB2575F0D330}
		{E04DFFDD-B1BA-4005-B0C8-1AE43E936924} = {7BAD9480-1712-4654-A174-31CA980DE1D4}
		{95FD1874-6C55-4876-B12D-4E88F6D506AD} = {E04DFFDD-B1BA-4005-B0C8-1AE43E936924}
		{15B031AC-A404-4064-BE4E-CD5705B6293C} = {E04DFFDD-B1BA-4005-B0C8-1AE43E936924}
		{14D061F3-1306-4C91-A04D-F46BD01D8504} = {6F1242CC-95D5-4AB9-9B86-E811BAB694D9}
		{3092C538-0C18-46A6-BEE9-F92F571F86D3} = {FF9D51EF-E0C6-4611-8E5C-37C0A3D0844A}
		{FF9D51EF-E0C6-4611-8E5C-37C0A3D0844A} = {6B4244F5-24DB-4027-8E04-239F2C47715B}
		{2826889D-6E55-49E0-991E-C7A6834763E6} = {FF9D51EF-E0C6-4611-8E5C-37C0A3D0844A}
		{4F1C9D1C-669E-42BA-AFD9-48F7CF059A3F} = {6B4244F5-24DB-4027-8E04-239F2C47715B}
		{A65080A0-FDE6-4169-A35A-8D123FE4680E} = {4F1C9D1C-669E-42BA-AFD9-48F7CF059A3F}
		{AE49219D-9066-4D9F-984D-85476C95BAD7} = {4F1C9D1C-669E-42BA-AFD9-48F7CF059A3F}
		{B05FC4AA-1DAA-4391-97D2-CD05907045E6} = {665F5E75-6C97-41FE-8136-3021C9E2C7E7}
		{19225F50-EAC0-48B0-B595-E5C50D4EB06A} = {B05FC4AA-1DAA-4391-97D2-CD05907045E6}
		{12C8BD55-DC51-4349-9112-FF4CE7B6371B} = {B05FC4AA-1DAA-4391-97D2-CD05907045E6}
		{46F2BBAE-0FCD-402C-9606-6E07EF4CE68F} = {665F5E75-6C97-41FE-8136-3021C9E2C7E7}
		{237677E7-BA6F-48FD-9C2F-09585FA2166A} = {46F2BBAE-0FCD-402C-9606-6E07EF4CE68F}
		{A73CE98C-AC3F-448A-9D0D-01F8C8B07525} = {46F2BBAE-0FCD-402C-9606-6E07EF4CE68F}
		{0652A97F-CC3B-45A5-86B3-68A103B28DD2} = {665F5E75-6C97-41FE-8136-3021C9E2C7E7}
		{9ADD9F5C-1C96-4630-8844-931EDFD855C8} = {0652A97F-CC3B-45A5-86B3-68A103B28DD2}
		{BA61AF60-9496-44B2-802B-89D6403DF05C} = {0652A97F-CC3B-45A5-86B3-68A103B28DD2}
		{BBD26135-4949-43FE-B5DB-7201AF853494} = {665F5E75-6C97-41FE-8136-3021C9E2C7E7}
		{7F0C2480-F731-44FA-879E-C9A6ADCC66AB} = {BBD26135-4949-43FE-B5DB-7201AF853494}
		{36AEB73F-0A88-4841-97F1-FDB54E6208D4} = {BBD26135-4949-43FE-B5DB-7201AF853494}
		{F85AC203-ED80-431A-840D-544FF9B9A1B0} = {665F5E75-6C97-41FE-8136-3021C9E2C7E7}
		{337F7147-A290-4E88-BF66-1D2DF6073463} = {F85AC203-ED80-431A-840D-544FF9B9A1B0}
		{E5C722A9-CA55-4AE6-8813-CB01A3731CAA} = {EBAD3327-43D8-4410-BBDB-96591E9E1E3C}
		{7B52B07B-8F39-4099-8355-F2F88D31F1FD} = {6B4244F5-24DB-4027-8E04-239F2C47715B}
		{85B4BAE1-7342-4076-98CD-64EA2904E0F5} = {B3F881FA-378A-4C14-BEAE-160346941D51}
		{3314A225-370E-4A64-B25C-9BE9E7CE1DB1} = {85B4BAE1-7342-4076-98CD-64EA2904E0F5}
		{C3F24311-C450-476B-A9FD-4ECCE1E8E242} = {85B4BAE1-7342-4076-98CD-64EA2904E0F5}
		{332DFFEE-D6F3-4C3A-B652-A2E5E7F752F5} = {3A180D54-7798-40C4-9D34-C8ABCCE817B1}
		{711882B1-0B5E-4A49-A793-A8FB054C96BD} = {332DFFEE-D6F3-4C3A-B652-A2E5E7F752F5}
		{B6855719-F749-43FA-BA87-7C76717DD3E3} = {332DFFEE-D6F3-4C3A-B652-A2E5E7F752F5}
		{B5814B2A-4265-4BDA-8431-DA134FE85592} = {14700F98-4278-4B31-919F-13417BA49B09}
		{14700F98-4278-4B31-919F-13417BA49B09} = {A3C73475-E4A6-4DA8-9E3E-4794C91F9D1C}
		{77408386-A00A-4761-AFFD-C9FCDD5C33B3} = {14700F98-4278-4B31-919F-13417BA49B09}
		{134C544F-AE4B-4E6C-A9F3-146A67B9697A} = {EBAD3327-43D8-4410-BBDB-96591E9E1E3C}
		{FABD87B4-85E3-404D-A833-51139FEAC953} = {134C544F-AE4B-4E6C-A9F3-146A67B9697A}
		{0A990346-3C16-4AE0-8C55-5370805CEE55} = {134C544F-AE4B-4E6C-A9F3-146A67B9697A}
		{18CA0B21-CA74-41CA-9B45-E1CEA5D4E53B} = {6B4244F5-24DB-4027-8E04-239F2C47715B}
		{96F30DDE-3FB2-4FBB-9FEA-5A2B43967F1D} = {18CA0B21-CA74-41CA-9B45-E1CEA5D4E53B}
		{785459A6-8F3F-4DCD-9E82-E0F486A3AA0D} = {18CA0B21-CA74-41CA-9B45-E1CEA5D4E53B}
		{D8A1C6EC-3133-4448-B62D-52184F7116E0} = {6B4244F5-24DB-4027-8E04-239F2C47715B}
		{5E7EB317-3A07-4564-B18F-A279174828E4} = {D8A1C6EC-3133-4448-B62D-52184F7116E0}
		{FCB45921-78E0-41EA-9707-A55EE780CB79} = {D8A1C6EC-3133-4448-B62D-52184F7116E0}
		{A06C982B-B1E0-40BB-AA87-E0775492134B} = {6B4244F5-24DB-4027-8E04-239F2C47715B}
		{D790D315-E03E-4400-BAB1-C22BAFBC9A60} = {A06C982B-B1E0-40BB-AA87-E0775492134B}
		{555041FE-BFD1-4FE4-A2BC-78806B86235E} = {A06C982B-B1E0-40BB-AA87-E0775492134B}
		{AABE945D-622E-49AD-8A6A-BDFF0B998869} = {7BAD9480-1712-4654-A174-31CA980DE1D4}
		{9478B70D-A78C-4B5A-9782-02AF4E350AB7} = {7BAD9480-1712-4654-A174-31CA980DE1D4}
		{3C58E290-51E1-4163-9842-E804E3920BE5} = {9478B70D-A78C-4B5A-9782-02AF4E350AB7}
		{C65E7B6C-45FC-4299-8B41-6A6181169E2B} = {9478B70D-A78C-4B5A-9782-02AF4E350AB7}
		{0D68E24E-F888-457E-BF80-5646F179A39D} = {7BAD9480-1712-4654-A174-31CA980DE1D4}
		{275CAF67-F739-477F-A0FC-F3CADFCF1CFD} = {0D68E24E-F888-457E-BF80-5646F179A39D}
		{6D7C5C8C-321F-45BF-A15F-038E860FDC4E} = {0D68E24E-F888-457E-BF80-5646F179A39D}
		{FCE76643-5237-4199-A752-D95A85BEBB39} = {275CAF67-F739-477F-A0FC-F3CADFCF1CFD}
		{06FE3491-74B9-467E-A748-C4DD844D0966} = {275CAF67-F739-477F-A0FC-F3CADFCF1CFD}
		{658E5D2A-CF60-4DA7-8CBC-AD91F998822B} = {6D7C5C8C-321F-45BF-A15F-038E860FDC4E}
		{2EA2458C-20CA-494A-8C2F-38C19EB80F77} = {6D7C5C8C-321F-45BF-A15F-038E860FDC4E}
		{AE651479-9C78-46C7-90C5-717DBE8465C2} = {7BAD9480-1712-4654-A174-31CA980DE1D4}
		{6F4A4182-7ACB-4C9F-934B-394768E49574} = {AE651479-9C78-46C7-90C5-717DBE8465C2}
		{708A7F77-1704-4FAD-941E-E1A8955EB51E} = {AE651479-9C78-46C7-90C5-717DBE8465C2}
		{3A180D54-7798-40C4-9D34-C8ABCCE817B1} = {A3C73475-E4A6-4DA8-9E3E-4794C91F9D1C}
		{2E69EEFF-9E9D-448D-B413-2BCE6849D3FD} = {3A180D54-7798-40C4-9D34-C8ABCCE817B1}
		{1DBC2695-3B1E-4461-9C74-128327A37B7B} = {2E69EEFF-9E9D-448D-B413-2BCE6849D3FD}
		{34960B71-365C-4C1F-858D-0F3DA887A688} = {2E69EEFF-9E9D-448D-B413-2BCE6849D3FD}
		{23694C0D-5284-47E9-9C23-889749A99CB1} = {A3C73475-E4A6-4DA8-9E3E-4794C91F9D1C}
		{9EECE4FB-84AE-44B5-928F-BEA4EAAA4DBB} = {23694C0D-5284-47E9-9C23-889749A99CB1}
		{E304DE89-BBFE-49AE-A953-57706D5A32E1} = {23694C0D-5284-47E9-9C23-889749A99CB1}
	EndGlobalSection
	GlobalSection(ExtensibilityGlobals) = postSolution
		SolutionGuid = {B1CBB2B0-63DA-4E55-9678-031F3127E97E}
	EndGlobalSection
EndGlobal
