<?xml version="1.0" encoding="utf-8"?>
<Project ToolsVersion="4.0" xmlns="http://schemas.microsoft.com/developer/msbuild/2003">
  <ItemGroup>
    <Filter Include="Source Files">
      <UniqueIdentifier>{4FC737F1-C7A5-4376-A066-2A32D752A2FF}</UniqueIdentifier>
      <Extensions>cpp;c;cc;cxx;def;odl;idl;hpj;bat;asm;asmx</Extensions>
    </Filter>
    <Filter Include="Header Files">
      <UniqueIdentifier>{93995380-89BD-4b04-88EB-625FBE52EBFB}</UniqueIdentifier>
      <Extensions>h;hpp;hxx;hm;inl;inc;xsd</Extensions>
    </Filter>
    <Filter Include="Resource Files">
      <UniqueIdentifier>{67DA6AB6-F800-4c08-8B7A-83BB121AAD01}</UniqueIdentifier>
      <Extensions>rc;ico;cur;bmp;dlg;rc2;rct;bin;rgs;gif;jpg;jpeg;jpe;resx;tiff;tif;png;wav</Extensions>
    </Filter>
  </ItemGroup>
  <ItemGroup>
    <ClCompile Include="Errors.cpp">
      <Filter>Source Files</Filter>
    </ClCompile>
    <ClCompile Include="Floating.cpp">
      <Filter>Source Files</Filter>
    </ClCompile>
    <ClCompile Include="InputFile.cpp">
      <Filter>Source Files</Filter>
    </ClCompile>
    <ClCompile Include="ppCond.cpp">
      <Filter>Source Files</Filter>
    </ClCompile>
    <ClCompile Include="ppCtx.cpp">
      <Filter>Source Files</Filter>
    </ClCompile>
    <ClCompile Include="ppDefine.cpp">
      <Filter>Source Files</Filter>
    </ClCompile>
    <ClCompile Include="ppExpr.cpp">
      <Filter>Source Files</Filter>
    </ClCompile>
    <ClCompile Include="ppFile.cpp">
      <Filter>Source Files</Filter>
    </ClCompile>
    <ClCompile Include="ppInclude.cpp">
      <Filter>Source Files</Filter>
    </ClCompile>
    <ClCompile Include="ppMacro.cpp">
      <Filter>Source Files</Filter>
    </ClCompile>
    <ClCompile Include="ppMain.cpp">
      <Filter>Source Files</Filter>
    </ClCompile>
    <ClCompile Include="ppPragma.cpp">
      <Filter>Source Files</Filter>
    </ClCompile>
    <ClCompile Include="PreProcessor.cpp">
      <Filter>Source Files</Filter>
    </ClCompile>
    <ClCompile Include="SymbolTable.cpp">
      <Filter>Source Files</Filter>
    </ClCompile>
    <ClCompile Include="Token.cpp">
      <Filter>Source Files</Filter>
    </ClCompile>
    <ClCompile Include="ppError.cpp">
      <Filter>Source Files</Filter>
    </ClCompile>
    <ClCompile Include="PipeArbitrator.cpp">
      <Filter>Source Files</Filter>
    </ClCompile>
    <ClCompile Include="MakeStubs.cpp">
      <Filter>Source Files</Filter>
    </ClCompile>
  </ItemGroup>
  <ItemGroup>
    <ClInclude Include="Errors.h">
      <Filter>Header Files</Filter>
    </ClInclude>
    <ClInclude Include="Floating.h">
      <Filter>Header Files</Filter>
    </ClInclude>
    <ClInclude Include="InputFile.h">
      <Filter>Header Files</Filter>
    </ClInclude>
    <ClInclude Include="ppCond.h">
      <Filter>Header Files</Filter>
    </ClInclude>
    <ClInclude Include="ppCtx.h">
      <Filter>Header Files</Filter>
    </ClInclude>
    <ClInclude Include="ppDefine.h">
      <Filter>Header Files</Filter>
    </ClInclude>
    <ClInclude Include="ppErr.h">
      <Filter>Header Files</Filter>
    </ClInclude>
    <ClInclude Include="ppError.h">
      <Filter>Header Files</Filter>
    </ClInclude>
    <ClInclude Include="ppExpr.h">
      <Filter>Header Files</Filter>
    </ClInclude>
    <ClInclude Include="ppFile.h">
      <Filter>Header Files</Filter>
    </ClInclude>
    <ClInclude Include="ppInclude.h">
      <Filter>Header Files</Filter>
    </ClInclude>
    <ClInclude Include="ppMacro.h">
      <Filter>Header Files</Filter>
    </ClInclude>
    <ClInclude Include="ppMain.h">
      <Filter>Header Files</Filter>
    </ClInclude>
    <ClInclude Include="ppPragma.h">
      <Filter>Header Files</Filter>
    </ClInclude>
    <ClInclude Include="PreProcessor.h">
      <Filter>Header Files</Filter>
    </ClInclude>
    <ClInclude Include="SymbolTable.h">
      <Filter>Header Files</Filter>
    </ClInclude>
    <ClInclude Include="Token.h">
      <Filter>Header Files</Filter>
    </ClInclude>
    <ClInclude Include="PipeArbitrator.h">
      <Filter>Header Files</Filter>
    </ClInclude>
    <ClInclude Include="MakeStubs.h">
      <Filter>Header Files</Filter>
    </ClInclude>
  </ItemGroup>
  <ItemGroup>
    <None Include="ReadMe.txt" />
  </ItemGroup>
</Project>