<?xml version="1.0" encoding="utf-8"?>
<Project ToolsVersion="4.0" xmlns="http://schemas.microsoft.com/developer/msbuild/2003">
  <ItemGroup>
    <Filter Include="Source Files">
      <UniqueIdentifier>{4FC737F1-C7A5-4376-A066-2A32D752A2FF}</UniqueIdentifier>
      <Extensions>cpp;c;cc;cxx;def;odl;idl;hpj;bat;asm;asmx</Extensions>
    </Filter>
    <Filter Include="Header Files">
      <UniqueIdentifier>{93995380-89BD-4b04-88EB-625FBE52EBFB}</UniqueIdentifier>
      <Extensions>h;hh;hpp;hxx;hm;inl;inc;ipp;xsd</Extensions>
    </Filter>
    <Filter Include="Resource Files">
      <UniqueIdentifier>{67DA6AB6-F800-4c08-8B7A-83BB121AAD01}</UniqueIdentifier>
      <Extensions>rc;ico;cur;bmp;dlg;rc2;rct;bin;rgs;gif;jpg;jpeg;jpe;resx;tiff;tif;png;wav;mfcribbon-ms</Extensions>
    </Filter>
  </ItemGroup>
  <ItemGroup>
    <ClInclude Include="beinterf.h">
      <Filter>Header Files</Filter>
    </ClInclude>
    <ClInclude Include="browse.h">
      <Filter>Header Files</Filter>
    </ClInclude>
    <ClInclude Include="c.h">
      <Filter>Header Files</Filter>
    </ClInclude>
    <ClInclude Include="ccerr.h">
      <Filter>Header Files</Filter>
    </ClInclude>
    <ClInclude Include="compiler.h">
      <Filter>Header Files</Filter>
    </ClInclude>
    <ClInclude Include="constexpr.h">
      <Filter>Header Files</Filter>
    </ClInclude>
    <ClInclude Include="constopt.h">
      <Filter>Header Files</Filter>
    </ClInclude>
    <ClInclude Include="cppbltin.h">
      <Filter>Header Files</Filter>
    </ClInclude>
    <ClInclude Include="crc32.h">
      <Filter>Header Files</Filter>
    </ClInclude>
    <ClInclude Include="debug.h">
      <Filter>Header Files</Filter>
    </ClInclude>
    <ClInclude Include="declare.h">
      <Filter>Header Files</Filter>
    </ClInclude>
    <ClInclude Include="declcons.h">
      <Filter>Header Files</Filter>
    </ClInclude>
    <ClInclude Include="declcpp.h">
      <Filter>Header Files</Filter>
    </ClInclude>
    <ClInclude Include="dsw.h">
      <Filter>Header Files</Filter>
    </ClInclude>
    <ClInclude Include="errorlist.h">
      <Filter>Header Files</Filter>
    </ClInclude>
    <ClInclude Include="expr.h">
      <Filter>Header Files</Filter>
    </ClInclude>
    <ClInclude Include="exprcpp.h">
      <Filter>Header Files</Filter>
    </ClInclude>
    <ClInclude Include="expreval.h">
      <Filter>Header Files</Filter>
    </ClInclude>
    <ClInclude Include="floatconv.h">
      <Filter>Header Files</Filter>
    </ClInclude>
    <ClInclude Include="help.h">
      <Filter>Header Files</Filter>
    </ClInclude>
    <ClInclude Include="iexpr.h">
      <Filter>Header Files</Filter>
    </ClInclude>
    <ClInclude Include="iinline.h">
      <Filter>Header Files</Filter>
    </ClInclude>
    <ClInclude Include="import.h">
      <Filter>Header Files</Filter>
    </ClInclude>
    <ClInclude Include="inasm.h">
      <Filter>Header Files</Filter>
    </ClInclude>
    <ClInclude Include="init.h">
      <Filter>Header Files</Filter>
    </ClInclude>
    <ClInclude Include="initbackend.h">
      <Filter>Header Files</Filter>
    </ClInclude>
    <ClInclude Include="inline.h">
      <Filter>Header Files</Filter>
    </ClInclude>
    <ClInclude Include="istmt.h">
      <Filter>Header Files</Filter>
    </ClInclude>
    <ClInclude Include="lambda.h">
      <Filter>Header Files</Filter>
    </ClInclude>
    <ClInclude Include="lex.h">
      <Filter>Header Files</Filter>
    </ClInclude>
    <ClInclude Include="libcxx.h">
      <Filter>Header Files</Filter>
    </ClInclude>
    <ClInclude Include="ListFactory.h">
      <Filter>Header Files</Filter>
    </ClInclude>
    <ClInclude Include="mangle.h">
      <Filter>Header Files</Filter>
    </ClInclude>
    <ClInclude Include="occparse.h">
      <Filter>Header Files</Filter>
    </ClInclude>
    <ClInclude Include="osutil.h">
      <Filter>Header Files</Filter>
    </ClInclude>
    <ClInclude Include="peheader.h">
      <Filter>Header Files</Filter>
    </ClInclude>
    <ClInclude Include="Property.h">
      <Filter>Header Files</Filter>
    </ClInclude>
    <ClInclude Include="rtti.h">
      <Filter>Header Files</Filter>
    </ClInclude>
    <ClInclude Include="stmt.h">
      <Filter>Header Files</Filter>
    </ClInclude>
    <ClInclude Include="SymbolManager.h">
      <Filter>Header Files</Filter>
    </ClInclude>
    <ClInclude Include="symtab.h">
      <Filter>Header Files</Filter>
    </ClInclude>
    <ClInclude Include="templatedecl.h">
      <Filter>Header Files</Filter>
    </ClInclude>
    <ClInclude Include="templatededuce.h">
      <Filter>Header Files</Filter>
    </ClInclude>
    <ClInclude Include="templateinst.h">
      <Filter>Header Files</Filter>
    </ClInclude>
    <ClInclude Include="templateutil.h">
      <Filter>Header Files</Filter>
    </ClInclude>
    <ClInclude Include="tsort.h">
      <Filter>Header Files</Filter>
    </ClInclude>
    <ClInclude Include="types.h">
      <Filter>Header Files</Filter>
    </ClInclude>
    <ClInclude Include="unmangle.h">
      <Filter>Header Files</Filter>
    </ClInclude>
    <ClInclude Include="winmode.h">
      <Filter>Header Files</Filter>
    </ClInclude>
    <ClInclude Include="wseh.h">
      <Filter>Header Files</Filter>
    </ClInclude>
    <ClInclude Include="overload.h">
      <Filter>Header Files</Filter>
    </ClInclude>
    <ClInclude Include="namespace.h">
      <Filter>Header Files</Filter>
    </ClInclude>
    <ClInclude Include="class.h">
      <Filter>Header Files</Filter>
    </ClInclude>
    <ClInclude Include="exprpacked.h">
      <Filter>Header Files</Filter>
    </ClInclude>
  </ItemGroup>
  <ItemGroup>
    <ClCompile Include="beinterf.cpp">
      <Filter>Source Files</Filter>
    </ClCompile>
    <ClCompile Include="browse.cpp">
      <Filter>Source Files</Filter>
    </ClCompile>
    <ClCompile Include="ccerr.cpp">
      <Filter>Source Files</Filter>
    </ClCompile>
    <ClCompile Include="constexpr.cpp">
      <Filter>Source Files</Filter>
    </ClCompile>
    <ClCompile Include="constopt.cpp">
      <Filter>Source Files</Filter>
    </ClCompile>
    <ClCompile Include="cppbltin.cpp">
      <Filter>Source Files</Filter>
    </ClCompile>
    <ClCompile Include="crc32.cpp">
      <Filter>Source Files</Filter>
    </ClCompile>
    <ClCompile Include="debug.cpp">
      <Filter>Source Files</Filter>
    </ClCompile>
    <ClCompile Include="declare.cpp">
      <Filter>Source Files</Filter>
    </ClCompile>
    <ClCompile Include="declcons.cpp">
      <Filter>Source Files</Filter>
    </ClCompile>
    <ClCompile Include="declcpp.cpp">
      <Filter>Source Files</Filter>
    </ClCompile>
    <ClCompile Include="expr.cpp">
      <Filter>Source Files</Filter>
    </ClCompile>
    <ClCompile Include="exprcpp.cpp">
      <Filter>Source Files</Filter>
    </ClCompile>
    <ClCompile Include="expreval.cpp">
      <Filter>Source Files</Filter>
    </ClCompile>
    <ClCompile Include="floatconv.cpp">
      <Filter>Source Files</Filter>
    </ClCompile>
    <ClCompile Include="help.cpp">
      <Filter>Source Files</Filter>
    </ClCompile>
    <ClCompile Include="iexpr.cpp">
      <Filter>Source Files</Filter>
    </ClCompile>
    <ClCompile Include="iinline.cpp">
      <Filter>Source Files</Filter>
    </ClCompile>
    <ClCompile Include="import.cpp">
      <Filter>Source Files</Filter>
    </ClCompile>
    <ClCompile Include="inasm.cpp">
      <Filter>Source Files</Filter>
    </ClCompile>
    <ClCompile Include="init.cpp">
      <Filter>Source Files</Filter>
    </ClCompile>
    <ClCompile Include="initbackend.cpp">
      <Filter>Source Files</Filter>
    </ClCompile>
    <ClCompile Include="inline.cpp">
      <Filter>Source Files</Filter>
    </ClCompile>
    <ClCompile Include="istmt.cpp">
      <Filter>Source Files</Filter>
    </ClCompile>
    <ClCompile Include="lambda.cpp">
      <Filter>Source Files</Filter>
    </ClCompile>
    <ClCompile Include="lex.cpp">
      <Filter>Source Files</Filter>
    </ClCompile>
    <ClCompile Include="libcxx.cpp">
      <Filter>Source Files</Filter>
    </ClCompile>
    <ClCompile Include="ListFactory.cpp">
      <Filter>Source Files</Filter>
    </ClCompile>
    <ClCompile Include="mangle.cpp">
      <Filter>Source Files</Filter>
    </ClCompile>
    <ClCompile Include="occparse.cpp">
      <Filter>Source Files</Filter>
    </ClCompile>
    <ClCompile Include="occprstub.cpp">
      <Filter>Source Files</Filter>
    </ClCompile>
    <ClCompile Include="osutil.cpp">
      <Filter>Source Files</Filter>
    </ClCompile>
    <ClCompile Include="property.cpp">
      <Filter>Source Files</Filter>
    </ClCompile>
    <ClCompile Include="rtti.cpp">
      <Filter>Source Files</Filter>
    </ClCompile>
    <ClCompile Include="stmt.cpp">
      <Filter>Source Files</Filter>
    </ClCompile>
    <ClCompile Include="SymbolManager.cpp">
      <Filter>Source Files</Filter>
    </ClCompile>
    <ClCompile Include="symtab.cpp">
      <Filter>Source Files</Filter>
    </ClCompile>
    <ClCompile Include="templatedecl.cpp">
      <Filter>Source Files</Filter>
    </ClCompile>
    <ClCompile Include="templatededuce.cpp">
      <Filter>Source Files</Filter>
    </ClCompile>
    <ClCompile Include="templateinst.cpp">
      <Filter>Source Files</Filter>
    </ClCompile>
    <ClCompile Include="templateutil.cpp">
      <Filter>Source Files</Filter>
    </ClCompile>
    <ClCompile Include="types.cpp">
      <Filter>Source Files</Filter>
    </ClCompile>
    <ClCompile Include="unmangle.cpp">
      <Filter>Source Files</Filter>
    </ClCompile>
    <ClCompile Include="wseh.cpp">
      <Filter>Source Files</Filter>
    </ClCompile>
    <ClCompile Include="..\occopt\configmsil.cpp">
      <Filter>Source Files</Filter>
    </ClCompile>
    <ClCompile Include="..\occopt\configx86.cpp">
      <Filter>Source Files</Filter>
    </ClCompile>
    <ClCompile Include="..\occopt\ildata.cpp">
      <Filter>Source Files</Filter>
    </ClCompile>
    <ClCompile Include="..\occopt\ilstream.cpp">
      <Filter>Source Files</Filter>
    </ClCompile>
    <ClCompile Include="..\occ\InstructionParser.cpp">
      <Filter>Source Files</Filter>
    </ClCompile>
    <ClCompile Include="..\occ\x64Parser.cpp">
      <Filter>Source Files</Filter>
    </ClCompile>
    <ClCompile Include="..\occ\x64stub.cpp">
      <Filter>Source Files</Filter>
    </ClCompile>
    <ClCompile Include="..\ocpp\Errors.cpp">
      <Filter>Source Files</Filter>
    </ClCompile>
    <ClCompile Include="..\ocpp\Floating.cpp">
      <Filter>Source Files</Filter>
    </ClCompile>
    <ClCompile Include="..\ocpp\InputFile.cpp">
      <Filter>Source Files</Filter>
    </ClCompile>
    <ClCompile Include="..\ocpp\MakeStubs.cpp">
      <Filter>Source Files</Filter>
    </ClCompile>
    <ClCompile Include="..\ocpp\PipeArbitrator.cpp">
      <Filter>Source Files</Filter>
    </ClCompile>
    <ClCompile Include="..\ocpp\ppCond.cpp">
      <Filter>Source Files</Filter>
    </ClCompile>
    <ClCompile Include="..\ocpp\ppCtx.cpp">
      <Filter>Source Files</Filter>
    </ClCompile>
    <ClCompile Include="..\ocpp\ppDefine.cpp">
      <Filter>Source Files</Filter>
    </ClCompile>
    <ClCompile Include="..\ocpp\ppError.cpp">
      <Filter>Source Files</Filter>
    </ClCompile>
    <ClCompile Include="..\ocpp\ppExpr.cpp">
      <Filter>Source Files</Filter>
    </ClCompile>
    <ClCompile Include="..\ocpp\ppFile.cpp">
      <Filter>Source Files</Filter>
    </ClCompile>
    <ClCompile Include="..\ocpp\ppInclude.cpp">
      <Filter>Source Files</Filter>
    </ClCompile>
    <ClCompile Include="..\ocpp\ppMacro.cpp">
      <Filter>Source Files</Filter>
    </ClCompile>
    <ClCompile Include="..\ocpp\ppPragma.cpp">
      <Filter>Source Files</Filter>
    </ClCompile>
    <ClCompile Include="..\ocpp\PreProcessor.cpp">
      <Filter>Source Files</Filter>
    </ClCompile>
    <ClCompile Include="..\ocpp\SymbolTable.cpp">
      <Filter>Source Files</Filter>
    </ClCompile>
    <ClCompile Include="..\ocpp\Token.cpp">
      <Filter>Source Files</Filter>
    </ClCompile>
    <ClCompile Include="..\occopt\memory.cpp">
      <Filter>Source Files</Filter>
    </ClCompile>
    <ClCompile Include="..\occopt\OptUtils.cpp">
      <Filter>Source Files</Filter>
    </ClCompile>
    <ClCompile Include="..\occopt\config.cpp">
      <Filter>Source Files</Filter>
    </ClCompile>
    <ClCompile Include="..\occopt\ifloatconv.cpp">
      <Filter>Source Files</Filter>
    </ClCompile>
    <ClCompile Include="..\occopt\iblock.cpp">
      <Filter>Source Files</Filter>
    </ClCompile>
    <ClCompile Include="..\oasm\x64Instructions.cpp">
      <Filter>Source Files</Filter>
    </ClCompile>
    <ClCompile Include="..\occopt\iout.cpp">
      <Filter>Source Files</Filter>
    </ClCompile>
    <ClCompile Include="..\occopt\output.cpp">
      <Filter>Source Files</Filter>
    </ClCompile>
    <ClCompile Include="..\occopt\symfuncs.cpp">
      <Filter>Source Files</Filter>
    </ClCompile>
    <ClCompile Include="..\oasm\AsmExpr.cpp">
      <Filter>Source Files</Filter>
    </ClCompile>
    <ClCompile Include="..\oasm\Instruction.cpp">
      <Filter>Source Files</Filter>
    </ClCompile>
    <ClCompile Include="..\oasm\AdlFunctions.cpp">
      <Filter>Source Files</Filter>
    </ClCompile>
    <ClCompile Include="..\occil\msilInit.cpp">
      <Filter>Source Files</Filter>
    </ClCompile>
    <ClCompile Include="..\occil\using.cpp">
      <Filter>Source Files</Filter>
    </ClCompile>
    <ClCompile Include="..\occopt\optmodules.cpp">
      <Filter>Source Files</Filter>
    </ClCompile>
    <ClCompile Include="..\oasm\Section.cpp">
      <Filter>Source Files</Filter>
    </ClCompile>
    <ClCompile Include="..\oasm\AsmLexer.cpp">
      <Filter>Source Files</Filter>
    </ClCompile>
    <ClCompile Include="..\oasm\AsmFile.cpp">
      <Filter>Source Files</Filter>
    </ClCompile>
    <ClCompile Include="overload.cpp">
      <Filter>Source Files</Filter>
    </ClCompile>
    <ClCompile Include="namespace.cpp">
      <Filter>Source Files</Filter>
    </ClCompile>
    <ClCompile Include="class.cpp">
      <Filter>Source Files</Filter>
    </ClCompile>
    <ClCompile Include="exprpacked.cpp">
      <Filter>Source Files</Filter>
    </ClCompile>
    <ClCompile Include="..\ocpp\TokenSettings.cpp">
      <Filter>Source Files</Filter>
    </ClCompile>
    <ClCompile Include="..\ocpp\ppEmbed.cpp">
      <Filter>Source Files</Filter>
    </ClCompile>
  </ItemGroup>
</Project>