<?xml version="1.0" encoding="utf-8"?>
<Project ToolsVersion="4.0" xmlns="http://schemas.microsoft.com/developer/msbuild/2003">
  <ItemGroup>
    <Filter Include="Source Files">
      <UniqueIdentifier>{4FC737F1-C7A5-4376-A066-2A32D752A2FF}</UniqueIdentifier>
      <Extensions>cpp;c;cc;cxx;def;odl;idl;hpj;bat;asm;asmx</Extensions>
    </Filter>
    <Filter Include="Header Files">
      <UniqueIdentifier>{93995380-89BD-4b04-88EB-625FBE52EBFB}</UniqueIdentifier>
      <Extensions>h;hh;hpp;hxx;hm;inl;inc;ipp;xsd</Extensions>
    </Filter>
    <Filter Include="Resource Files">
      <UniqueIdentifier>{67DA6AB6-F800-4c08-8B7A-83BB121AAD01}</UniqueIdentifier>
      <Extensions>rc;ico;cur;bmp;dlg;rc2;rct;bin;rgs;gif;jpg;jpeg;jpe;resx;tiff;tif;png;wav;mfcribbon-ms</Extensions>
    </Filter>
  </ItemGroup>
  <ItemGroup>
    <ClCompile Include="browse.cpp">
      <Filter>Source Files</Filter>
    </ClCompile>
    <ClCompile Include="ccerr.cpp">
      <Filter>Source Files</Filter>
    </ClCompile>
    <ClCompile Include="constopt.cpp">
      <Filter>Source Files</Filter>
    </ClCompile>
    <ClCompile Include="cppbltin.cpp">
      <Filter>Source Files</Filter>
    </ClCompile>
    <ClCompile Include="cpplookup.cpp">
      <Filter>Source Files</Filter>
    </ClCompile>
    <ClCompile Include="crc32.cpp">
      <Filter>Source Files</Filter>
    </ClCompile>
    <ClCompile Include="debug.cpp">
      <Filter>Source Files</Filter>
    </ClCompile>
    <ClCompile Include="declare.cpp">
      <Filter>Source Files</Filter>
    </ClCompile>
    <ClCompile Include="declcons.cpp">
      <Filter>Source Files</Filter>
    </ClCompile>
    <ClCompile Include="declcpp.cpp">
      <Filter>Source Files</Filter>
    </ClCompile>
    <ClCompile Include="expr.cpp">
      <Filter>Source Files</Filter>
    </ClCompile>
    <ClCompile Include="exprcpp.cpp">
      <Filter>Source Files</Filter>
    </ClCompile>
    <ClCompile Include="help.cpp">
      <Filter>Source Files</Filter>
    </ClCompile>
    <ClCompile Include="import.cpp">
      <Filter>Source Files</Filter>
    </ClCompile>
    <ClCompile Include="init.cpp">
      <Filter>Source Files</Filter>
    </ClCompile>
    <ClCompile Include="inline.cpp">
      <Filter>Source Files</Filter>
    </ClCompile>
    <ClCompile Include="lambda.cpp">
      <Filter>Source Files</Filter>
    </ClCompile>
    <ClCompile Include="lex.cpp">
      <Filter>Source Files</Filter>
    </ClCompile>
    <ClCompile Include="libcxx.cpp">
      <Filter>Source Files</Filter>
    </ClCompile>
    <ClCompile Include="mangle.cpp">
      <Filter>Source Files</Filter>
    </ClCompile>
    <ClCompile Include="osutil.cpp">
      <Filter>Source Files</Filter>
    </ClCompile>
    <ClCompile Include="property.cpp">
      <Filter>Source Files</Filter>
    </ClCompile>
    <ClCompile Include="rtti.cpp">
      <Filter>Source Files</Filter>
    </ClCompile>
    <ClCompile Include="stmt.cpp">
      <Filter>Source Files</Filter>
    </ClCompile>
    <ClCompile Include="symtab.cpp">
      <Filter>Source Files</Filter>
    </ClCompile>
    <ClCompile Include="template.cpp">
      <Filter>Source Files</Filter>
    </ClCompile>
    <ClCompile Include="types.cpp">
      <Filter>Source Files</Filter>
    </ClCompile>
    <ClCompile Include="unmangle.cpp">
      <Filter>Source Files</Filter>
    </ClCompile>
    <ClCompile Include="wseh.cpp">
      <Filter>Source Files</Filter>
    </ClCompile>
    <ClCompile Include="iexpr.cpp">
      <Filter>Source Files</Filter>
    </ClCompile>
    <ClCompile Include="iinline.cpp">
      <Filter>Source Files</Filter>
    </ClCompile>
    <ClCompile Include="istmt.cpp">
      <Filter>Source Files</Filter>
    </ClCompile>
    <ClCompile Include="initbackend.cpp">
      <Filter>Source Files</Filter>
    </ClCompile>
    <ClCompile Include="beinterf.cpp">
      <Filter>Source Files</Filter>
    </ClCompile>
    <ClCompile Include="floatconv.cpp">
      <Filter>Source Files</Filter>
    </ClCompile>
    <ClCompile Include="inasm.cpp">
      <Filter>Source Files</Filter>
    </ClCompile>
    <ClCompile Include="SymbolManager.cpp">
      <Filter>Source Files</Filter>
    </ClCompile>
    <ClCompile Include="constexpr.cpp">
      <Filter>Source Files</Filter>
    </ClCompile>
    <ClCompile Include="ListFactory.cpp">
      <Filter>Source Files</Filter>
    </ClCompile>
    <ClCompile Include="..\ocpp\ppEmbed.cpp">
      <Filter>Source Files</Filter>
    </ClCompile>
  </ItemGroup>
  <ItemGroup>
    <ClInclude Include="c.h">
      <Filter>Header Files</Filter>
    </ClInclude>
    <ClInclude Include="ccerr.h">
      <Filter>Header Files</Filter>
    </ClInclude>
    <ClInclude Include="compiler.h">
      <Filter>Header Files</Filter>
    </ClInclude>
    <ClInclude Include="osutil.h">
      <Filter>Header Files</Filter>
    </ClInclude>
    <ClInclude Include="peheader.h">
      <Filter>Header Files</Filter>
    </ClInclude>
    <ClInclude Include="rtti.h">
      <Filter>Header Files</Filter>
    </ClInclude>
    <ClInclude Include="winmode.h">
      <Filter>Header Files</Filter>
    </ClInclude>
    <ClInclude Include="SymbolManager.h">
      <Filter>Header Files</Filter>
    </ClInclude>
    <ClInclude Include="config.h">
      <Filter>Header Files</Filter>
    </ClInclude>
    <ClInclude Include="configmsil.h">
      <Filter>Header Files</Filter>
    </ClInclude>
    <ClInclude Include="configx86.h">
      <Filter>Header Files</Filter>
    </ClInclude>
    <ClInclude Include="constopt.h">
      <Filter>Header Files</Filter>
    </ClInclude>
    <ClInclude Include="cppbltin.h">
      <Filter>Header Files</Filter>
    </ClInclude>
    <ClInclude Include="cpplookup.h">
      <Filter>Header Files</Filter>
    </ClInclude>
    <ClInclude Include="crc32.h">
      <Filter>Header Files</Filter>
    </ClInclude>
    <ClInclude Include="debug.h">
      <Filter>Header Files</Filter>
    </ClInclude>
    <ClInclude Include="declare.h">
      <Filter>Header Files</Filter>
    </ClInclude>
    <ClInclude Include="declcons.h">
      <Filter>Header Files</Filter>
    </ClInclude>
    <ClInclude Include="declcpp.h">
      <Filter>Header Files</Filter>
    </ClInclude>
    <ClInclude Include="expr.h">
      <Filter>Header Files</Filter>
    </ClInclude>
    <ClInclude Include="exprcpp.h">
      <Filter>Header Files</Filter>
    </ClInclude>
    <ClInclude Include="floatconv.h">
      <Filter>Header Files</Filter>
    </ClInclude>
    <ClInclude Include="help.h">
      <Filter>Header Files</Filter>
    </ClInclude>
    <ClInclude Include="import.h">
      <Filter>Header Files</Filter>
    </ClInclude>
    <ClInclude Include="inasm.h">
      <Filter>Header Files</Filter>
    </ClInclude>
    <ClInclude Include="init.h">
      <Filter>Header Files</Filter>
    </ClInclude>
    <ClInclude Include="initbackend.h">
      <Filter>Header Files</Filter>
    </ClInclude>
    <ClInclude Include="inline.h">
      <Filter>Header Files</Filter>
    </ClInclude>
    <ClInclude Include="iexpr.h">
      <Filter>Header Files</Filter>
    </ClInclude>
    <ClInclude Include="iinline.h">
      <Filter>Header Files</Filter>
    </ClInclude>
    <ClInclude Include="istmt.h">
      <Filter>Header Files</Filter>
    </ClInclude>
    <ClInclude Include="lambda.h">
      <Filter>Header Files</Filter>
    </ClInclude>
    <ClInclude Include="lex.h">
      <Filter>Header Files</Filter>
    </ClInclude>
    <ClInclude Include="libcxx.h">
      <Filter>Header Files</Filter>
    </ClInclude>
    <ClInclude Include="mangle.h">
      <Filter>Header Files</Filter>
    </ClInclude>
    <ClInclude Include="memory.h">
      <Filter>Header Files</Filter>
    </ClInclude>
    <ClInclude Include="Property.h">
      <Filter>Header Files</Filter>
    </ClInclude>
    <ClInclude Include="stmt.h">
      <Filter>Header Files</Filter>
    </ClInclude>
    <ClInclude Include="symtab.h">
      <Filter>Header Files</Filter>
    </ClInclude>
    <ClInclude Include="template.h">
      <Filter>Header Files</Filter>
    </ClInclude>
    <ClInclude Include="types.h">
      <Filter>Header Files</Filter>
    </ClInclude>
    <ClInclude Include="unmangle.h">
      <Filter>Header Files</Filter>
    </ClInclude>
    <ClInclude Include="wseh.h">
      <Filter>Header Files</Filter>
    </ClInclude>
    <ClInclude Include="AsmExpr.h">
      <Filter>Header Files</Filter>
    </ClInclude>
    <ClInclude Include="browse.h">
      <Filter>Header Files</Filter>
    </ClInclude>
    <ClInclude Include="dsw.h">
      <Filter>Header Files</Filter>
    </ClInclude>
    <ClInclude Include="constexpr.h">
      <Filter>Header Files</Filter>
    </ClInclude>
    <ClInclude Include="ListFactory.h">
      <Filter>Header Files</Filter>
    </ClInclude>
    <ClInclude Include="..\ocpp\ppEmbed.h">
      <Filter>Header Files</Filter>
    </ClInclude>
  </ItemGroup>
</Project>